// !$*UTF8*$!
{
	archiveVersion = 1;
	classes = {
	};
	objectVersion = 77;
	objects = {

/* Begin PBXBuildFile section */
		124B765B5A4FCF6DAA85FF70 /* StorageModel.swift in Sources */ = {isa = PBXBuildFile; fileRef = C1F98624E0F332E367EEC45F /* StorageModel.swift */; };
		14774DD9D18E10692E7157E4 /* QuickFilterSection.swift in Sources */ = {isa = PBXBuildFile; fileRef = 3F65771623E2A20D546C7906 /* QuickFilterSection.swift */; };
		152085B000FDA2B89960DC53 /* HistoryModel.swift in Sources */ = {isa = PBXBuildFile; fileRef = D16F4BF0F58ACF058AB1474A /* HistoryModel.swift */; };
		15DA67171F7D440A1374799B /* ManifoldStore.swift in Sources */ = {isa = PBXBuildFile; fileRef = F1EABAD0A1EA2475E185D503 /* ManifoldStore.swift */; };
		17F701EEBA3AA625259D7306 /* TimeLabel.swift in Sources */ = {isa = PBXBuildFile; fileRef = 83794677BF621BEDB36F8287 /* TimeLabel.swift */; };
		1F0C08BF8B7FA359313182D1 /* EmailHeaderView.swift in Sources */ = {isa = PBXBuildFile; fileRef = 01E2964F1F242AAC4C3CCF88 /* EmailHeaderView.swift */; };
		1F4BA2DB9FAB796928BC9A7F /* EmailAccountModel.swift in Sources */ = {isa = PBXBuildFile; fileRef = 18233197B24B119F64466148 /* EmailAccountModel.swift */; };
		2037162F5FFA81AE0AD37C84 /* EmailSearchField.swift in Sources */ = {isa = PBXBuildFile; fileRef = 6BC886845CC4CB988CCA7D70 /* EmailSearchField.swift */; };
		299780E7A90848E928A18544 /* VersionDetailView.swift in Sources */ = {isa = PBXBuildFile; fileRef = F390D9C39C8B2FD13E621218 /* VersionDetailView.swift */; };
		2D2D8CE031753023740CDCDC /* EmailView.swift in Sources */ = {isa = PBXBuildFile; fileRef = 90E72D648468DB4AB2935B91 /* EmailView.swift */; };
		44285AF252D046288C4E3ECD /* ActivityView.swift in Sources */ = {isa = PBXBuildFile; fileRef = 82E9A816D1C0EB330E125C1D /* ActivityView.swift */; };
		4B15FD6AFD465A82FDF411FE /* AttachmentBar.swift in Sources */ = {isa = PBXBuildFile; fileRef = 7563B6AC08E7B6763DD54D6B /* AttachmentBar.swift */; };
		5865039FE125F32D3A26A7E3 /* HTMLEmailView.swift in Sources */ = {isa = PBXBuildFile; fileRef = 4FAC171D81D96E63870D5F88 /* HTMLEmailView.swift */; };
		5ACC76D796DCE087D8D519B2 /* EmailSearchModel.swift in Sources */ = {isa = PBXBuildFile; fileRef = 5DBD8DD896966114B4335863 /* EmailSearchModel.swift */; };
		6108614237351F25329A33EA /* StatusBadge.swift in Sources */ = {isa = PBXBuildFile; fileRef = B254DE85A21F139AF88969F6 /* StatusBadge.swift */; };
		614FCE773F1241E5128C417B /* ActivityRow.swift in Sources */ = {isa = PBXBuildFile; fileRef = 460CFB782E1CF189B7E18034 /* ActivityRow.swift */; };
		6264FE703CB49EC3348C20EB /* SnapshotRow.swift in Sources */ = {isa = PBXBuildFile; fileRef = 15CE9C08174D45990E81D23B /* SnapshotRow.swift */; };
		69D9C84177C2F38BE473AB6D /* DiffView.swift in Sources */ = {isa = PBXBuildFile; fileRef = D050CA6EEFB11452C92977C1 /* DiffView.swift */; };
		6D8499A82DBBA5C1FC009EA9 /* ManifoldKit in Frameworks */ = {isa = PBXBuildFile; productRef = 59CA05998C5293BB2C2FB2E7 /* ManifoldKit */; };
		7C8290B0771006D0067B88B7 /* ReadingPaneToolbar.swift in Sources */ = {isa = PBXBuildFile; fileRef = C5362DEFA0F55C0F4907B52D /* ReadingPaneToolbar.swift */; };
		7CE4BAD9EE7A986871DDC8C5 /* Spacing.swift in Sources */ = {isa = PBXBuildFile; fileRef = ADFE22B107DA01C6DC2C67C7 /* Spacing.swift */; };
		841965F5D9E60BE45FD9A022 /* SessionModel.swift in Sources */ = {isa = PBXBuildFile; fileRef = EEAA3C58A30F803C5586F7A1 /* SessionModel.swift */; };
		85427233CE2AF294D5200800 /* MessageListEmpty.swift in Sources */ = {isa = PBXBuildFile; fileRef = 3E58592192E68BB6C21A7E63 /* MessageListEmpty.swift */; };
		89A98676FDACCB0819FE9C75 /* EmailMessageList.swift in Sources */ = {isa = PBXBuildFile; fileRef = 759F47B8735C6C62DFE4015A /* EmailMessageList.swift */; };
		8B537DC82E97E27C9C9D4328 /* EmailSidebar.swift in Sources */ = {isa = PBXBuildFile; fileRef = 66874570DB901C86CD1BA477 /* EmailSidebar.swift */; };
		8D85FE284085DD2DE3D128E0 /* MessageFilterBar.swift in Sources */ = {isa = PBXBuildFile; fileRef = 9A69851BA4E9D8F2C6ABFE7E /* MessageFilterBar.swift */; };
		94D42B99BEDA9FC2D59382DC /* SharedEmailsRow.swift in Sources */ = {isa = PBXBuildFile; fileRef = 59D36E3F6A368CA83664D262 /* SharedEmailsRow.swift */; };
		95AF5CBC574458C2D1C61AEC /* ActionFormatting.swift in Sources */ = {isa = PBXBuildFile; fileRef = F6E2BE87F3F8D6D82A5C661A /* ActionFormatting.swift */; };
		9C21B38F8585ED71F0B2C48D /* PlainTextEmailView.swift in Sources */ = {isa = PBXBuildFile; fileRef = 9E46BBEA89E3637143A3AE05 /* PlainTextEmailView.swift */; };
		9D0CFFFEBF16A5ABAE21E35B /* ManifoldApp.swift in Sources */ = {isa = PBXBuildFile; fileRef = 76613F3C74A0440934F46E63 /* ManifoldApp.swift */; };
		A88C1FD90DFC98F36CD04618 /* AgentBadge.swift in Sources */ = {isa = PBXBuildFile; fileRef = 4258FA31C049A293D658A3CE /* AgentBadge.swift */; };
		AADF9BD6E935C4117F68FD4F /* EmailReadingPane.swift in Sources */ = {isa = PBXBuildFile; fileRef = 637D496B74DA1115C460A54B /* EmailReadingPane.swift */; };
		AB73A856DCC2BE53D2783481 /* EmailSelectionModel.swift in Sources */ = {isa = PBXBuildFile; fileRef = 23760AEA487279BB56652F47 /* EmailSelectionModel.swift */; };
		B184F0F66EE28357C5F7F306 /* EmailMessageRow.swift in Sources */ = {isa = PBXBuildFile; fileRef = FED1A1FA5FCB24F9C0446604 /* EmailMessageRow.swift */; };
		B68F43799D17150AE093B5CC /* SetupModel.swift in Sources */ = {isa = PBXBuildFile; fileRef = FB68B0854C6DD4AA29058275 /* SetupModel.swift */; };
		B7088F7841872F0D434D397F /* AccountTreeSection.swift in Sources */ = {isa = PBXBuildFile; fileRef = 4260E348718991081309CF94 /* AccountTreeSection.swift */; };
		B858CA7D0F09836A2CCC3E46 /* ManifoldTypes.swift in Sources */ = {isa = PBXBuildFile; fileRef = C25000DE1F68784E45812D2B /* ManifoldTypes.swift */; };
		C3182DF479A7123CD5D3BCD5 /* ShareWithCoworkSheet.swift in Sources */ = {isa = PBXBuildFile; fileRef = 9435BE42662E5E14867F78E8 /* ShareWithCoworkSheet.swift */; };
		C48242D545D19CB08CF42BE6 /* FilesView.swift in Sources */ = {isa = PBXBuildFile; fileRef = B738574D02F4348365D2BFFC /* FilesView.swift */; };
		C53B25BDE111ACA8DD15DCA9 /* SelectionActionBar.swift in Sources */ = {isa = PBXBuildFile; fileRef = 4E0F5ED9F9A1DF89999D0303 /* SelectionActionBar.swift */; };
		CC89E3C4C9FC8FCFA49C18E3 /* VersionsView.swift in Sources */ = {isa = PBXBuildFile; fileRef = BEFBC8B14873A0392D956D2F /* VersionsView.swift */; };
		CD6F8DDAAE334A37C9CDA2BF /* SmartMailboxEditor.swift in Sources */ = {isa = PBXBuildFile; fileRef = A77766FCC4C1D22AA88E9506 /* SmartMailboxEditor.swift */; };
		DB83D5D4F1443A77649FD60D /* CommandCenter.swift in Sources */ = {isa = PBXBuildFile; fileRef = 8A3B6369A695CC497AC4BFCA /* CommandCenter.swift */; };
		DD0E814909A12F268657D2BA /* FileNode.swift in Sources */ = {isa = PBXBuildFile; fileRef = A43BA689161AF82B93E21E11 /* FileNode.swift */; };
		DD5F55F6D884CA024691F250 /* ColorIndicator.swift in Sources */ = {isa = PBXBuildFile; fileRef = DBA45B76E3E59D23B922D860 /* ColorIndicator.swift */; };
		DF8598E64C13627730BE8378 /* AddAccountButton.swift in Sources */ = {isa = PBXBuildFile; fileRef = F720C06EC0FB6CA359373233 /* AddAccountButton.swift */; };
		E594B741E10D22BBCE9417E2 /* UnifiedInboxRow.swift in Sources */ = {isa = PBXBuildFile; fileRef = E598C5DA5F4B09DFAF18C13E /* UnifiedInboxRow.swift */; };
		EEC5E06B942FC7FB102B405E /* DomainPreset.swift in Sources */ = {isa = PBXBuildFile; fileRef = A20C4114B01F2F0D7E024DD0 /* DomainPreset.swift */; };
		F1E6236E38A106FEDE8B666A /* MainView.swift in Sources */ = {isa = PBXBuildFile; fileRef = 9FC9F995A8250393B7018353 /* MainView.swift */; };
		F711EC11A62C0798BB1112B6 /* CommandPaletteView.swift in Sources */ = {isa = PBXBuildFile; fileRef = 11AF6365CF4386C43F2463FD /* CommandPaletteView.swift */; };
		74E110E9E0DF4A85A67F4B3F /* PolicyModel.swift in Sources */ = {isa = PBXBuildFile; fileRef = 4CF3372BBB8E469B95371CD8 /* PolicyModel.swift */; };
		0D61289FD2BE4552BA035A63 /* ActivityDrawer.swift in Sources */ = {isa = PBXBuildFile; fileRef = 385AC0FA09A64D6AAAC34F2B /* ActivityDrawer.swift */; };
		5CB48BF0B1A84D44AE1B58FB /* AgentFocusControl.swift in Sources */ = {isa = PBXBuildFile; fileRef = D3301B48D13542ADB97E9D90 /* AgentFocusControl.swift */; };
		F7FA1FF728BB4FAE87E776B0 /* AgentPolicyCard.swift in Sources */ = {isa = PBXBuildFile; fileRef = 8C2D2A1339D247D1B2B118F4 /* AgentPolicyCard.swift */; };
		E087650C8B4746CB8DA2172B /* DomainsTableView.swift in Sources */ = {isa = PBXBuildFile; fileRef = CDDDFF8763A64C0BA264E344 /* DomainsTableView.swift */; };
		48D403DF7ED94F4B87C307A3 /* FilesSidebar.swift in Sources */ = {isa = PBXBuildFile; fileRef = 3B4B74EAAED84E9A92DE870B /* FilesSidebar.swift */; };
		2669B744EAA14D19934B2151 /* OverviewView.swift in Sources */ = {isa = PBXBuildFile; fileRef = 7779D8DADAB74471B3E9B1C5 /* OverviewView.swift */; };
		46503FAF9373441582743A18 /* ReviewAccessSheet.swift in Sources */ = {isa = PBXBuildFile; fileRef = 88A5127F4EF84F2BA6A4240A /* ReviewAccessSheet.swift */; };
		5F39BBA0B4694D689785A28B /* SourcesTableView.swift in Sources */ = {isa = PBXBuildFile; fileRef = 1C60A6FDB11F4E89A7A531E9 /* SourcesTableView.swift */; };
		9B0FD781995F4F5A9B0D807E /* WorkBlockBannerView.swift in Sources */ = {isa = PBXBuildFile; fileRef = BCB9862835E04FEDB04FA8B5 /* WorkBlockBannerView.swift */; };
		BE9D5BE898F84A08B9BDE4CC /* TrackChangesToolbarContent.swift in Sources */ = {isa = PBXBuildFile; fileRef = C8FB18E5540B4923A9D0FCE5 /* TrackChangesToolbarContent.swift */; };
		C6A2CAD11DC74190AB4EE305 /* AgentConnectionState.swift in Sources */ = {isa = PBXBuildFile; fileRef = 57FAB8738DFE4AEB8A20E3A4 /* AgentConnectionState.swift */; };
		72801AAD69024EFDA04ABF66 /* IntegrationHealthModel.swift in Sources */ = {isa = PBXBuildFile; fileRef = B6D66485DDB84D0B9C8D51A6 /* IntegrationHealthModel.swift */; };
		738365AD1BF443EA852EFE94 /* SettingsView.swift in Sources */ = {isa = PBXBuildFile; fileRef = D3D2A1D247044D00A8AB48FB /* SettingsView.swift */; };
		549C9444D449451F89951F63 /* GeneralSettingsPane.swift in Sources */ = {isa = PBXBuildFile; fileRef = 8E747635498B4D1F8BA21F48 /* GeneralSettingsPane.swift */; };
		AB71F3B7C8ED47FABAA0B8EE /* AIAppsSettingsPane.swift in Sources */ = {isa = PBXBuildFile; fileRef = 102F3788D49943BEA7D6F5ED /* AIAppsSettingsPane.swift */; };
		B3A742ED2777467984FB6A36 /* MailSettingsPane.swift in Sources */ = {isa = PBXBuildFile; fileRef = 56386BD93074434BA8465A9E /* MailSettingsPane.swift */; };
		8495C790CCAE4A808BCD482C /* StorageSettingsPane.swift in Sources */ = {isa = PBXBuildFile; fileRef = 13E56DF2DB8A41BC8558EA2F /* StorageSettingsPane.swift */; };
		DA99D7FD65B84EB0AFAFEB8E /* SetupAssistantView.swift in Sources */ = {isa = PBXBuildFile; fileRef = 4DCA5106EDE14D709572E7AD /* SetupAssistantView.swift */; };
		1ADE8E4230D94FBA97D8D84B /* LiveCheckRow.swift in Sources */ = {isa = PBXBuildFile; fileRef = A5E40DFFF87741F4B4153843 /* LiveCheckRow.swift */; };
		C066C43596AD4E0AA1A7ED60 /* DetailLine.swift in Sources */ = {isa = PBXBuildFile; fileRef = 2D1FEF18C05C4EB6A4931DAD /* DetailLine.swift */; };
		E7CBB062F8FE422EAD9CCFD9 /* ConnectClaudeSheet.swift in Sources */ = {isa = PBXBuildFile; fileRef = 92F4DD2292FA43609BD5CB10 /* ConnectClaudeSheet.swift */; };
		C425B2246DA3466D86D18A32 /* ConnectCodexSheet.swift in Sources */ = {isa = PBXBuildFile; fileRef = 0EDD40A0FC44454BB68AA8F4 /* ConnectCodexSheet.swift */; };
		7B720B87452445EF821E01B5 /* EmailAccountSetupView.swift in Sources */ = {isa = PBXBuildFile; fileRef = B5A24DBC67E3D81F2706D723 /* EmailAccountSetupView.swift */; };
		5F513BA027EE4D8FAAE37259 /* ReviewChangesSheet.swift in Sources */ = {isa = PBXBuildFile; fileRef = 44EC6A16ACCF48C0BC39AE60 /* ReviewChangesSheet.swift */; };
		0BE3DA79CDD040A0B63DD21B /* AddMailAccountSheet.swift in Sources */ = {isa = PBXBuildFile; fileRef = DE3376AC9C43450C9456F8F5 /* AddMailAccountSheet.swift */; };
/* End PBXBuildFile section */

/* Begin PBXFileReference section */
		01E2964F1F242AAC4C3CCF88 /* EmailHeaderView.swift */ = {isa = PBXFileReference; lastKnownFileType = sourcecode.swift; path = EmailHeaderView.swift; sourceTree = "<group>"; };
		11AF6365CF4386C43F2463FD /* CommandPaletteView.swift */ = {isa = PBXFileReference; lastKnownFileType = sourcecode.swift; path = CommandPaletteView.swift; sourceTree = "<group>"; };
		15CE9C08174D45990E81D23B /* SnapshotRow.swift */ = {isa = PBXFileReference; lastKnownFileType = sourcecode.swift; path = SnapshotRow.swift; sourceTree = "<group>"; };
		18233197B24B119F64466148 /* EmailAccountModel.swift */ = {isa = PBXFileReference; lastKnownFileType = sourcecode.swift; path = EmailAccountModel.swift; sourceTree = "<group>"; };
		23760AEA487279BB56652F47 /* EmailSelectionModel.swift */ = {isa = PBXFileReference; lastKnownFileType = sourcecode.swift; path = EmailSelectionModel.swift; sourceTree = "<group>"; };
		3BB77AF6A40A9C029A42CD7C /* vibrant-cori */ = {isa = PBXFileReference; lastKnownFileType = folder; name = "vibrant-cori"; path = .; sourceTree = SOURCE_ROOT; };
		3E58592192E68BB6C21A7E63 /* MessageListEmpty.swift */ = {isa = PBXFileReference; lastKnownFileType = sourcecode.swift; path = MessageListEmpty.swift; sourceTree = "<group>"; };
		3F65771623E2A20D546C7906 /* QuickFilterSection.swift */ = {isa = PBXFileReference; lastKnownFileType = sourcecode.swift; path = QuickFilterSection.swift; sourceTree = "<group>"; };
		4258FA31C049A293D658A3CE /* AgentBadge.swift */ = {isa = PBXFileReference; lastKnownFileType = sourcecode.swift; path = AgentBadge.swift; sourceTree = "<group>"; };
		4260E348718991081309CF94 /* AccountTreeSection.swift */ = {isa = PBXFileReference; lastKnownFileType = sourcecode.swift; path = AccountTreeSection.swift; sourceTree = "<group>"; };
		460CFB782E1CF189B7E18034 /* ActivityRow.swift */ = {isa = PBXFileReference; lastKnownFileType = sourcecode.swift; path = ActivityRow.swift; sourceTree = "<group>"; };
		4E0F5ED9F9A1DF89999D0303 /* SelectionActionBar.swift */ = {isa = PBXFileReference; lastKnownFileType = sourcecode.swift; path = SelectionActionBar.swift; sourceTree = "<group>"; };
		4FAC171D81D96E63870D5F88 /* HTMLEmailView.swift */ = {isa = PBXFileReference; lastKnownFileType = sourcecode.swift; path = HTMLEmailView.swift; sourceTree = "<group>"; };
		564B55046AEBA3B1643FE2FE /* Manifold.app */ = {isa = PBXFileReference; explicitFileType = wrapper.application; includeInIndex = 0; path = Manifold.app; sourceTree = BUILT_PRODUCTS_DIR; };
		571405EF8AB67DEA07F1F219 /* Manifold.entitlements */ = {isa = PBXFileReference; lastKnownFileType = text.plist.entitlements; path = Manifold.entitlements; sourceTree = "<group>"; };
		59D36E3F6A368CA83664D262 /* SharedEmailsRow.swift */ = {isa = PBXFileReference; lastKnownFileType = sourcecode.swift; path = SharedEmailsRow.swift; sourceTree = "<group>"; };
		5DBD8DD896966114B4335863 /* EmailSearchModel.swift */ = {isa = PBXFileReference; lastKnownFileType = sourcecode.swift; path = EmailSearchModel.swift; sourceTree = "<group>"; };
		637D496B74DA1115C460A54B /* EmailReadingPane.swift */ = {isa = PBXFileReference; lastKnownFileType = sourcecode.swift; path = EmailReadingPane.swift; sourceTree = "<group>"; };
		66874570DB901C86CD1BA477 /* EmailSidebar.swift */ = {isa = PBXFileReference; lastKnownFileType = sourcecode.swift; path = EmailSidebar.swift; sourceTree = "<group>"; };
		6BC886845CC4CB988CCA7D70 /* EmailSearchField.swift */ = {isa = PBXFileReference; lastKnownFileType = sourcecode.swift; path = EmailSearchField.swift; sourceTree = "<group>"; };
		7563B6AC08E7B6763DD54D6B /* AttachmentBar.swift */ = {isa = PBXFileReference; lastKnownFileType = sourcecode.swift; path = AttachmentBar.swift; sourceTree = "<group>"; };
		759F47B8735C6C62DFE4015A /* EmailMessageList.swift */ = {isa = PBXFileReference; lastKnownFileType = sourcecode.swift; path = EmailMessageList.swift; sourceTree = "<group>"; };
		76613F3C74A0440934F46E63 /* ManifoldApp.swift */ = {isa = PBXFileReference; lastKnownFileType = sourcecode.swift; path = ManifoldApp.swift; sourceTree = "<group>"; };
		82E9A816D1C0EB330E125C1D /* ActivityView.swift */ = {isa = PBXFileReference; lastKnownFileType = sourcecode.swift; path = ActivityView.swift; sourceTree = "<group>"; };
		83794677BF621BEDB36F8287 /* TimeLabel.swift */ = {isa = PBXFileReference; lastKnownFileType = sourcecode.swift; path = TimeLabel.swift; sourceTree = "<group>"; };
		8A3B6369A695CC497AC4BFCA /* CommandCenter.swift */ = {isa = PBXFileReference; lastKnownFileType = sourcecode.swift; path = CommandCenter.swift; sourceTree = "<group>"; };
		90E72D648468DB4AB2935B91 /* EmailView.swift */ = {isa = PBXFileReference; lastKnownFileType = sourcecode.swift; path = EmailView.swift; sourceTree = "<group>"; };
		9435BE42662E5E14867F78E8 /* ShareWithCoworkSheet.swift */ = {isa = PBXFileReference; lastKnownFileType = sourcecode.swift; path = ShareWithCoworkSheet.swift; sourceTree = "<group>"; };
		9A69851BA4E9D8F2C6ABFE7E /* MessageFilterBar.swift */ = {isa = PBXFileReference; lastKnownFileType = sourcecode.swift; path = MessageFilterBar.swift; sourceTree = "<group>"; };
		9E46BBEA89E3637143A3AE05 /* PlainTextEmailView.swift */ = {isa = PBXFileReference; lastKnownFileType = sourcecode.swift; path = PlainTextEmailView.swift; sourceTree = "<group>"; };
		9FC9F995A8250393B7018353 /* MainView.swift */ = {isa = PBXFileReference; lastKnownFileType = sourcecode.swift; path = MainView.swift; sourceTree = "<group>"; };
		A20C4114B01F2F0D7E024DD0 /* DomainPreset.swift */ = {isa = PBXFileReference; lastKnownFileType = sourcecode.swift; path = DomainPreset.swift; sourceTree = "<group>"; };
		A43BA689161AF82B93E21E11 /* FileNode.swift */ = {isa = PBXFileReference; lastKnownFileType = sourcecode.swift; path = FileNode.swift; sourceTree = "<group>"; };
		A77766FCC4C1D22AA88E9506 /* SmartMailboxEditor.swift */ = {isa = PBXFileReference; lastKnownFileType = sourcecode.swift; path = SmartMailboxEditor.swift; sourceTree = "<group>"; };
		ADFE22B107DA01C6DC2C67C7 /* Spacing.swift */ = {isa = PBXFileReference; lastKnownFileType = sourcecode.swift; path = Spacing.swift; sourceTree = "<group>"; };
		B254DE85A21F139AF88969F6 /* StatusBadge.swift */ = {isa = PBXFileReference; lastKnownFileType = sourcecode.swift; path = StatusBadge.swift; sourceTree = "<group>"; };
		B738574D02F4348365D2BFFC /* FilesView.swift */ = {isa = PBXFileReference; lastKnownFileType = sourcecode.swift; path = FilesView.swift; sourceTree = "<group>"; };
		BEFBC8B14873A0392D956D2F /* VersionsView.swift */ = {isa = PBXFileReference; lastKnownFileType = sourcecode.swift; path = VersionsView.swift; sourceTree = "<group>"; };
		C1F98624E0F332E367EEC45F /* StorageModel.swift */ = {isa = PBXFileReference; lastKnownFileType = sourcecode.swift; path = StorageModel.swift; sourceTree = "<group>"; };
		C25000DE1F68784E45812D2B /* ManifoldTypes.swift */ = {isa = PBXFileReference; lastKnownFileType = sourcecode.swift; path = ManifoldTypes.swift; sourceTree = "<group>"; };
		C5362DEFA0F55C0F4907B52D /* ReadingPaneToolbar.swift */ = {isa = PBXFileReference; lastKnownFileType = sourcecode.swift; path = ReadingPaneToolbar.swift; sourceTree = "<group>"; };
		D050CA6EEFB11452C92977C1 /* DiffView.swift */ = {isa = PBXFileReference; lastKnownFileType = sourcecode.swift; path = DiffView.swift; sourceTree = "<group>"; };
		D16F4BF0F58ACF058AB1474A /* HistoryModel.swift */ = {isa = PBXFileReference; lastKnownFileType = sourcecode.swift; path = HistoryModel.swift; sourceTree = "<group>"; };
		DBA45B76E3E59D23B922D860 /* ColorIndicator.swift */ = {isa = PBXFileReference; lastKnownFileType = sourcecode.swift; path = ColorIndicator.swift; sourceTree = "<group>"; };
		E598C5DA5F4B09DFAF18C13E /* UnifiedInboxRow.swift */ = {isa = PBXFileReference; lastKnownFileType = sourcecode.swift; path = UnifiedInboxRow.swift; sourceTree = "<group>"; };
		EEAA3C58A30F803C5586F7A1 /* SessionModel.swift */ = {isa = PBXFileReference; lastKnownFileType = sourcecode.swift; path = SessionModel.swift; sourceTree = "<group>"; };
		F1EABAD0A1EA2475E185D503 /* ManifoldStore.swift */ = {isa = PBXFileReference; lastKnownFileType = sourcecode.swift; path = ManifoldStore.swift; sourceTree = "<group>"; };
		F390D9C39C8B2FD13E621218 /* VersionDetailView.swift */ = {isa = PBXFileReference; lastKnownFileType = sourcecode.swift; path = VersionDetailView.swift; sourceTree = "<group>"; };
		F6E2BE87F3F8D6D82A5C661A /* ActionFormatting.swift */ = {isa = PBXFileReference; lastKnownFileType = sourcecode.swift; path = ActionFormatting.swift; sourceTree = "<group>"; };
		F720C06EC0FB6CA359373233 /* AddAccountButton.swift */ = {isa = PBXFileReference; lastKnownFileType = sourcecode.swift; path = AddAccountButton.swift; sourceTree = "<group>"; };
		FB68B0854C6DD4AA29058275 /* SetupModel.swift */ = {isa = PBXFileReference; lastKnownFileType = sourcecode.swift; path = SetupModel.swift; sourceTree = "<group>"; };
		FED1A1FA5FCB24F9C0446604 /* EmailMessageRow.swift */ = {isa = PBXFileReference; lastKnownFileType = sourcecode.swift; path = EmailMessageRow.swift; sourceTree = "<group>"; };
		4CF3372BBB8E469B95371CD8 /* PolicyModel.swift */ = {isa = PBXFileReference; lastKnownFileType = sourcecode.swift; path = PolicyModel.swift; sourceTree = "<group>"; };
		385AC0FA09A64D6AAAC34F2B /* ActivityDrawer.swift */ = {isa = PBXFileReference; lastKnownFileType = sourcecode.swift; path = ActivityDrawer.swift; sourceTree = "<group>"; };
		D3301B48D13542ADB97E9D90 /* AgentFocusControl.swift */ = {isa = PBXFileReference; lastKnownFileType = sourcecode.swift; path = AgentFocusControl.swift; sourceTree = "<group>"; };
		8C2D2A1339D247D1B2B118F4 /* AgentPolicyCard.swift */ = {isa = PBXFileReference; lastKnownFileType = sourcecode.swift; path = AgentPolicyCard.swift; sourceTree = "<group>"; };
		CDDDFF8763A64C0BA264E344 /* DomainsTableView.swift */ = {isa = PBXFileReference; lastKnownFileType = sourcecode.swift; path = DomainsTableView.swift; sourceTree = "<group>"; };
		3B4B74EAAED84E9A92DE870B /* FilesSidebar.swift */ = {isa = PBXFileReference; lastKnownFileType = sourcecode.swift; path = FilesSidebar.swift; sourceTree = "<group>"; };
		7779D8DADAB74471B3E9B1C5 /* OverviewView.swift */ = {isa = PBXFileReference; lastKnownFileType = sourcecode.swift; path = OverviewView.swift; sourceTree = "<group>"; };
		88A5127F4EF84F2BA6A4240A /* ReviewAccessSheet.swift */ = {isa = PBXFileReference; lastKnownFileType = sourcecode.swift; path = ReviewAccessSheet.swift; sourceTree = "<group>"; };
		1C60A6FDB11F4E89A7A531E9 /* SourcesTableView.swift */ = {isa = PBXFileReference; lastKnownFileType = sourcecode.swift; path = SourcesTableView.swift; sourceTree = "<group>"; };
		BCB9862835E04FEDB04FA8B5 /* WorkBlockBannerView.swift */ = {isa = PBXFileReference; lastKnownFileType = sourcecode.swift; path = WorkBlockBannerView.swift; sourceTree = "<group>"; };
		C8FB18E5540B4923A9D0FCE5 /* TrackChangesToolbarContent.swift */ = {isa = PBXFileReference; lastKnownFileType = sourcecode.swift; path = TrackChangesToolbarContent.swift; sourceTree = "<group>"; };
		57FAB8738DFE4AEB8A20E3A4 /* AgentConnectionState.swift */ = {isa = PBXFileReference; lastKnownFileType = sourcecode.swift; path = AgentConnectionState.swift; sourceTree = "<group>"; };
		B6D66485DDB84D0B9C8D51A6 /* IntegrationHealthModel.swift */ = {isa = PBXFileReference; lastKnownFileType = sourcecode.swift; path = IntegrationHealthModel.swift; sourceTree = "<group>"; };
		D3D2A1D247044D00A8AB48FB /* SettingsView.swift */ = {isa = PBXFileReference; lastKnownFileType = sourcecode.swift; path = Settings/SettingsView.swift; sourceTree = "<group>"; };
		8E747635498B4D1F8BA21F48 /* GeneralSettingsPane.swift */ = {isa = PBXFileReference; lastKnownFileType = sourcecode.swift; path = Settings/GeneralSettingsPane.swift; sourceTree = "<group>"; };
		102F3788D49943BEA7D6F5ED /* AIAppsSettingsPane.swift */ = {isa = PBXFileReference; lastKnownFileType = sourcecode.swift; path = Settings/AIAppsSettingsPane.swift; sourceTree = "<group>"; };
		56386BD93074434BA8465A9E /* MailSettingsPane.swift */ = {isa = PBXFileReference; lastKnownFileType = sourcecode.swift; path = Settings/MailSettingsPane.swift; sourceTree = "<group>"; };
		13E56DF2DB8A41BC8558EA2F /* StorageSettingsPane.swift */ = {isa = PBXFileReference; lastKnownFileType = sourcecode.swift; path = Settings/StorageSettingsPane.swift; sourceTree = "<group>"; };
		4DCA5106EDE14D709572E7AD /* SetupAssistantView.swift */ = {isa = PBXFileReference; lastKnownFileType = sourcecode.swift; path = Setup/SetupAssistantView.swift; sourceTree = "<group>"; };
		A5E40DFFF87741F4B4153843 /* LiveCheckRow.swift */ = {isa = PBXFileReference; lastKnownFileType = sourcecode.swift; path = LiveCheckRow.swift; sourceTree = "<group>"; };
		2D1FEF18C05C4EB6A4931DAD /* DetailLine.swift */ = {isa = PBXFileReference; lastKnownFileType = sourcecode.swift; path = DetailLine.swift; sourceTree = "<group>"; };
		92F4DD2292FA43609BD5CB10 /* ConnectClaudeSheet.swift */ = {isa = PBXFileReference; lastKnownFileType = sourcecode.swift; path = Setup/ConnectClaudeSheet.swift; sourceTree = "<group>"; };
		0EDD40A0FC44454BB68AA8F4 /* ConnectCodexSheet.swift */ = {isa = PBXFileReference; lastKnownFileType = sourcecode.swift; path = Setup/ConnectCodexSheet.swift; sourceTree = "<group>"; };
		B5A24DBC67E3D81F2706D723 /* EmailAccountSetupView.swift */ = {isa = PBXFileReference; lastKnownFileType = sourcecode.swift; path = EmailAccountSetupView.swift; sourceTree = "<group>"; };
		44EC6A16ACCF48C0BC39AE60 /* ReviewChangesSheet.swift */ = {isa = PBXFileReference; lastKnownFileType = sourcecode.swift; path = ReviewChangesSheet.swift; sourceTree = "<group>"; };
		DE3376AC9C43450C9456F8F5 /* AddMailAccountSheet.swift */ = {isa = PBXFileReference; lastKnownFileType = sourcecode.swift; path = Setup/AddMailAccountSheet.swift; sourceTree = "<group>"; };
/* End PBXFileReference section */

/* Begin PBXFrameworksBuildPhase section */
		380E85CDE3445A5CAE94FE21 /* Frameworks */ = {
			isa = PBXFrameworksBuildPhase;
			buildActionMask = 2147483647;
			files = (
				6D8499A82DBBA5C1FC009EA9 /* ManifoldKit in Frameworks */,
			);
			runOnlyForDeploymentPostprocessing = 0;
		};
/* End PBXFrameworksBuildPhase section */

/* Begin PBXGroup section */
		0C0E7D11569D44E56773221A /* Library */ = {
			isa = PBXGroup;
			children = (
				B5A24DBC67E3D81F2706D723 /* EmailAccountSetupView.swift */,
			);
			path = Library;
			sourceTree = "<group>";
		};
		38B4BF091B2E419B65C70EA2 /* Products */ = {
			isa = PBXGroup;
			children = (
				564B55046AEBA3B1643FE2FE /* Manifold.app */,
			);
			name = Products;
			sourceTree = "<group>";
		};
		6B2C0FC6E754ABD88C73F783 = {
			isa = PBXGroup;
			children = (
				A6F4968BF6A0BCAE922FEE85 /* ManifoldApp */,
				745D681E70055A184477B1F0 /* Packages */,
				38B4BF091B2E419B65C70EA2 /* Products */,
			);
			sourceTree = "<group>";
		};
		6F33E03EE4063733D20230B0 /* Search */ = {
			isa = PBXGroup;
			children = (
				6BC886845CC4CB988CCA7D70 /* EmailSearchField.swift */,
			);
			path = Search;
			sourceTree = "<group>";
		};
		745D681E70055A184477B1F0 /* Packages */ = {
			isa = PBXGroup;
			children = (
				3BB77AF6A40A9C029A42CD7C /* vibrant-cori */,
			);
			name = Packages;
			sourceTree = "<group>";
		};
		8318F9009B9A6F86C2A68433 /* Views */ = {
			isa = PBXGroup;
			children = (
				460CFB782E1CF189B7E18034 /* ActivityRow.swift */,
				82E9A816D1C0EB330E125C1D /* ActivityView.swift */,
				11AF6365CF4386C43F2463FD /* CommandPaletteView.swift */,
				B738574D02F4348365D2BFFC /* FilesView.swift */,
				9FC9F995A8250393B7018353 /* MainView.swift */,
				CF0D69129BD1DE859E10C604 /* Dashboard */,
				C11BD52E21738EDD3CC89CFD /* Email */,
				0C0E7D11569D44E56773221A /* Library */,
				A613F12D37285340CBD46099 /* Versions */,
				385AC0FA09A64D6AAAC34F2B /* ActivityDrawer.swift */,
				D3301B48D13542ADB97E9D90 /* AgentFocusControl.swift */,
				8C2D2A1339D247D1B2B118F4 /* AgentPolicyCard.swift */,
				CDDDFF8763A64C0BA264E344 /* DomainsTableView.swift */,
				3B4B74EAAED84E9A92DE870B /* FilesSidebar.swift */,
				7779D8DADAB74471B3E9B1C5 /* OverviewView.swift */,
				88A5127F4EF84F2BA6A4240A /* ReviewAccessSheet.swift */,
				1C60A6FDB11F4E89A7A531E9 /* SourcesTableView.swift */,
				BCB9862835E04FEDB04FA8B5 /* WorkBlockBannerView.swift */,
				D3D2A1D247044D00A8AB48FB /* SettingsView.swift */,
				8E747635498B4D1F8BA21F48 /* GeneralSettingsPane.swift */,
				102F3788D49943BEA7D6F5ED /* AIAppsSettingsPane.swift */,
				56386BD93074434BA8465A9E /* MailSettingsPane.swift */,
				13E56DF2DB8A41BC8558EA2F /* StorageSettingsPane.swift */,
				4DCA5106EDE14D709572E7AD /* SetupAssistantView.swift */,
				92F4DD2292FA43609BD5CB10 /* ConnectClaudeSheet.swift */,
				0EDD40A0FC44454BB68AA8F4 /* ConnectCodexSheet.swift */,
				44EC6A16ACCF48C0BC39AE60 /* ReviewChangesSheet.swift */,
				DE3376AC9C43450C9456F8F5 /* AddMailAccountSheet.swift */,
			);
			path = Views;
			sourceTree = "<group>";
		};
		8DEC6C64D57716281E88FEC7 /* ShareWithCowork */ = {
			isa = PBXGroup;
			children = (
				9435BE42662E5E14867F78E8 /* ShareWithCoworkSheet.swift */,
			);
			path = ShareWithCowork;
			sourceTree = "<group>";
		};
		A613F12D37285340CBD46099 /* Versions */ = {
			isa = PBXGroup;
			children = (
				15CE9C08174D45990E81D23B /* SnapshotRow.swift */,
				F390D9C39C8B2FD13E621218 /* VersionDetailView.swift */,
				BEFBC8B14873A0392D956D2F /* VersionsView.swift */,
			);
			path = Versions;
			sourceTree = "<group>";
		};
		A6F4968BF6A0BCAE922FEE85 /* ManifoldApp */ = {
			isa = PBXGroup;
			children = (
				571405EF8AB67DEA07F1F219 /* Manifold.entitlements */,
				76613F3C74A0440934F46E63 /* ManifoldApp.swift */,
				F00B9F88805F35215FC8149C /* Components */,
				F2EC59648DA1B62188DA4583 /* Models */,
				8318F9009B9A6F86C2A68433 /* Views */,
			);
			name = ManifoldApp;
			path = ManifoldApp/ManifoldApp;
			sourceTree = "<group>";
		};
		C11BD52E21738EDD3CC89CFD /* Email */ = {
			isa = PBXGroup;
			children = (
				90E72D648468DB4AB2935B91 /* EmailView.swift */,
				D619AAAA285B4983F54E1B1C /* MessageList */,
				F8E9FBF570750FEEE20E70A5 /* ReadingPane */,
				6F33E03EE4063733D20230B0 /* Search */,
				8DEC6C64D57716281E88FEC7 /* ShareWithCowork */,
				DD21BC109FE2116762BA12BC /* Sidebar */,
				CC3F9569364E31B23C069E81 /* SmartMailbox */,
			);
			path = Email;
			sourceTree = "<group>";
		};
		CC3F9569364E31B23C069E81 /* SmartMailbox */ = {
			isa = PBXGroup;
			children = (
				A77766FCC4C1D22AA88E9506 /* SmartMailboxEditor.swift */,
			);
			path = SmartMailbox;
			sourceTree = "<group>";
		};
		CF0D69129BD1DE859E10C604 /* Dashboard */ = {
			isa = PBXGroup;
			children = (
			);
			path = Dashboard;
			sourceTree = "<group>";
		};
		D619AAAA285B4983F54E1B1C /* MessageList */ = {
			isa = PBXGroup;
			children = (
				759F47B8735C6C62DFE4015A /* EmailMessageList.swift */,
				FED1A1FA5FCB24F9C0446604 /* EmailMessageRow.swift */,
				9A69851BA4E9D8F2C6ABFE7E /* MessageFilterBar.swift */,
				3E58592192E68BB6C21A7E63 /* MessageListEmpty.swift */,
				4E0F5ED9F9A1DF89999D0303 /* SelectionActionBar.swift */,
			);
			path = MessageList;
			sourceTree = "<group>";
		};
		DD21BC109FE2116762BA12BC /* Sidebar */ = {
			isa = PBXGroup;
			children = (
				4260E348718991081309CF94 /* AccountTreeSection.swift */,
				F720C06EC0FB6CA359373233 /* AddAccountButton.swift */,
				66874570DB901C86CD1BA477 /* EmailSidebar.swift */,
				3F65771623E2A20D546C7906 /* QuickFilterSection.swift */,
				59D36E3F6A368CA83664D262 /* SharedEmailsRow.swift */,
				E598C5DA5F4B09DFAF18C13E /* UnifiedInboxRow.swift */,
			);
			path = Sidebar;
			sourceTree = "<group>";
		};
		F00B9F88805F35215FC8149C /* Components */ = {
			isa = PBXGroup;
			children = (
				F6E2BE87F3F8D6D82A5C661A /* ActionFormatting.swift */,
				4258FA31C049A293D658A3CE /* AgentBadge.swift */,
				DBA45B76E3E59D23B922D860 /* ColorIndicator.swift */,
				D050CA6EEFB11452C92977C1 /* DiffView.swift */,
				ADFE22B107DA01C6DC2C67C7 /* Spacing.swift */,
				B254DE85A21F139AF88969F6 /* StatusBadge.swift */,
				83794677BF621BEDB36F8287 /* TimeLabel.swift */,
				C8FB18E5540B4923A9D0FCE5 /* TrackChangesToolbarContent.swift */,
				A5E40DFFF87741F4B4153843 /* LiveCheckRow.swift */,
				2D1FEF18C05C4EB6A4931DAD /* DetailLine.swift */,
			);
			path = Components;
			sourceTree = "<group>";
		};
		F2EC59648DA1B62188DA4583 /* Models */ = {
			isa = PBXGroup;
			children = (
				8A3B6369A695CC497AC4BFCA /* CommandCenter.swift */,
				A20C4114B01F2F0D7E024DD0 /* DomainPreset.swift */,
				18233197B24B119F64466148 /* EmailAccountModel.swift */,
				5DBD8DD896966114B4335863 /* EmailSearchModel.swift */,
				23760AEA487279BB56652F47 /* EmailSelectionModel.swift */,
				A43BA689161AF82B93E21E11 /* FileNode.swift */,
				D16F4BF0F58ACF058AB1474A /* HistoryModel.swift */,
				F1EABAD0A1EA2475E185D503 /* ManifoldStore.swift */,
				C25000DE1F68784E45812D2B /* ManifoldTypes.swift */,
				EEAA3C58A30F803C5586F7A1 /* SessionModel.swift */,
				FB68B0854C6DD4AA29058275 /* SetupModel.swift */,
				C1F98624E0F332E367EEC45F /* StorageModel.swift */,
				4CF3372BBB8E469B95371CD8 /* PolicyModel.swift */,
				57FAB8738DFE4AEB8A20E3A4 /* AgentConnectionState.swift */,
				B6D66485DDB84D0B9C8D51A6 /* IntegrationHealthModel.swift */,
			);
			path = Models;
			sourceTree = "<group>";
		};
		F8E9FBF570750FEEE20E70A5 /* ReadingPane */ = {
			isa = PBXGroup;
			children = (
				7563B6AC08E7B6763DD54D6B /* AttachmentBar.swift */,
				01E2964F1F242AAC4C3CCF88 /* EmailHeaderView.swift */,
				637D496B74DA1115C460A54B /* EmailReadingPane.swift */,
				4FAC171D81D96E63870D5F88 /* HTMLEmailView.swift */,
				9E46BBEA89E3637143A3AE05 /* PlainTextEmailView.swift */,
				C5362DEFA0F55C0F4907B52D /* ReadingPaneToolbar.swift */,
			);
			path = ReadingPane;
			sourceTree = "<group>";
		};
/* End PBXGroup section */

/* Begin PBXNativeTarget section */
		A6679FE56DC4150E476E48D5 /* Manifold */ = {
			isa = PBXNativeTarget;
			buildConfigurationList = BA66A054E57B521083135D38 /* Build configuration list for PBXNativeTarget "Manifold" */;
			buildPhases = (
				8263F2E00A2E489F2090951C /* Sources */,
				380E85CDE3445A5CAE94FE21 /* Frameworks */,
			);
			buildRules = (
			);
			dependencies = (
			);
			name = Manifold;
			packageProductDependencies = (
				59CA05998C5293BB2C2FB2E7 /* ManifoldKit */,
			);
			productName = Manifold;
			productReference = 564B55046AEBA3B1643FE2FE /* Manifold.app */;
			productType = "com.apple.product-type.application";
		};
/* End PBXNativeTarget section */

/* Begin PBXProject section */
		410CD3A96BEA1EBB97FBA054 /* Project object */ = {
			isa = PBXProject;
			attributes = {
				BuildIndependentTargetsInParallel = YES;
				LastUpgradeCheck = 2640;
				TargetAttributes = {
					A6679FE56DC4150E476E48D5 = {
						DevelopmentTeam = 9FHKB788RP;
						ProvisioningStyle = Automatic;
					};
				};
			};
			buildConfigurationList = 144A63EFAA67611546BCC811 /* Build configuration list for PBXProject "Manifold" */;
			developmentRegion = en;
			hasScannedForEncodings = 0;
			knownRegions = (
				Base,
				en,
			);
			mainGroup = 6B2C0FC6E754ABD88C73F783;
			minimizedProjectReferenceProxies = 1;
			packageReferences = (
				8F0F29D0EA6B307D3CA09E9D /* XCLocalSwiftPackageReference "." */,
			);
			preferredProjectObjectVersion = 77;
			productRefGroup = 38B4BF091B2E419B65C70EA2 /* Products */;
			projectDirPath = "";
			projectRoot = "";
			targets = (
				A6679FE56DC4150E476E48D5 /* Manifold */,
			);
		};
/* End PBXProject section */

/* Begin PBXSourcesBuildPhase section */
		8263F2E00A2E489F2090951C /* Sources */ = {
			isa = PBXSourcesBuildPhase;
			buildActionMask = 2147483647;
			files = (
				B7088F7841872F0D434D397F /* AccountTreeSection.swift in Sources */,
				95AF5CBC574458C2D1C61AEC /* ActionFormatting.swift in Sources */,
				614FCE773F1241E5128C417B /* ActivityRow.swift in Sources */,
				44285AF252D046288C4E3ECD /* ActivityView.swift in Sources */,
				DF8598E64C13627730BE8378 /* AddAccountButton.swift in Sources */,
				A88C1FD90DFC98F36CD04618 /* AgentBadge.swift in Sources */,
				4B15FD6AFD465A82FDF411FE /* AttachmentBar.swift in Sources */,
				DD5F55F6D884CA024691F250 /* ColorIndicator.swift in Sources */,
				DB83D5D4F1443A77649FD60D /* CommandCenter.swift in Sources */,
				F711EC11A62C0798BB1112B6 /* CommandPaletteView.swift in Sources */,
				69D9C84177C2F38BE473AB6D /* DiffView.swift in Sources */,
				EEC5E06B942FC7FB102B405E /* DomainPreset.swift in Sources */,
				1F4BA2DB9FAB796928BC9A7F /* EmailAccountModel.swift in Sources */,
				1F0C08BF8B7FA359313182D1 /* EmailHeaderView.swift in Sources */,
				89A98676FDACCB0819FE9C75 /* EmailMessageList.swift in Sources */,
				B184F0F66EE28357C5F7F306 /* EmailMessageRow.swift in Sources */,
				AADF9BD6E935C4117F68FD4F /* EmailReadingPane.swift in Sources */,
				2037162F5FFA81AE0AD37C84 /* EmailSearchField.swift in Sources */,
				5ACC76D796DCE087D8D519B2 /* EmailSearchModel.swift in Sources */,
				AB73A856DCC2BE53D2783481 /* EmailSelectionModel.swift in Sources */,
				8B537DC82E97E27C9C9D4328 /* EmailSidebar.swift in Sources */,
				2D2D8CE031753023740CDCDC /* EmailView.swift in Sources */,
				DD0E814909A12F268657D2BA /* FileNode.swift in Sources */,
				C48242D545D19CB08CF42BE6 /* FilesView.swift in Sources */,
				5865039FE125F32D3A26A7E3 /* HTMLEmailView.swift in Sources */,
				152085B000FDA2B89960DC53 /* HistoryModel.swift in Sources */,
				F1E6236E38A106FEDE8B666A /* MainView.swift in Sources */,
				9D0CFFFEBF16A5ABAE21E35B /* ManifoldApp.swift in Sources */,
				15DA67171F7D440A1374799B /* ManifoldStore.swift in Sources */,
				B858CA7D0F09836A2CCC3E46 /* ManifoldTypes.swift in Sources */,
				8D85FE284085DD2DE3D128E0 /* MessageFilterBar.swift in Sources */,
				85427233CE2AF294D5200800 /* MessageListEmpty.swift in Sources */,
				9C21B38F8585ED71F0B2C48D /* PlainTextEmailView.swift in Sources */,
				14774DD9D18E10692E7157E4 /* QuickFilterSection.swift in Sources */,
				7C8290B0771006D0067B88B7 /* ReadingPaneToolbar.swift in Sources */,
				C53B25BDE111ACA8DD15DCA9 /* SelectionActionBar.swift in Sources */,
				841965F5D9E60BE45FD9A022 /* SessionModel.swift in Sources */,
				B68F43799D17150AE093B5CC /* SetupModel.swift in Sources */,
				C3182DF479A7123CD5D3BCD5 /* ShareWithCoworkSheet.swift in Sources */,
				94D42B99BEDA9FC2D59382DC /* SharedEmailsRow.swift in Sources */,
				CD6F8DDAAE334A37C9CDA2BF /* SmartMailboxEditor.swift in Sources */,
				6264FE703CB49EC3348C20EB /* SnapshotRow.swift in Sources */,
				7CE4BAD9EE7A986871DDC8C5 /* Spacing.swift in Sources */,
				6108614237351F25329A33EA /* StatusBadge.swift in Sources */,
				124B765B5A4FCF6DAA85FF70 /* StorageModel.swift in Sources */,
				17F701EEBA3AA625259D7306 /* TimeLabel.swift in Sources */,
				E594B741E10D22BBCE9417E2 /* UnifiedInboxRow.swift in Sources */,
				299780E7A90848E928A18544 /* VersionDetailView.swift in Sources */,
				CC89E3C4C9FC8FCFA49C18E3 /* VersionsView.swift in Sources */,
				74E110E9E0DF4A85A67F4B3F /* PolicyModel.swift in Sources */,
				0D61289FD2BE4552BA035A63 /* ActivityDrawer.swift in Sources */,
				5CB48BF0B1A84D44AE1B58FB /* AgentFocusControl.swift in Sources */,
				F7FA1FF728BB4FAE87E776B0 /* AgentPolicyCard.swift in Sources */,
				E087650C8B4746CB8DA2172B /* DomainsTableView.swift in Sources */,
				48D403DF7ED94F4B87C307A3 /* FilesSidebar.swift in Sources */,
				2669B744EAA14D19934B2151 /* OverviewView.swift in Sources */,
				46503FAF9373441582743A18 /* ReviewAccessSheet.swift in Sources */,
				5F39BBA0B4694D689785A28B /* SourcesTableView.swift in Sources */,
				9B0FD781995F4F5A9B0D807E /* WorkBlockBannerView.swift in Sources */,
				BE9D5BE898F84A08B9BDE4CC /* TrackChangesToolbarContent.swift in Sources */,
				C6A2CAD11DC74190AB4EE305 /* AgentConnectionState.swift in Sources */,
				72801AAD69024EFDA04ABF66 /* IntegrationHealthModel.swift in Sources */,
				738365AD1BF443EA852EFE94 /* SettingsView.swift in Sources */,
				549C9444D449451F89951F63 /* GeneralSettingsPane.swift in Sources */,
				AB71F3B7C8ED47FABAA0B8EE /* AIAppsSettingsPane.swift in Sources */,
				B3A742ED2777467984FB6A36 /* MailSettingsPane.swift in Sources */,
				8495C790CCAE4A808BCD482C /* StorageSettingsPane.swift in Sources */,
				DA99D7FD65B84EB0AFAFEB8E /* SetupAssistantView.swift in Sources */,
				1ADE8E4230D94FBA97D8D84B /* LiveCheckRow.swift in Sources */,
				C066C43596AD4E0AA1A7ED60 /* DetailLine.swift in Sources */,
				E7CBB062F8FE422EAD9CCFD9 /* ConnectClaudeSheet.swift in Sources */,
				C425B2246DA3466D86D18A32 /* ConnectCodexSheet.swift in Sources */,
				7B720B87452445EF821E01B5 /* EmailAccountSetupView.swift in Sources */,
				5F513BA027EE4D8FAAE37259 /* ReviewChangesSheet.swift in Sources */,
				0BE3DA79CDD040A0B63DD21B /* AddMailAccountSheet.swift in Sources */,
			);
			runOnlyForDeploymentPostprocessing = 0;
		};
/* End PBXSourcesBuildPhase section */

/* Begin XCBuildConfiguration section */
		4C287460DC10AA3FF563DE63 /* Release */ = {
			isa = XCBuildConfiguration;
			buildSettings = {
				ALWAYS_SEARCH_USER_PATHS = NO;
				CLANG_ANALYZER_NONNULL = YES;
				CLANG_ANALYZER_NUMBER_OBJECT_CONVERSION = YES_AGGRESSIVE;
				CLANG_CXX_LANGUAGE_STANDARD = "gnu++14";
				CLANG_CXX_LIBRARY = "libc++";
				CLANG_ENABLE_MODULES = YES;
				CLANG_ENABLE_OBJC_ARC = YES;
				CLANG_ENABLE_OBJC_WEAK = YES;
				CLANG_WARN_BLOCK_CAPTURE_AUTORELEASING = YES;
				CLANG_WARN_BOOL_CONVERSION = YES;
				CLANG_WARN_COMMA = YES;
				CLANG_WARN_CONSTANT_CONVERSION = YES;
				CLANG_WARN_DEPRECATED_OBJC_IMPLEMENTATIONS = YES;
				CLANG_WARN_DIRECT_OBJC_ISA_USAGE = YES_ERROR;
				CLANG_WARN_DOCUMENTATION_COMMENTS = YES;
				CLANG_WARN_EMPTY_BODY = YES;
				CLANG_WARN_ENUM_CONVERSION = YES;
				CLANG_WARN_INFINITE_RECURSION = YES;
				CLANG_WARN_INT_CONVERSION = YES;
				CLANG_WARN_NON_LITERAL_NULL_CONVERSION = YES;
				CLANG_WARN_OBJC_IMPLICIT_RETAIN_SELF = YES;
				CLANG_WARN_OBJC_LITERAL_CONVERSION = YES;
				CLANG_WARN_OBJC_ROOT_CLASS = YES_ERROR;
				CLANG_WARN_QUOTED_INCLUDE_IN_FRAMEWORK_HEADER = YES;
				CLANG_WARN_RANGE_LOOP_ANALYSIS = YES;
				CLANG_WARN_STRICT_PROTOTYPES = YES;
				CLANG_WARN_SUSPICIOUS_MOVE = YES;
				CLANG_WARN_UNGUARDED_AVAILABILITY = YES_AGGRESSIVE;
				CLANG_WARN_UNREACHABLE_CODE = YES;
				CLANG_WARN__DUPLICATE_METHOD_MATCH = YES;
				COPY_PHASE_STRIP = NO;
				DEBUG_INFORMATION_FORMAT = "dwarf-with-dsym";
				ENABLE_NS_ASSERTIONS = NO;
				ENABLE_STRICT_OBJC_MSGSEND = YES;
				GCC_C_LANGUAGE_STANDARD = gnu11;
				GCC_NO_COMMON_BLOCKS = YES;
				GCC_WARN_64_TO_32_BIT_CONVERSION = YES;
				GCC_WARN_ABOUT_RETURN_TYPE = YES_ERROR;
				GCC_WARN_UNDECLARED_SELECTOR = YES;
				GCC_WARN_UNINITIALIZED_AUTOS = YES_AGGRESSIVE;
				GCC_WARN_UNUSED_FUNCTION = YES;
				GCC_WARN_UNUSED_VARIABLE = YES;
				MACOSX_DEPLOYMENT_TARGET = 26.0;
				MTL_ENABLE_DEBUG_INFO = NO;
				MTL_FAST_MATH = YES;
				PRODUCT_NAME = "$(TARGET_NAME)";
				SDKROOT = macosx;
				SWIFT_COMPILATION_MODE = wholemodule;
				SWIFT_OPTIMIZATION_LEVEL = "-O";
				SWIFT_VERSION = 5.0;
			};
			name = Release;
		};
		5D394182223B3858A31EDF7B /* Debug */ = {
			isa = XCBuildConfiguration;
			buildSettings = {
				ALWAYS_SEARCH_USER_PATHS = NO;
				CLANG_ANALYZER_NONNULL = YES;
				CLANG_ANALYZER_NUMBER_OBJECT_CONVERSION = YES_AGGRESSIVE;
				CLANG_CXX_LANGUAGE_STANDARD = "gnu++14";
				CLANG_CXX_LIBRARY = "libc++";
				CLANG_ENABLE_MODULES = YES;
				CLANG_ENABLE_OBJC_ARC = YES;
				CLANG_ENABLE_OBJC_WEAK = YES;
				CLANG_WARN_BLOCK_CAPTURE_AUTORELEASING = YES;
				CLANG_WARN_BOOL_CONVERSION = YES;
				CLANG_WARN_COMMA = YES;
				CLANG_WARN_CONSTANT_CONVERSION = YES;
				CLANG_WARN_DEPRECATED_OBJC_IMPLEMENTATIONS = YES;
				CLANG_WARN_DIRECT_OBJC_ISA_USAGE = YES_ERROR;
				CLANG_WARN_DOCUMENTATION_COMMENTS = YES;
				CLANG_WARN_EMPTY_BODY = YES;
				CLANG_WARN_ENUM_CONVERSION = YES;
				CLANG_WARN_INFINITE_RECURSION = YES;
				CLANG_WARN_INT_CONVERSION = YES;
				CLANG_WARN_NON_LITERAL_NULL_CONVERSION = YES;
				CLANG_WARN_OBJC_IMPLICIT_RETAIN_SELF = YES;
				CLANG_WARN_OBJC_LITERAL_CONVERSION = YES;
				CLANG_WARN_OBJC_ROOT_CLASS = YES_ERROR;
				CLANG_WARN_QUOTED_INCLUDE_IN_FRAMEWORK_HEADER = YES;
				CLANG_WARN_RANGE_LOOP_ANALYSIS = YES;
				CLANG_WARN_STRICT_PROTOTYPES = YES;
				CLANG_WARN_SUSPICIOUS_MOVE = YES;
				CLANG_WARN_UNGUARDED_AVAILABILITY = YES_AGGRESSIVE;
				CLANG_WARN_UNREACHABLE_CODE = YES;
				CLANG_WARN__DUPLICATE_METHOD_MATCH = YES;
				COPY_PHASE_STRIP = NO;
				DEBUG_INFORMATION_FORMAT = dwarf;
				ENABLE_STRICT_OBJC_MSGSEND = YES;
				ENABLE_TESTABILITY = YES;
				GCC_C_LANGUAGE_STANDARD = gnu11;
				GCC_DYNAMIC_NO_PIC = NO;
				GCC_NO_COMMON_BLOCKS = YES;
				GCC_OPTIMIZATION_LEVEL = 0;
				GCC_PREPROCESSOR_DEFINITIONS = (
					"$(inherited)",
					"DEBUG=1",
				);
				GCC_WARN_64_TO_32_BIT_CONVERSION = YES;
				GCC_WARN_ABOUT_RETURN_TYPE = YES_ERROR;
				GCC_WARN_UNDECLARED_SELECTOR = YES;
				GCC_WARN_UNINITIALIZED_AUTOS = YES_AGGRESSIVE;
				GCC_WARN_UNUSED_FUNCTION = YES;
				GCC_WARN_UNUSED_VARIABLE = YES;
				MACOSX_DEPLOYMENT_TARGET = 26.0;
				MTL_ENABLE_DEBUG_INFO = INCLUDE_SOURCE;
				MTL_FAST_MATH = YES;
				ONLY_ACTIVE_ARCH = YES;
				PRODUCT_NAME = "$(TARGET_NAME)";
				SDKROOT = macosx;
				SWIFT_ACTIVE_COMPILATION_CONDITIONS = DEBUG;
				SWIFT_OPTIMIZATION_LEVEL = "-Onone";
				SWIFT_VERSION = 5.0;
			};
			name = Debug;
		};
		67148C50DFB08F7892ED7479 /* Debug */ = {
			isa = XCBuildConfiguration;
			buildSettings = {
				ASSETCATALOG_COMPILER_APPICON_NAME = AppIcon;
				CODE_SIGN_ENTITLEMENTS = ManifoldApp/ManifoldApp/Manifold.entitlements;
				CODE_SIGN_STYLE = Automatic;
				COMBINE_HIDPI_IMAGES = YES;
				CURRENT_PROJECT_VERSION = 1;
				DEVELOPMENT_TEAM = 9FHKB788RP;
				ENABLE_DEBUG_DYLIB = YES;
				GENERATE_INFOPLIST_FILE = YES;
				INFOPLIST_KEY_LSApplicationCategoryType = "public.app-category.utilities";
				INFOPLIST_KEY_NSHumanReadableCopyright = "Copyright 2026 Spatial Duality. All rights reserved.";
				LD_RUNPATH_SEARCH_PATHS = (
					"$(inherited)",
					"@executable_path/../Frameworks",
				);
				MARKETING_VERSION = 0.3.0;
				PRODUCT_BUNDLE_IDENTIFIER = com.spatialduality.manifold;
				PRODUCT_NAME = Manifold;
				SDKROOT = macosx;
				SWIFT_STRICT_CONCURRENCY = complete;
				SWIFT_VERSION = 6.0;
			};
			name = Debug;
		};
		A14C6E46C7A7D06E0DC68CCD /* Release */ = {
			isa = XCBuildConfiguration;
			buildSettings = {
				ASSETCATALOG_COMPILER_APPICON_NAME = AppIcon;
				CODE_SIGN_ENTITLEMENTS = ManifoldApp/ManifoldApp/Manifold.entitlements;
				CODE_SIGN_STYLE = Automatic;
				COMBINE_HIDPI_IMAGES = YES;
				CURRENT_PROJECT_VERSION = 1;
				DEVELOPMENT_TEAM = 9FHKB788RP;
				ENABLE_DEBUG_DYLIB = YES;
				GENERATE_INFOPLIST_FILE = YES;
				INFOPLIST_KEY_LSApplicationCategoryType = "public.app-category.utilities";
				INFOPLIST_KEY_NSHumanReadableCopyright = "Copyright 2026 Spatial Duality. All rights reserved.";
				LD_RUNPATH_SEARCH_PATHS = (
					"$(inherited)",
					"@executable_path/../Frameworks",
				);
				MARKETING_VERSION = 0.3.0;
				PRODUCT_BUNDLE_IDENTIFIER = com.spatialduality.manifold;
				PRODUCT_NAME = Manifold;
				SDKROOT = macosx;
				SWIFT_STRICT_CONCURRENCY = complete;
				SWIFT_VERSION = 6.0;
			};
			name = Release;
		};
/* End XCBuildConfiguration section */

/* Begin XCConfigurationList section */
		144A63EFAA67611546BCC811 /* Build configuration list for PBXProject "Manifold" */ = {
			isa = XCConfigurationList;
			buildConfigurations = (
				5D394182223B3858A31EDF7B /* Debug */,
				4C287460DC10AA3FF563DE63 /* Release */,
			);
			defaultConfigurationIsVisible = 0;
			defaultConfigurationName = Debug;
		};
		BA66A054E57B521083135D38 /* Build configuration list for PBXNativeTarget "Manifold" */ = {
			isa = XCConfigurationList;
			buildConfigurations = (
				67148C50DFB08F7892ED7479 /* Debug */,
				A14C6E46C7A7D06E0DC68CCD /* Release */,
			);
			defaultConfigurationIsVisible = 0;
			defaultConfigurationName = Debug;
		};
/* End XCConfigurationList section */

/* Begin XCLocalSwiftPackageReference section */
		8F0F29D0EA6B307D3CA09E9D /* XCLocalSwiftPackageReference "." */ = {
			isa = XCLocalSwiftPackageReference;
			relativePath = .;
		};
/* End XCLocalSwiftPackageReference section */

/* Begin XCSwiftPackageProductDependency section */
		59CA05998C5293BB2C2FB2E7 /* ManifoldKit */ = {
			isa = XCSwiftPackageProductDependency;
			productName = ManifoldKit;
		};
/* End XCSwiftPackageProductDependency section */
	};
	rootObject = 410CD3A96BEA1EBB97FBA054 /* Project object */;
}
