// !$*UTF8*$!
{
	archiveVersion = 1;
	classes = {
	};
	objectVersion = 77;
	objects = {

/* Begin PBXBuildFile section */
		016A645B83DCA9156959A87D /* InspectorSharingSelector.swift in Sources */ = {isa = PBXBuildFile; fileRef = 51D105F22DD24DF3B6D8B8A6 /* InspectorSharingSelector.swift */; };
		0260E84BE9451B7342295D1A /* SessionPrimitives.swift in Sources */ = {isa = PBXBuildFile; fileRef = 2D2C3550A7F5EE69EDB1285F /* SessionPrimitives.swift */; };
		045A18D0B9D5EC53F16E88C0 /* AgentCard.swift in Sources */ = {isa = PBXBuildFile; fileRef = EB438FF3647437EBED8BF70D /* AgentCard.swift */; };
		06AD192F8FFDDB7368A084C4 /* RulesView.swift in Sources */ = {isa = PBXBuildFile; fileRef = C2C1DAD87B51654605600ED6 /* RulesView.swift */; };
		0F285860907998D2C33E1E73 /* PolicyModel+Session.swift in Sources */ = {isa = PBXBuildFile; fileRef = B6C5A1B720512851D2686C11 /* PolicyModel+Session.swift */; };
		0FBBB43C0AB9648016121C75 /* FoldersMatrixView.swift in Sources */ = {isa = PBXBuildFile; fileRef = 0095F0998503E87F97508D06 /* FoldersMatrixView.swift */; };
		124B765B5A4FCF6DAA85FF70 /* StorageModel.swift in Sources */ = {isa = PBXBuildFile; fileRef = C1F98624E0F332E367EEC45F /* StorageModel.swift */; };
		152085B000FDA2B89960DC53 /* HistoryModel.swift in Sources */ = {isa = PBXBuildFile; fileRef = D16F4BF0F58ACF058AB1474A /* HistoryModel.swift */; };
		15DA67171F7D440A1374799B /* ManifoldStore.swift in Sources */ = {isa = PBXBuildFile; fileRef = F1EABAD0A1EA2475E185D503 /* ManifoldStore.swift */; };
		16ACE634A4D5085AFD147076 /* EmptyMailView.swift in Sources */ = {isa = PBXBuildFile; fileRef = A7683F22760142789E9E2424 /* EmptyMailView.swift */; };
		17F701EEBA3AA625259D7306 /* TimeLabel.swift in Sources */ = {isa = PBXBuildFile; fileRef = 83794677BF621BEDB36F8287 /* TimeLabel.swift */; };
		196AE094B9F3745ABC23A2C5 /* MenuBarPanelView.swift in Sources */ = {isa = PBXBuildFile; fileRef = B357F3F429090B981E7B6892 /* MenuBarPanelView.swift */; };
		1E8D80EBDAD1320A3DBA030D /* EmptyStateIllustration.swift in Sources */ = {isa = PBXBuildFile; fileRef = 4331F73A42EB2B126226A9EB /* EmptyStateIllustration.swift */; };
		1F4BA2DB9FAB796928BC9A7F /* EmailAccountModel.swift in Sources */ = {isa = PBXBuildFile; fileRef = 18233197B24B119F64466148 /* EmailAccountModel.swift */; };
		1F69A3306AEE8A8E59FB8E2E /* SessionChip.swift in Sources */ = {isa = PBXBuildFile; fileRef = 5813EE1521D4B8443BA33982 /* SessionChip.swift */; };
		2049BC2D5AA1902B06F61EF5 /* AppRuntimeClient+AccessRedesign.swift in Sources */ = {isa = PBXBuildFile; fileRef = 11B9947B6951D0CCEAC92D04 /* AppRuntimeClient+AccessRedesign.swift */; };
		25538A3AC0A6470895B71889 /* EmailRulesModel.swift in Sources */ = {isa = PBXBuildFile; fileRef = 3F37BF1876CC8B3D18D265A5 /* EmailRulesModel.swift */; };
		25C3064D03B212D0B7764FA8 /* PrivacyDiffView.swift in Sources */ = {isa = PBXBuildFile; fileRef = 07D674EC5D561D8FB5323CE9 /* PrivacyDiffView.swift */; };
		2763FEB342221B07FBB4C18E /* KbdLabel.swift in Sources */ = {isa = PBXBuildFile; fileRef = 6F762E94653BA267336BB76A /* KbdLabel.swift */; };
		2998A5AE247FB55DDFC15989 /* MenuBarBrandIcon.swift in Sources */ = {isa = PBXBuildFile; fileRef = 67BFECA0B0AE1E68A7651BB2 /* MenuBarBrandIcon.swift */; };
		2D82A68AB952723DD9D6FBCC /* DiagnosticsModel.swift in Sources */ = {isa = PBXBuildFile; fileRef = C1F0A7830F64DC492FDEA4F8 /* DiagnosticsModel.swift */; };
		370B18C78B6C8B97E187172E /* BrandMark.swift in Sources */ = {isa = PBXBuildFile; fileRef = 11E03FB4B757A6F31C52DD66 /* BrandMark.swift */; };
		402B9C93576224F1E53A6C74 /* RuleListTable.swift in Sources */ = {isa = PBXBuildFile; fileRef = 07663F34627D1E9A9D3283D9 /* RuleListTable.swift */; };
		44A5C067DED843768F7CAEB6 /* ManifoldStoreTests.swift in Sources */ = {isa = PBXBuildFile; fileRef = 4D54697975287E64B2E0BE35 /* ManifoldStoreTests.swift */; };
		46040B11E204F2D8966FA96B /* EmailRulesModelTests.swift in Sources */ = {isa = PBXBuildFile; fileRef = A77A01E8015C708884AEBE6D /* EmailRulesModelTests.swift */; };
		516D5E047E71B26F39DE8C1A /* ManifoldXPC in Frameworks */ = {isa = PBXBuildFile; productRef = C2910946E949A8F592980971 /* ManifoldXPC */; };
		518EF078E6F82F743E959890 /* StorageSettingsPane.swift in Sources */ = {isa = PBXBuildFile; fileRef = 009EA04550A7634D95791F57 /* StorageSettingsPane.swift */; };
		527808D9447CEA98E82AEB55 /* IntegrationHealthModelTests.swift in Sources */ = {isa = PBXBuildFile; fileRef = D2FF9F7B8DBA9337056A84D8 /* IntegrationHealthModelTests.swift */; };
		54607D222485209827037042 /* FileDropTarget.swift in Sources */ = {isa = PBXBuildFile; fileRef = CC4E1FB8E42726300FDD5A00 /* FileDropTarget.swift */; };
		57B8BBA1ED763E7479DD595F /* AdvancedSettingsPane.swift in Sources */ = {isa = PBXBuildFile; fileRef = 80E07891B5469129BFFFBFDD /* AdvancedSettingsPane.swift */; };
		58DA505771335E7D8FA3C52B /* PathLabel.swift in Sources */ = {isa = PBXBuildFile; fileRef = CE8504BD8549930002957BEF /* PathLabel.swift */; };
		593A44BDA7921F432BE891F6 /* AccessHistoryView.swift in Sources */ = {isa = PBXBuildFile; fileRef = 62382FE592DCD22D0AE9F7BE /* AccessHistoryView.swift */; };
		5ACC76D796DCE087D8D519B2 /* EmailSearchModel.swift in Sources */ = {isa = PBXBuildFile; fileRef = 5DBD8DD896966114B4335863 /* EmailSearchModel.swift */; };
		5EEF5F79F25A66B50D2BCFBE /* MailWindowView.swift in Sources */ = {isa = PBXBuildFile; fileRef = A33E84418860828518EEECB5 /* MailWindowView.swift */; };
		65AFE46C2EA1DF1F8D3147BD /* PrivacyInfo.xcprivacy in Resources */ = {isa = PBXBuildFile; fileRef = 1C90FBF4EC81DE6EDD67C671 /* PrivacyInfo.xcprivacy */; };
		69D9C84177C2F38BE473AB6D /* DiffView.swift in Sources */ = {isa = PBXBuildFile; fileRef = D050CA6EEFB11452C92977C1 /* DiffView.swift */; };
		6B632DF1154B821ECFB35927 /* InspectorContext.swift in Sources */ = {isa = PBXBuildFile; fileRef = 262241B9FB8C4EC6B26D9918 /* InspectorContext.swift */; };
		6D091E5697C9D3A78045EDAB /* SegmentedToggle.swift in Sources */ = {isa = PBXBuildFile; fileRef = FFFDC8760CA4A77FC8C7A925 /* SegmentedToggle.swift */; };
		6D8499A82DBBA5C1FC009EA9 /* ManifoldKit in Frameworks */ = {isa = PBXBuildFile; productRef = 59CA05998C5293BB2C2FB2E7 /* ManifoldKit */; };
		6E592096E933DF72477EFEE1 /* AgentStatusDot.swift in Sources */ = {isa = PBXBuildFile; fileRef = ABDF483BEEFBCC0A7099CD93 /* AgentStatusDot.swift */; };
		6FB8176527DA56476B2B26E9 /* SessionPrimitivesTests.swift in Sources */ = {isa = PBXBuildFile; fileRef = 2CF25DC3B06D1813DDE4F801 /* SessionPrimitivesTests.swift */; };
		75BF198A602A21AB8290604B /* ConnectClaudeSheet.swift in Sources */ = {isa = PBXBuildFile; fileRef = 12D2331C5DCB60B7F4F57912 /* ConnectClaudeSheet.swift */; };
		771A9CD50913839945E83A55 /* NewRuleSheet.swift in Sources */ = {isa = PBXBuildFile; fileRef = EDEB7405E7E39B14EE4B0C85 /* NewRuleSheet.swift */; };
		78C694F935FF22E93BE2F227 /* CategoryChip.swift in Sources */ = {isa = PBXBuildFile; fileRef = B1B3C61AB4243F58346D1B8E /* CategoryChip.swift */; };
		7A64D0DAA91C30E1B28468A3 /* AIAppsSettingsPane.swift in Sources */ = {isa = PBXBuildFile; fileRef = 1A6C12C18EB52D7A9D63436A /* AIAppsSettingsPane.swift */; };
		7C8A31814C0E6ACBF555F24D /* PrivacySettingsPane.swift in Sources */ = {isa = PBXBuildFile; fileRef = 134F1EB5D50773A5809E0E27 /* PrivacySettingsPane.swift */; };
		7CE4BAD9EE7A986871DDC8C5 /* Spacing.swift in Sources */ = {isa = PBXBuildFile; fileRef = ADFE22B107DA01C6DC2C67C7 /* Spacing.swift */; };
		7EA82BC996CD720116AF780C /* InspectorContextProvider.swift in Sources */ = {isa = PBXBuildFile; fileRef = 0283F724FBEDA2995DC661A3 /* InspectorContextProvider.swift */; };
		7F44FA05F4FB46070DE6ED2F /* Atmosphere.metal in Sources */ = {isa = PBXBuildFile; fileRef = A0FC5C5109B2B7E9AF8DB53C /* Atmosphere.metal */; };
		7FDF600CA3FF07C78A1D794E /* ThreadsView.swift in Sources */ = {isa = PBXBuildFile; fileRef = 98E2A236B1CF9FD5685429A9 /* ThreadsView.swift */; };
		8000319D6B87B95A8D489AF2 /* ManifoldKit in Frameworks */ = {isa = PBXBuildFile; productRef = C71CE419C7372C8FDF30CD21 /* ManifoldKit */; };
		81BF7B5E4D3BE68C54385120 /* SharingState.swift in Sources */ = {isa = PBXBuildFile; fileRef = E5FE8619BDD7794230A00E99 /* SharingState.swift */; };
		81E9362D67F432609416C52C /* ManifoldIntents.swift in Sources */ = {isa = PBXBuildFile; fileRef = 4FE9AE4B50EB41439D440FED /* ManifoldIntents.swift */; };
		83E40122DD048E80F8A6D2B6 /* RulesModelTests.swift in Sources */ = {isa = PBXBuildFile; fileRef = 30983BAE0F13BB9B1D6419DA /* RulesModelTests.swift */; };
		841965F5D9E60BE45FD9A022 /* SessionModel.swift in Sources */ = {isa = PBXBuildFile; fileRef = EEAA3C58A30F803C5586F7A1 /* SessionModel.swift */; };
		846308CAB1AA2EEBD7C6DD76 /* AppRuntimeClient.swift in Sources */ = {isa = PBXBuildFile; fileRef = D9DA60175465C785B7AA4D9F /* AppRuntimeClient.swift */; };
		85AC80AD512A343002808D4D /* LedgerWindowView.swift in Sources */ = {isa = PBXBuildFile; fileRef = B10B54AE03CE3C69CAF56E27 /* LedgerWindowView.swift */; };
		85E8CF294C5A22AEABFF1A37 /* IntegratedToolbar.swift in Sources */ = {isa = PBXBuildFile; fileRef = 28602C401C178D0E881CC81F /* IntegratedToolbar.swift */; };
		867CA599332272C01BF5D10D /* GeneralSettingsPane.swift in Sources */ = {isa = PBXBuildFile; fileRef = EC65884C8C989BEB07CAD993 /* GeneralSettingsPane.swift */; };
		8B276B4DB9AE3C9EA9F0FFCA /* SettingsView.swift in Sources */ = {isa = PBXBuildFile; fileRef = C68384EB81C759FFC811CBBD /* SettingsView.swift */; };
		8B75D4A6EEA1B3D77DD47E7C /* RulesModel.swift in Sources */ = {isa = PBXBuildFile; fileRef = 60C7BB3B39D5C42574132D78 /* RulesModel.swift */; };
		8D67276510234D47B7ED9E1C /* Pill.swift in Sources */ = {isa = PBXBuildFile; fileRef = ACE0BFDF787B5C2CB0D3B87C /* Pill.swift */; };
		8F750A171F9E05D8834FD7BB /* FileTreeInspector.swift in Sources */ = {isa = PBXBuildFile; fileRef = 549CBBBB207F1B4B91F9BE55 /* FileTreeInspector.swift */; };
		93BC639074A4D9E38F199420 /* PolicyModel.swift in Sources */ = {isa = PBXBuildFile; fileRef = 4C53DB47E132540D46B662BD /* PolicyModel.swift */; };
		94D6B0CFC9C104BAC92E8CB9 /* RootWindowContent.swift in Sources */ = {isa = PBXBuildFile; fileRef = B18AB9C065F0670DC385345A /* RootWindowContent.swift */; };
		95AF5CBC574458C2D1C61AEC /* ActionFormatting.swift in Sources */ = {isa = PBXBuildFile; fileRef = F6E2BE87F3F8D6D82A5C661A /* ActionFormatting.swift */; };
		9620CD880A58DC96145F62E2 /* PresetCard.swift in Sources */ = {isa = PBXBuildFile; fileRef = A2C04D501D14B0B48930B94C /* PresetCard.swift */; };
		9D0CFFFEBF16A5ABAE21E35B /* ManifoldApp.swift in Sources */ = {isa = PBXBuildFile; fileRef = 76613F3C74A0440934F46E63 /* ManifoldApp.swift */; };
		A20000000000000000000001 /* LedgerNavigation.swift in Sources */ = {isa = PBXBuildFile; fileRef = A10000000000000000000001 /* LedgerNavigation.swift */; };
		A20000000000000000000002 /* SpaceSwitcher.swift in Sources */ = {isa = PBXBuildFile; fileRef = A10000000000000000000002 /* SpaceSwitcher.swift */; };
		A20000000000000000000003 /* UnifiedLedgerSidebar.swift in Sources */ = {isa = PBXBuildFile; fileRef = A10000000000000000000003 /* UnifiedLedgerSidebar.swift */; };
		A20000000000000000000004 /* WorkNavigator.swift in Sources */ = {isa = PBXBuildFile; fileRef = A10000000000000000000004 /* WorkNavigator.swift */; };
		A20000000000000000000005 /* AccessNavigator.swift in Sources */ = {isa = PBXBuildFile; fileRef = A10000000000000000000005 /* AccessNavigator.swift */; };
		A20000000000000000000006 /* MailNavigator.swift in Sources */ = {isa = PBXBuildFile; fileRef = A10000000000000000000006 /* MailNavigator.swift */; };
		A20000000000000000000007 /* RulesNavigator.swift in Sources */ = {isa = PBXBuildFile; fileRef = A10000000000000000000007 /* RulesNavigator.swift */; };
		A24F6381D0BB34D18DFA9376 /* AgentConnectionState.swift in Sources */ = {isa = PBXBuildFile; fileRef = 283FAE8F20E574AC3B7B5D78 /* AgentConnectionState.swift */; };
		A30000000000000000000001 /* PrivacyApprovalButtons.swift in Sources */ = {isa = PBXBuildFile; fileRef = A30000000000000000000002 /* PrivacyApprovalButtons.swift */; };
		A74EAF479C858C31957B4FD8 /* ManifoldStore+Commands.swift in Sources */ = {isa = PBXBuildFile; fileRef = DBE5F2FDDEE571A03B2FA9F3 /* ManifoldStore+Commands.swift */; };
		A757765C06EE94C3B5A974E5 /* AtmosphericBackground.swift in Sources */ = {isa = PBXBuildFile; fileRef = 2DD2EE4B2573CBB91DA54293 /* AtmosphericBackground.swift */; };
		A7FC5B97EF5D8D320241880B /* FileInspectorPane.swift in Sources */ = {isa = PBXBuildFile; fileRef = 595F5C846507541ACA85E20B /* FileInspectorPane.swift */; };
		A7FFB3506438D4768C1DD841 /* UpdaterModel.swift in Sources */ = {isa = PBXBuildFile; fileRef = 267E3062C4687EA400B4CA6F /* UpdaterModel.swift */; };
		A902EB021766D2774379F029 /* TriStateCheckbox.swift in Sources */ = {isa = PBXBuildFile; fileRef = 6EC96EAAAF71AC585F896D52 /* TriStateCheckbox.swift */; };
		AB73A856DCC2BE53D2783481 /* EmailSelectionModel.swift in Sources */ = {isa = PBXBuildFile; fileRef = 23760AEA487279BB56652F47 /* EmailSelectionModel.swift */; };
		AD4C6E6F2FBD4CF2A6720002 /* SessionWorkbenchModel.swift in Sources */ = {isa = PBXBuildFile; fileRef = AD4C6E6F2FBD4CF2A6720001 /* SessionWorkbenchModel.swift */; };
		AD4C6E6F2FBD4CF2A6720006 /* ReloadDriftSheet.swift in Sources */ = {isa = PBXBuildFile; fileRef = AD4C6E6F2FBD4CF2A6720005 /* ReloadDriftSheet.swift */; };
		AF88EFD4981DFD77F09A9C99 /* LiveCheckRow.swift in Sources */ = {isa = PBXBuildFile; fileRef = D12E49541D0A150EF71C98FA /* LiveCheckRow.swift */; };
		B577D153ED08F7D8012E8642 /* ManifoldAppUITests.swift in Sources */ = {isa = PBXBuildFile; fileRef = ACE7ED146F47690C064E79D0 /* ManifoldAppUITests.swift */; };
		B5B5755EC34FBB0286432FC9 /* TitleSequence.swift in Sources */ = {isa = PBXBuildFile; fileRef = 6887F8452E06D8FB1F5BF979 /* TitleSequence.swift */; };
		B68F43799D17150AE093B5CC /* SetupModel.swift in Sources */ = {isa = PBXBuildFile; fileRef = FB68B0854C6DD4AA29058275 /* SetupModel.swift */; };
		B858CA7D0F09836A2CCC3E46 /* ManifoldTypes.swift in Sources */ = {isa = PBXBuildFile; fileRef = C25000DE1F68784E45812D2B /* ManifoldTypes.swift */; };
		BA90100002414E7F10873EA2 /* MatchPreview.swift in Sources */ = {isa = PBXBuildFile; fileRef = E065C3AD01FCDCAE769F0759 /* MatchPreview.swift */; };
		BAD8C5E020409EBE19EA8D79 /* ConnectCodexSheet.swift in Sources */ = {isa = PBXBuildFile; fileRef = 79022746F9505B00E5F5CA94 /* ConnectCodexSheet.swift */; };
		BB08EB9B2BE1ED8745795EBA /* FirstRunPanels.swift in Sources */ = {isa = PBXBuildFile; fileRef = C2490787A48C47E6B5387C30 /* FirstRunPanels.swift */; };
		C003D4F566EDA57C6C54F484 /* SparklineBar.swift in Sources */ = {isa = PBXBuildFile; fileRef = 6CE0A56225C445AF1538A55E /* SparklineBar.swift */; };
		C07539145FD00F66E2A60B46 /* CommitLadder.swift in Sources */ = {isa = PBXBuildFile; fileRef = 2503627A27A75894E6EF02BF /* CommitLadder.swift */; };
		C408814DC73E7C017B61C33E /* Assets.xcassets in Resources */ = {isa = PBXBuildFile; fileRef = AD21F463E8A0DD4E7E5B25C8 /* Assets.xcassets */; };
		C4AB84C693EA1083A102C63B /* SessionDiffView.swift in Sources */ = {isa = PBXBuildFile; fileRef = 5D518E521BF7064410F259E4 /* SessionDiffView.swift */; };
		CC1C03869B96079BF5581EB1 /* Sparkle in Frameworks */ = {isa = PBXBuildFile; productRef = 5FF27F89470525B8EB5C11D3 /* Sparkle */; };
		CC21D9FF87A4036B5A9BEC18 /* FileTypeIcon.swift in Sources */ = {isa = PBXBuildFile; fileRef = 2EB6201733D6CF2A55D93970 /* FileTypeIcon.swift */; };
		CC344FCCF506B5ED7C10554D /* FilterModeSection.swift in Sources */ = {isa = PBXBuildFile; fileRef = B082C6CC15B5FEB657FFA34A /* FilterModeSection.swift */; };
		CD8AAC075D816C85DDCA6E58 /* PrivacySeverityBar.swift in Sources */ = {isa = PBXBuildFile; fileRef = 1D88BA89EB19AFFFFD84CDF1 /* PrivacySeverityBar.swift */; };
		D0F2BBBDD05111A46F81CBCA /* QuickLookPreview.swift in Sources */ = {isa = PBXBuildFile; fileRef = 4E50FA851604BE30695DFD21 /* QuickLookPreview.swift */; };
		D10DDBE51F4AA051C0B52A98 /* FilesFlatView.swift in Sources */ = {isa = PBXBuildFile; fileRef = C954B211BE478AB70CCDC861 /* FilesFlatView.swift */; };
		D1514CCB2805D63F412B32CB /* DiagnosticsModelTests.swift in Sources */ = {isa = PBXBuildFile; fileRef = CE38CC872AE015C1D6A971C7 /* DiagnosticsModelTests.swift */; };
		D50B8BD6E3332DFD3F25D1CF /* SharingStateTests.swift in Sources */ = {isa = PBXBuildFile; fileRef = BF8AE4554F46026596FEBD3F /* SharingStateTests.swift */; };
		D6372AED072DBA75B29034FE /* ApprovalResolution.swift in Sources */ = {isa = PBXBuildFile; fileRef = E7D8A43287820FA5C121164D /* ApprovalResolution.swift */; };
		D6914168C731E755087000C6 /* InspectorContextProviderTests.swift in Sources */ = {isa = PBXBuildFile; fileRef = 21370F952F6C83332969F820 /* InspectorContextProviderTests.swift */; };
		DB83D5D4F1443A77649FD60D /* CommandCenter.swift in Sources */ = {isa = PBXBuildFile; fileRef = 8A3B6369A695CC497AC4BFCA /* CommandCenter.swift */; };
		DD0E814909A12F268657D2BA /* FileNode.swift in Sources */ = {isa = PBXBuildFile; fileRef = A43BA689161AF82B93E21E11 /* FileNode.swift */; };
		DEA95A050062DE2579A1F77C /* AboutView.swift in Sources */ = {isa = PBXBuildFile; fileRef = 4A7C615557944B55EE371C2D /* AboutView.swift */; };
		DF5134EC649FC1DF0D53845F /* UpdaterModelClassifyTests.swift in Sources */ = {isa = PBXBuildFile; fileRef = A83032B9351A37B478098245 /* UpdaterModelClassifyTests.swift */; };
		DFDCA6688406932807587BCC /* FirstRunFlow.swift in Sources */ = {isa = PBXBuildFile; fileRef = 4BA913448A193A3763D27E58 /* FirstRunFlow.swift */; };
		E0677056F0540965F13E602E /* RuleBuilder.swift in Sources */ = {isa = PBXBuildFile; fileRef = 6C08176722B33E1378DFF696 /* RuleBuilder.swift */; };
		E1F10D141CEB8D20DBD324CE /* DesignTokens.swift in Sources */ = {isa = PBXBuildFile; fileRef = B120B9699C60029951F5A48A /* DesignTokens.swift */; };
		E505F0349C209B2C41EE77E6 /* RuleInspector.swift in Sources */ = {isa = PBXBuildFile; fileRef = C7BFC0D540BFCD85B2F8D3CE /* RuleInspector.swift */; };
		E5E0C0630A050CEA7BED8AB8 /* StatusBar.swift in Sources */ = {isa = PBXBuildFile; fileRef = 90A51646FD4553B0768C3E88 /* StatusBar.swift */; };
		E73ACFFE5B23740791F71E88 /* IntegrationHealthModel.swift in Sources */ = {isa = PBXBuildFile; fileRef = 7D7981C30F5FF4898B4C65B0 /* IntegrationHealthModel.swift */; };
		E76D4FA3F9FD8EF99F6F4C62 /* AccessChipStack.swift in Sources */ = {isa = PBXBuildFile; fileRef = DDCCF34DB1CE80E481C55382 /* AccessChipStack.swift */; };
		E9E298E427A7AA2F6835D58A /* SessionsSettingsPane.swift in Sources */ = {isa = PBXBuildFile; fileRef = 65844708C1365B2F3BA7DA1C /* SessionsSettingsPane.swift */; };
		EB3874B6B5D6745667AA989A /* MailSettingsPane.swift in Sources */ = {isa = PBXBuildFile; fileRef = 8049B04016C58516B4B28E34 /* MailSettingsPane.swift */; };
		EC290D5B1515B1B12F449FF9 /* EmailAccountSetupView.swift in Sources */ = {isa = PBXBuildFile; fileRef = 9B5F1D598AA6E76EC14827F9 /* EmailAccountSetupView.swift */; };
		ED09CFB966DA76055A8DE450 /* SharingControl.swift in Sources */ = {isa = PBXBuildFile; fileRef = DA8CE67FA56A5963A5AE6FB2 /* SharingControl.swift */; };
		ED57E9D47B08A4D24604D431 /* RuntimeStatusSnapshotTests.swift in Sources */ = {isa = PBXBuildFile; fileRef = A14C3445D3AD7B9A899BC836 /* RuntimeStatusSnapshotTests.swift */; };
		EEC5E06B942FC7FB102B405E /* DomainPreset.swift in Sources */ = {isa = PBXBuildFile; fileRef = A20C4114B01F2F0D7E024DD0 /* DomainPreset.swift */; };
		F106EA06BC7844C1498C2662 /* EmptyFoldersView.swift in Sources */ = {isa = PBXBuildFile; fileRef = 0E25C1DC01DAEDD49918C3A1 /* EmptyFoldersView.swift */; };
		F4125183FEADD113134BF557 /* AddMailAccountSheet.swift in Sources */ = {isa = PBXBuildFile; fileRef = 7C7CCA257A2A52565A9E8CD3 /* AddMailAccountSheet.swift */; };
		F48BFA707ED9C7C1A50ED50F /* AccessWindowView.swift in Sources */ = {isa = PBXBuildFile; fileRef = E63B2BEA3FFA00887C8B62FD /* AccessWindowView.swift */; };
		F496E3C747AACEAA8385D551 /* LiquidGlassMaterial.swift in Sources */ = {isa = PBXBuildFile; fileRef = 72A919EAD58F60A93FA58F48 /* LiquidGlassMaterial.swift */; };
		F711EC11A62C0798BB1112B6 /* CommandPaletteView.swift in Sources */ = {isa = PBXBuildFile; fileRef = 11AF6365CF4386C43F2463FD /* CommandPaletteView.swift */; };
		F729926E60AF336AC6C6F0E2 /* GradientAvatar.swift in Sources */ = {isa = PBXBuildFile; fileRef = 664794E534D54BE964BC7CFF /* GradientAvatar.swift */; };
		W0RK0D000000000000000002 /* WorkModel.swift in Sources */ = {isa = PBXBuildFile; fileRef = W0RK0D000000000000000001 /* WorkModel.swift */; };
		W0RKAE000000000000000002 /* ActivityEventPresentation.swift in Sources */ = {isa = PBXBuildFile; fileRef = W0RKAE000000000000000001 /* ActivityEventPresentation.swift */; };
		W0RKV1000000000000000002 /* WorkView.swift in Sources */ = {isa = PBXBuildFile; fileRef = W0RKV1000000000000000001 /* WorkView.swift */; };
/* End PBXBuildFile section */

/* Begin PBXContainerItemProxy section */
		B944E34971E7D9E987B025C7 /* PBXContainerItemProxy */ = {
			isa = PBXContainerItemProxy;
			containerPortal = 410CD3A96BEA1EBB97FBA054 /* Project object */;
			proxyType = 1;
			remoteGlobalIDString = A6679FE56DC4150E476E48D5;
			remoteInfo = Manifold;
		};
		E2A9AFC5A7D12D90575C4165 /* PBXContainerItemProxy */ = {
			isa = PBXContainerItemProxy;
			containerPortal = 410CD3A96BEA1EBB97FBA054 /* Project object */;
			proxyType = 1;
			remoteGlobalIDString = A6679FE56DC4150E476E48D5;
			remoteInfo = Manifold;
		};
/* End PBXContainerItemProxy section */

/* Begin PBXFileReference section */
		0095F0998503E87F97508D06 /* FoldersMatrixView.swift */ = {isa = PBXFileReference; lastKnownFileType = sourcecode.swift; path = FoldersMatrixView.swift; sourceTree = "<group>"; };
		009EA04550A7634D95791F57 /* StorageSettingsPane.swift */ = {isa = PBXFileReference; lastKnownFileType = sourcecode.swift; path = StorageSettingsPane.swift; sourceTree = "<group>"; };
		0283F724FBEDA2995DC661A3 /* InspectorContextProvider.swift */ = {isa = PBXFileReference; lastKnownFileType = sourcecode.swift; path = InspectorContextProvider.swift; sourceTree = "<group>"; };
		07663F34627D1E9A9D3283D9 /* RuleListTable.swift */ = {isa = PBXFileReference; lastKnownFileType = sourcecode.swift; path = RuleListTable.swift; sourceTree = "<group>"; };
		07D674EC5D561D8FB5323CE9 /* PrivacyDiffView.swift */ = {isa = PBXFileReference; lastKnownFileType = sourcecode.swift; path = PrivacyDiffView.swift; sourceTree = "<group>"; };
		0E25C1DC01DAEDD49918C3A1 /* EmptyFoldersView.swift */ = {isa = PBXFileReference; lastKnownFileType = sourcecode.swift; path = EmptyFoldersView.swift; sourceTree = "<group>"; };
		11AF6365CF4386C43F2463FD /* CommandPaletteView.swift */ = {isa = PBXFileReference; lastKnownFileType = sourcecode.swift; path = CommandPaletteView.swift; sourceTree = "<group>"; };
		11B9947B6951D0CCEAC92D04 /* AppRuntimeClient+AccessRedesign.swift */ = {isa = PBXFileReference; lastKnownFileType = sourcecode.swift; path = "AppRuntimeClient+AccessRedesign.swift"; sourceTree = "<group>"; };
		11E03FB4B757A6F31C52DD66 /* BrandMark.swift */ = {isa = PBXFileReference; lastKnownFileType = sourcecode.swift; path = BrandMark.swift; sourceTree = "<group>"; };
		12D2331C5DCB60B7F4F57912 /* ConnectClaudeSheet.swift */ = {isa = PBXFileReference; lastKnownFileType = sourcecode.swift; path = ConnectClaudeSheet.swift; sourceTree = "<group>"; };
		134F1EB5D50773A5809E0E27 /* PrivacySettingsPane.swift */ = {isa = PBXFileReference; lastKnownFileType = sourcecode.swift; path = PrivacySettingsPane.swift; sourceTree = "<group>"; };
		18233197B24B119F64466148 /* EmailAccountModel.swift */ = {isa = PBXFileReference; lastKnownFileType = sourcecode.swift; path = EmailAccountModel.swift; sourceTree = "<group>"; };
		1A6C12C18EB52D7A9D63436A /* AIAppsSettingsPane.swift */ = {isa = PBXFileReference; lastKnownFileType = sourcecode.swift; path = AIAppsSettingsPane.swift; sourceTree = "<group>"; };
		1C90FBF4EC81DE6EDD67C671 /* PrivacyInfo.xcprivacy */ = {isa = PBXFileReference; lastKnownFileType = text.xml; path = PrivacyInfo.xcprivacy; sourceTree = "<group>"; };
		1D88BA89EB19AFFFFD84CDF1 /* PrivacySeverityBar.swift */ = {isa = PBXFileReference; lastKnownFileType = sourcecode.swift; path = PrivacySeverityBar.swift; sourceTree = "<group>"; };
		21370F952F6C83332969F820 /* InspectorContextProviderTests.swift */ = {isa = PBXFileReference; lastKnownFileType = sourcecode.swift; path = InspectorContextProviderTests.swift; sourceTree = "<group>"; };
		23760AEA487279BB56652F47 /* EmailSelectionModel.swift */ = {isa = PBXFileReference; lastKnownFileType = sourcecode.swift; path = EmailSelectionModel.swift; sourceTree = "<group>"; };
		2503627A27A75894E6EF02BF /* CommitLadder.swift */ = {isa = PBXFileReference; lastKnownFileType = sourcecode.swift; path = CommitLadder.swift; sourceTree = "<group>"; };
		262241B9FB8C4EC6B26D9918 /* InspectorContext.swift */ = {isa = PBXFileReference; lastKnownFileType = sourcecode.swift; path = InspectorContext.swift; sourceTree = "<group>"; };
		267E3062C4687EA400B4CA6F /* UpdaterModel.swift */ = {isa = PBXFileReference; lastKnownFileType = sourcecode.swift; path = UpdaterModel.swift; sourceTree = "<group>"; };
		283FAE8F20E574AC3B7B5D78 /* AgentConnectionState.swift */ = {isa = PBXFileReference; lastKnownFileType = sourcecode.swift; path = AgentConnectionState.swift; sourceTree = "<group>"; };
		28602C401C178D0E881CC81F /* IntegratedToolbar.swift */ = {isa = PBXFileReference; lastKnownFileType = sourcecode.swift; path = IntegratedToolbar.swift; sourceTree = "<group>"; };
		2CF25DC3B06D1813DDE4F801 /* SessionPrimitivesTests.swift */ = {isa = PBXFileReference; lastKnownFileType = sourcecode.swift; path = SessionPrimitivesTests.swift; sourceTree = "<group>"; };
		2D2C3550A7F5EE69EDB1285F /* SessionPrimitives.swift */ = {isa = PBXFileReference; lastKnownFileType = sourcecode.swift; path = SessionPrimitives.swift; sourceTree = "<group>"; };
		2DD2EE4B2573CBB91DA54293 /* AtmosphericBackground.swift */ = {isa = PBXFileReference; lastKnownFileType = sourcecode.swift; path = AtmosphericBackground.swift; sourceTree = "<group>"; };
		2EB6201733D6CF2A55D93970 /* FileTypeIcon.swift */ = {isa = PBXFileReference; lastKnownFileType = sourcecode.swift; path = FileTypeIcon.swift; sourceTree = "<group>"; };
		30983BAE0F13BB9B1D6419DA /* RulesModelTests.swift */ = {isa = PBXFileReference; lastKnownFileType = sourcecode.swift; path = RulesModelTests.swift; sourceTree = "<group>"; };
		3F37BF1876CC8B3D18D265A5 /* EmailRulesModel.swift */ = {isa = PBXFileReference; lastKnownFileType = sourcecode.swift; path = EmailRulesModel.swift; sourceTree = "<group>"; };
		4331F73A42EB2B126226A9EB /* EmptyStateIllustration.swift */ = {isa = PBXFileReference; lastKnownFileType = sourcecode.swift; path = EmptyStateIllustration.swift; sourceTree = "<group>"; };
		4A7C615557944B55EE371C2D /* AboutView.swift */ = {isa = PBXFileReference; lastKnownFileType = sourcecode.swift; path = AboutView.swift; sourceTree = "<group>"; };
		4BA913448A193A3763D27E58 /* FirstRunFlow.swift */ = {isa = PBXFileReference; lastKnownFileType = sourcecode.swift; path = FirstRunFlow.swift; sourceTree = "<group>"; };
		4C53DB47E132540D46B662BD /* PolicyModel.swift */ = {isa = PBXFileReference; lastKnownFileType = sourcecode.swift; path = PolicyModel.swift; sourceTree = "<group>"; };
		4D54697975287E64B2E0BE35 /* ManifoldStoreTests.swift */ = {isa = PBXFileReference; lastKnownFileType = sourcecode.swift; path = ManifoldStoreTests.swift; sourceTree = "<group>"; };
		4E50FA851604BE30695DFD21 /* QuickLookPreview.swift */ = {isa = PBXFileReference; lastKnownFileType = sourcecode.swift; path = QuickLookPreview.swift; sourceTree = "<group>"; };
		4FE9AE4B50EB41439D440FED /* ManifoldIntents.swift */ = {isa = PBXFileReference; lastKnownFileType = sourcecode.swift; path = ManifoldIntents.swift; sourceTree = "<group>"; };
		51D105F22DD24DF3B6D8B8A6 /* InspectorSharingSelector.swift */ = {isa = PBXFileReference; lastKnownFileType = sourcecode.swift; path = InspectorSharingSelector.swift; sourceTree = "<group>"; };
		549CBBBB207F1B4B91F9BE55 /* FileTreeInspector.swift */ = {isa = PBXFileReference; lastKnownFileType = sourcecode.swift; path = FileTreeInspector.swift; sourceTree = "<group>"; };
		564B55046AEBA3B1643FE2FE /* Manifold.app */ = {isa = PBXFileReference; explicitFileType = wrapper.application; includeInIndex = 0; path = Manifold.app; sourceTree = BUILT_PRODUCTS_DIR; };
		571405EF8AB67DEA07F1F219 /* Manifold.entitlements */ = {isa = PBXFileReference; lastKnownFileType = text.plist.entitlements; path = Manifold.entitlements; sourceTree = "<group>"; };
		5813EE1521D4B8443BA33982 /* SessionChip.swift */ = {isa = PBXFileReference; lastKnownFileType = sourcecode.swift; path = SessionChip.swift; sourceTree = "<group>"; };
		595F5C846507541ACA85E20B /* FileInspectorPane.swift */ = {isa = PBXFileReference; lastKnownFileType = sourcecode.swift; path = FileInspectorPane.swift; sourceTree = "<group>"; };
		5D518E521BF7064410F259E4 /* SessionDiffView.swift */ = {isa = PBXFileReference; lastKnownFileType = sourcecode.swift; path = SessionDiffView.swift; sourceTree = "<group>"; };
		5DBD8DD896966114B4335863 /* EmailSearchModel.swift */ = {isa = PBXFileReference; lastKnownFileType = sourcecode.swift; path = EmailSearchModel.swift; sourceTree = "<group>"; };
		60C7BB3B39D5C42574132D78 /* RulesModel.swift */ = {isa = PBXFileReference; lastKnownFileType = sourcecode.swift; path = RulesModel.swift; sourceTree = "<group>"; };
		62382FE592DCD22D0AE9F7BE /* AccessHistoryView.swift */ = {isa = PBXFileReference; lastKnownFileType = sourcecode.swift; path = AccessHistoryView.swift; sourceTree = "<group>"; };
		63E586963394EC09E9DC6259 /* ManifoldAppUITests.xctest */ = {isa = PBXFileReference; explicitFileType = wrapper.cfbundle; includeInIndex = 0; path = ManifoldAppUITests.xctest; sourceTree = BUILT_PRODUCTS_DIR; };
		65844708C1365B2F3BA7DA1C /* SessionsSettingsPane.swift */ = {isa = PBXFileReference; lastKnownFileType = sourcecode.swift; path = SessionsSettingsPane.swift; sourceTree = "<group>"; };
		664794E534D54BE964BC7CFF /* GradientAvatar.swift */ = {isa = PBXFileReference; lastKnownFileType = sourcecode.swift; path = GradientAvatar.swift; sourceTree = "<group>"; };
		67BFECA0B0AE1E68A7651BB2 /* MenuBarBrandIcon.swift */ = {isa = PBXFileReference; lastKnownFileType = sourcecode.swift; path = MenuBarBrandIcon.swift; sourceTree = "<group>"; };
		6887F8452E06D8FB1F5BF979 /* TitleSequence.swift */ = {isa = PBXFileReference; lastKnownFileType = sourcecode.swift; path = TitleSequence.swift; sourceTree = "<group>"; };
		6C08176722B33E1378DFF696 /* RuleBuilder.swift */ = {isa = PBXFileReference; lastKnownFileType = sourcecode.swift; path = RuleBuilder.swift; sourceTree = "<group>"; };
		6CE0A56225C445AF1538A55E /* SparklineBar.swift */ = {isa = PBXFileReference; lastKnownFileType = sourcecode.swift; path = SparklineBar.swift; sourceTree = "<group>"; };
		6EC96EAAAF71AC585F896D52 /* TriStateCheckbox.swift */ = {isa = PBXFileReference; lastKnownFileType = sourcecode.swift; path = TriStateCheckbox.swift; sourceTree = "<group>"; };
		6F762E94653BA267336BB76A /* KbdLabel.swift */ = {isa = PBXFileReference; lastKnownFileType = sourcecode.swift; path = KbdLabel.swift; sourceTree = "<group>"; };
		72A919EAD58F60A93FA58F48 /* LiquidGlassMaterial.swift */ = {isa = PBXFileReference; lastKnownFileType = sourcecode.swift; path = LiquidGlassMaterial.swift; sourceTree = "<group>"; };
		76613F3C74A0440934F46E63 /* ManifoldApp.swift */ = {isa = PBXFileReference; lastKnownFileType = sourcecode.swift; path = ManifoldApp.swift; sourceTree = "<group>"; };
		79022746F9505B00E5F5CA94 /* ConnectCodexSheet.swift */ = {isa = PBXFileReference; lastKnownFileType = sourcecode.swift; path = ConnectCodexSheet.swift; sourceTree = "<group>"; };
		7C7CCA257A2A52565A9E8CD3 /* AddMailAccountSheet.swift */ = {isa = PBXFileReference; lastKnownFileType = sourcecode.swift; path = AddMailAccountSheet.swift; sourceTree = "<group>"; };
		7D7981C30F5FF4898B4C65B0 /* IntegrationHealthModel.swift */ = {isa = PBXFileReference; lastKnownFileType = sourcecode.swift; path = IntegrationHealthModel.swift; sourceTree = "<group>"; };
		8049B04016C58516B4B28E34 /* MailSettingsPane.swift */ = {isa = PBXFileReference; lastKnownFileType = sourcecode.swift; path = MailSettingsPane.swift; sourceTree = "<group>"; };
		80E07891B5469129BFFFBFDD /* AdvancedSettingsPane.swift */ = {isa = PBXFileReference; lastKnownFileType = sourcecode.swift; path = AdvancedSettingsPane.swift; sourceTree = "<group>"; };
		83794677BF621BEDB36F8287 /* TimeLabel.swift */ = {isa = PBXFileReference; lastKnownFileType = sourcecode.swift; path = TimeLabel.swift; sourceTree = "<group>"; };
		8A3B6369A695CC497AC4BFCA /* CommandCenter.swift */ = {isa = PBXFileReference; lastKnownFileType = sourcecode.swift; path = CommandCenter.swift; sourceTree = "<group>"; };
		90A51646FD4553B0768C3E88 /* StatusBar.swift */ = {isa = PBXFileReference; lastKnownFileType = sourcecode.swift; path = StatusBar.swift; sourceTree = "<group>"; };
		98E2A236B1CF9FD5685429A9 /* ThreadsView.swift */ = {isa = PBXFileReference; lastKnownFileType = sourcecode.swift; path = ThreadsView.swift; sourceTree = "<group>"; };
		9B5F1D598AA6E76EC14827F9 /* EmailAccountSetupView.swift */ = {isa = PBXFileReference; lastKnownFileType = sourcecode.swift; path = EmailAccountSetupView.swift; sourceTree = "<group>"; };
		A0FC5C5109B2B7E9AF8DB53C /* Atmosphere.metal */ = {isa = PBXFileReference; lastKnownFileType = sourcecode.metal; path = Atmosphere.metal; sourceTree = "<group>"; };
		A10000000000000000000001 /* LedgerNavigation.swift */ = {isa = PBXFileReference; lastKnownFileType = sourcecode.swift; path = LedgerNavigation.swift; sourceTree = "<group>"; };
		A10000000000000000000002 /* SpaceSwitcher.swift */ = {isa = PBXFileReference; lastKnownFileType = sourcecode.swift; path = SpaceSwitcher.swift; sourceTree = "<group>"; };
		A10000000000000000000003 /* UnifiedLedgerSidebar.swift */ = {isa = PBXFileReference; lastKnownFileType = sourcecode.swift; path = UnifiedLedgerSidebar.swift; sourceTree = "<group>"; };
		A10000000000000000000004 /* WorkNavigator.swift */ = {isa = PBXFileReference; lastKnownFileType = sourcecode.swift; path = WorkNavigator.swift; sourceTree = "<group>"; };
		A10000000000000000000005 /* AccessNavigator.swift */ = {isa = PBXFileReference; lastKnownFileType = sourcecode.swift; path = AccessNavigator.swift; sourceTree = "<group>"; };
		A10000000000000000000006 /* MailNavigator.swift */ = {isa = PBXFileReference; lastKnownFileType = sourcecode.swift; path = MailNavigator.swift; sourceTree = "<group>"; };
		A10000000000000000000007 /* RulesNavigator.swift */ = {isa = PBXFileReference; lastKnownFileType = sourcecode.swift; path = RulesNavigator.swift; sourceTree = "<group>"; };
		A14C3445D3AD7B9A899BC836 /* RuntimeStatusSnapshotTests.swift */ = {isa = PBXFileReference; lastKnownFileType = sourcecode.swift; path = RuntimeStatusSnapshotTests.swift; sourceTree = "<group>"; };
		A20C4114B01F2F0D7E024DD0 /* DomainPreset.swift */ = {isa = PBXFileReference; lastKnownFileType = sourcecode.swift; path = DomainPreset.swift; sourceTree = "<group>"; };
		A2C04D501D14B0B48930B94C /* PresetCard.swift */ = {isa = PBXFileReference; lastKnownFileType = sourcecode.swift; path = PresetCard.swift; sourceTree = "<group>"; };
		A30000000000000000000002 /* PrivacyApprovalButtons.swift */ = {isa = PBXFileReference; lastKnownFileType = sourcecode.swift; path = PrivacyApprovalButtons.swift; sourceTree = "<group>"; };
		A33E84418860828518EEECB5 /* MailWindowView.swift */ = {isa = PBXFileReference; lastKnownFileType = sourcecode.swift; path = MailWindowView.swift; sourceTree = "<group>"; };
		A43BA689161AF82B93E21E11 /* FileNode.swift */ = {isa = PBXFileReference; lastKnownFileType = sourcecode.swift; path = FileNode.swift; sourceTree = "<group>"; };
		A7683F22760142789E9E2424 /* EmptyMailView.swift */ = {isa = PBXFileReference; lastKnownFileType = sourcecode.swift; path = EmptyMailView.swift; sourceTree = "<group>"; };
		A77A01E8015C708884AEBE6D /* EmailRulesModelTests.swift */ = {isa = PBXFileReference; lastKnownFileType = sourcecode.swift; path = EmailRulesModelTests.swift; sourceTree = "<group>"; };
		A83032B9351A37B478098245 /* UpdaterModelClassifyTests.swift */ = {isa = PBXFileReference; lastKnownFileType = sourcecode.swift; path = UpdaterModelClassifyTests.swift; sourceTree = "<group>"; };
		AAF7A39E9DC920D0FFC0413F /* Manifold */ = {isa = PBXFileReference; lastKnownFileType = folder; name = Manifold; path = .; sourceTree = SOURCE_ROOT; };
		ABDF483BEEFBCC0A7099CD93 /* AgentStatusDot.swift */ = {isa = PBXFileReference; lastKnownFileType = sourcecode.swift; path = AgentStatusDot.swift; sourceTree = "<group>"; };
		ACE0BFDF787B5C2CB0D3B87C /* Pill.swift */ = {isa = PBXFileReference; lastKnownFileType = sourcecode.swift; path = Pill.swift; sourceTree = "<group>"; };
		ACE7ED146F47690C064E79D0 /* ManifoldAppUITests.swift */ = {isa = PBXFileReference; lastKnownFileType = sourcecode.swift; path = ManifoldAppUITests.swift; sourceTree = "<group>"; };
		AD21F463E8A0DD4E7E5B25C8 /* Assets.xcassets */ = {isa = PBXFileReference; lastKnownFileType = folder.assetcatalog; path = Assets.xcassets; sourceTree = "<group>"; };
		AD4C6E6F2FBD4CF2A6720001 /* SessionWorkbenchModel.swift */ = {isa = PBXFileReference; lastKnownFileType = sourcecode.swift; path = SessionWorkbenchModel.swift; sourceTree = "<group>"; };
		AD4C6E6F2FBD4CF2A6720005 /* ReloadDriftSheet.swift */ = {isa = PBXFileReference; lastKnownFileType = sourcecode.swift; path = ReloadDriftSheet.swift; sourceTree = "<group>"; };
		ADFE22B107DA01C6DC2C67C7 /* Spacing.swift */ = {isa = PBXFileReference; lastKnownFileType = sourcecode.swift; path = Spacing.swift; sourceTree = "<group>"; };
		B082C6CC15B5FEB657FFA34A /* FilterModeSection.swift */ = {isa = PBXFileReference; lastKnownFileType = sourcecode.swift; path = FilterModeSection.swift; sourceTree = "<group>"; };
		B10B54AE03CE3C69CAF56E27 /* LedgerWindowView.swift */ = {isa = PBXFileReference; lastKnownFileType = sourcecode.swift; path = LedgerWindowView.swift; sourceTree = "<group>"; };
		B120B9699C60029951F5A48A /* DesignTokens.swift */ = {isa = PBXFileReference; lastKnownFileType = sourcecode.swift; path = DesignTokens.swift; sourceTree = "<group>"; };
		B18AB9C065F0670DC385345A /* RootWindowContent.swift */ = {isa = PBXFileReference; lastKnownFileType = sourcecode.swift; path = RootWindowContent.swift; sourceTree = "<group>"; };
		B1B3C61AB4243F58346D1B8E /* CategoryChip.swift */ = {isa = PBXFileReference; lastKnownFileType = sourcecode.swift; path = CategoryChip.swift; sourceTree = "<group>"; };
		B357F3F429090B981E7B6892 /* MenuBarPanelView.swift */ = {isa = PBXFileReference; lastKnownFileType = sourcecode.swift; path = MenuBarPanelView.swift; sourceTree = "<group>"; };
		B6C5A1B720512851D2686C11 /* PolicyModel+Session.swift */ = {isa = PBXFileReference; lastKnownFileType = sourcecode.swift; path = "PolicyModel+Session.swift"; sourceTree = "<group>"; };
		BF8AE4554F46026596FEBD3F /* SharingStateTests.swift */ = {isa = PBXFileReference; lastKnownFileType = sourcecode.swift; path = SharingStateTests.swift; sourceTree = "<group>"; };
		C1F0A7830F64DC492FDEA4F8 /* DiagnosticsModel.swift */ = {isa = PBXFileReference; lastKnownFileType = sourcecode.swift; path = DiagnosticsModel.swift; sourceTree = "<group>"; };
		C1F98624E0F332E367EEC45F /* StorageModel.swift */ = {isa = PBXFileReference; lastKnownFileType = sourcecode.swift; path = StorageModel.swift; sourceTree = "<group>"; };
		C2490787A48C47E6B5387C30 /* FirstRunPanels.swift */ = {isa = PBXFileReference; lastKnownFileType = sourcecode.swift; path = FirstRunPanels.swift; sourceTree = "<group>"; };
		C25000DE1F68784E45812D2B /* ManifoldTypes.swift */ = {isa = PBXFileReference; lastKnownFileType = sourcecode.swift; path = ManifoldTypes.swift; sourceTree = "<group>"; };
		C2C1DAD87B51654605600ED6 /* RulesView.swift */ = {isa = PBXFileReference; lastKnownFileType = sourcecode.swift; path = RulesView.swift; sourceTree = "<group>"; };
		C68384EB81C759FFC811CBBD /* SettingsView.swift */ = {isa = PBXFileReference; lastKnownFileType = sourcecode.swift; path = SettingsView.swift; sourceTree = "<group>"; };
		C7BFC0D540BFCD85B2F8D3CE /* RuleInspector.swift */ = {isa = PBXFileReference; lastKnownFileType = sourcecode.swift; path = RuleInspector.swift; sourceTree = "<group>"; };
		C954B211BE478AB70CCDC861 /* FilesFlatView.swift */ = {isa = PBXFileReference; lastKnownFileType = sourcecode.swift; path = FilesFlatView.swift; sourceTree = "<group>"; };
		CC4E1FB8E42726300FDD5A00 /* FileDropTarget.swift */ = {isa = PBXFileReference; lastKnownFileType = sourcecode.swift; path = FileDropTarget.swift; sourceTree = "<group>"; };
		CE38CC872AE015C1D6A971C7 /* DiagnosticsModelTests.swift */ = {isa = PBXFileReference; lastKnownFileType = sourcecode.swift; path = DiagnosticsModelTests.swift; sourceTree = "<group>"; };
		CE8504BD8549930002957BEF /* PathLabel.swift */ = {isa = PBXFileReference; lastKnownFileType = sourcecode.swift; path = PathLabel.swift; sourceTree = "<group>"; };
		D050CA6EEFB11452C92977C1 /* DiffView.swift */ = {isa = PBXFileReference; lastKnownFileType = sourcecode.swift; path = DiffView.swift; sourceTree = "<group>"; };
		D12E49541D0A150EF71C98FA /* LiveCheckRow.swift */ = {isa = PBXFileReference; lastKnownFileType = sourcecode.swift; path = LiveCheckRow.swift; sourceTree = "<group>"; };
		D16F4BF0F58ACF058AB1474A /* HistoryModel.swift */ = {isa = PBXFileReference; lastKnownFileType = sourcecode.swift; path = HistoryModel.swift; sourceTree = "<group>"; };
		D2FF9F7B8DBA9337056A84D8 /* IntegrationHealthModelTests.swift */ = {isa = PBXFileReference; lastKnownFileType = sourcecode.swift; path = IntegrationHealthModelTests.swift; sourceTree = "<group>"; };
		D9DA60175465C785B7AA4D9F /* AppRuntimeClient.swift */ = {isa = PBXFileReference; lastKnownFileType = sourcecode.swift; path = AppRuntimeClient.swift; sourceTree = "<group>"; };
		DA8CE67FA56A5963A5AE6FB2 /* SharingControl.swift */ = {isa = PBXFileReference; lastKnownFileType = sourcecode.swift; path = SharingControl.swift; sourceTree = "<group>"; };
		DBE5F2FDDEE571A03B2FA9F3 /* ManifoldStore+Commands.swift */ = {isa = PBXFileReference; lastKnownFileType = sourcecode.swift; path = "ManifoldStore+Commands.swift"; sourceTree = "<group>"; };
		DDCCF34DB1CE80E481C55382 /* AccessChipStack.swift */ = {isa = PBXFileReference; lastKnownFileType = sourcecode.swift; path = AccessChipStack.swift; sourceTree = "<group>"; };
		E065C3AD01FCDCAE769F0759 /* MatchPreview.swift */ = {isa = PBXFileReference; lastKnownFileType = sourcecode.swift; path = MatchPreview.swift; sourceTree = "<group>"; };
		E5FE8619BDD7794230A00E99 /* SharingState.swift */ = {isa = PBXFileReference; lastKnownFileType = sourcecode.swift; path = SharingState.swift; sourceTree = "<group>"; };
		E63B2BEA3FFA00887C8B62FD /* AccessWindowView.swift */ = {isa = PBXFileReference; lastKnownFileType = sourcecode.swift; path = AccessWindowView.swift; sourceTree = "<group>"; };
		E7D8A43287820FA5C121164D /* ApprovalResolution.swift */ = {isa = PBXFileReference; lastKnownFileType = sourcecode.swift; path = ApprovalResolution.swift; sourceTree = "<group>"; };
		EB438FF3647437EBED8BF70D /* AgentCard.swift */ = {isa = PBXFileReference; lastKnownFileType = sourcecode.swift; path = AgentCard.swift; sourceTree = "<group>"; };
		EC65884C8C989BEB07CAD993 /* GeneralSettingsPane.swift */ = {isa = PBXFileReference; lastKnownFileType = sourcecode.swift; path = GeneralSettingsPane.swift; sourceTree = "<group>"; };
		EDEB7405E7E39B14EE4B0C85 /* NewRuleSheet.swift */ = {isa = PBXFileReference; lastKnownFileType = sourcecode.swift; path = NewRuleSheet.swift; sourceTree = "<group>"; };
		EEAA3C58A30F803C5586F7A1 /* SessionModel.swift */ = {isa = PBXFileReference; lastKnownFileType = sourcecode.swift; path = SessionModel.swift; sourceTree = "<group>"; };
		F0A975D2F645FEB19DF74F76 /* ManifoldAppTests.xctest */ = {isa = PBXFileReference; explicitFileType = wrapper.cfbundle; includeInIndex = 0; path = ManifoldAppTests.xctest; sourceTree = BUILT_PRODUCTS_DIR; };
		F1EABAD0A1EA2475E185D503 /* ManifoldStore.swift */ = {isa = PBXFileReference; lastKnownFileType = sourcecode.swift; path = ManifoldStore.swift; sourceTree = "<group>"; };
		F6E2BE87F3F8D6D82A5C661A /* ActionFormatting.swift */ = {isa = PBXFileReference; lastKnownFileType = sourcecode.swift; path = ActionFormatting.swift; sourceTree = "<group>"; };
		FB68B0854C6DD4AA29058275 /* SetupModel.swift */ = {isa = PBXFileReference; lastKnownFileType = sourcecode.swift; path = SetupModel.swift; sourceTree = "<group>"; };
		FFFDC8760CA4A77FC8C7A925 /* SegmentedToggle.swift */ = {isa = PBXFileReference; lastKnownFileType = sourcecode.swift; path = SegmentedToggle.swift; sourceTree = "<group>"; };
		W0RK0D000000000000000001 /* WorkModel.swift */ = {isa = PBXFileReference; lastKnownFileType = sourcecode.swift; path = WorkModel.swift; sourceTree = "<group>"; };
		W0RKAE000000000000000001 /* ActivityEventPresentation.swift */ = {isa = PBXFileReference; lastKnownFileType = sourcecode.swift; path = ActivityEventPresentation.swift; sourceTree = "<group>"; };
		W0RKV1000000000000000001 /* WorkView.swift */ = {isa = PBXFileReference; lastKnownFileType = sourcecode.swift; path = WorkView.swift; sourceTree = "<group>"; };
/* End PBXFileReference section */

/* Begin PBXFrameworksBuildPhase section */
		380E85CDE3445A5CAE94FE21 /* Frameworks */ = {
			isa = PBXFrameworksBuildPhase;
			buildActionMask = 2147483647;
			files = (
				6D8499A82DBBA5C1FC009EA9 /* ManifoldKit in Frameworks */,
				516D5E047E71B26F39DE8C1A /* ManifoldXPC in Frameworks */,
				CC1C03869B96079BF5581EB1 /* Sparkle in Frameworks */,
			);
			runOnlyForDeploymentPostprocessing = 0;
		};
		8EF52F089B7B35734F4E7D6D /* Frameworks */ = {
			isa = PBXFrameworksBuildPhase;
			buildActionMask = 2147483647;
			files = (
				8000319D6B87B95A8D489AF2 /* ManifoldKit in Frameworks */,
			);
			runOnlyForDeploymentPostprocessing = 0;
		};
/* End PBXFrameworksBuildPhase section */

/* Begin PBXGroup section */
		121B6A6B0B15BDD0F160F2DB /* Rules */ = {
			isa = PBXGroup;
			children = (
				E065C3AD01FCDCAE769F0759 /* MatchPreview.swift */,
				EDEB7405E7E39B14EE4B0C85 /* NewRuleSheet.swift */,
				6C08176722B33E1378DFF696 /* RuleBuilder.swift */,
				C7BFC0D540BFCD85B2F8D3CE /* RuleInspector.swift */,
				A10000000000000000000007 /* RulesNavigator.swift */,
				07663F34627D1E9A9D3283D9 /* RuleListTable.swift */,
				C2C1DAD87B51654605600ED6 /* RulesView.swift */,
			);
			path = Rules;
			sourceTree = "<group>";
		};
		16ED22755577F60200F60721 /* FirstRun */ = {
			isa = PBXGroup;
			children = (
				4BA913448A193A3763D27E58 /* FirstRunFlow.swift */,
				C2490787A48C47E6B5387C30 /* FirstRunPanels.swift */,
			);
			path = FirstRun;
			sourceTree = "<group>";
		};
		1DBAED7A59A3F62322CEC599 /* Shaders */ = {
			isa = PBXGroup;
			children = (
				A0FC5C5109B2B7E9AF8DB53C /* Atmosphere.metal */,
			);
			path = Shaders;
			sourceTree = "<group>";
		};
		2782C583B1756983F4F2705C /* Chrome */ = {
			isa = PBXGroup;
			children = (
				28602C401C178D0E881CC81F /* IntegratedToolbar.swift */,
				A10000000000000000000002 /* SpaceSwitcher.swift */,
				90A51646FD4553B0768C3E88 /* StatusBar.swift */,
				A10000000000000000000003 /* UnifiedLedgerSidebar.swift */,
			);
			path = Chrome;
			sourceTree = "<group>";
		};
		38B4BF091B2E419B65C70EA2 /* Products */ = {
			isa = PBXGroup;
			children = (
				564B55046AEBA3B1643FE2FE /* Manifold.app */,
				F0A975D2F645FEB19DF74F76 /* ManifoldAppTests.xctest */,
				63E586963394EC09E9DC6259 /* ManifoldAppUITests.xctest */,
			);
			name = Products;
			sourceTree = "<group>";
		};
		426CDE5A8424FAF755F23E62 /* Intents */ = {
			isa = PBXGroup;
			children = (
				4FE9AE4B50EB41439D440FED /* ManifoldIntents.swift */,
			);
			path = Intents;
			sourceTree = "<group>";
		};
		4EA9FDA2FA865DF4D5045257 /* Session */ = {
			isa = PBXGroup;
			children = (
				AD4C6E6F2FBD4CF2A6720005 /* ReloadDriftSheet.swift */,
			);
			path = Session;
			sourceTree = "<group>";
		};
		5F2E222409E724B50390DDF6 /* Access */ = {
			isa = PBXGroup;
			children = (
				62382FE592DCD22D0AE9F7BE /* AccessHistoryView.swift */,
				A10000000000000000000005 /* AccessNavigator.swift */,
				E63B2BEA3FFA00887C8B62FD /* AccessWindowView.swift */,
				0E25C1DC01DAEDD49918C3A1 /* EmptyFoldersView.swift */,
				595F5C846507541ACA85E20B /* FileInspectorPane.swift */,
				C954B211BE478AB70CCDC861 /* FilesFlatView.swift */,
				549CBBBB207F1B4B91F9BE55 /* FileTreeInspector.swift */,
				0095F0998503E87F97508D06 /* FoldersMatrixView.swift */,
				51D105F22DD24DF3B6D8B8A6 /* InspectorSharingSelector.swift */,
				5D518E521BF7064410F259E4 /* SessionDiffView.swift */,
				DA8CE67FA56A5963A5AE6FB2 /* SharingControl.swift */,
			);
			path = Access;
			sourceTree = "<group>";
		};
		6B2C0FC6E754ABD88C73F783 = {
			isa = PBXGroup;
			children = (
				A6F4968BF6A0BCAE922FEE85 /* ManifoldApp */,
				D0537F88400B152A5A67AE49 /* ManifoldAppTests */,
				D0531B7D8460165F830D109B /* ManifoldAppUITests */,
				745D681E70055A184477B1F0 /* Packages */,
				38B4BF091B2E419B65C70EA2 /* Products */,
			);
			sourceTree = "<group>";
		};
		6DDA241D65B6581CDD8B4769 /* Settings */ = {
			isa = PBXGroup;
			children = (
				80E07891B5469129BFFFBFDD /* AdvancedSettingsPane.swift */,
				1A6C12C18EB52D7A9D63436A /* AIAppsSettingsPane.swift */,
				B082C6CC15B5FEB657FFA34A /* FilterModeSection.swift */,
				EC65884C8C989BEB07CAD993 /* GeneralSettingsPane.swift */,
				8049B04016C58516B4B28E34 /* MailSettingsPane.swift */,
				134F1EB5D50773A5809E0E27 /* PrivacySettingsPane.swift */,
				65844708C1365B2F3BA7DA1C /* SessionsSettingsPane.swift */,
				C68384EB81C759FFC811CBBD /* SettingsView.swift */,
				009EA04550A7634D95791F57 /* StorageSettingsPane.swift */,
			);
			path = Settings;
			sourceTree = "<group>";
		};
		721CC8674024D3ECA3951607 /* Primitives */ = {
			isa = PBXGroup;
			children = (
				DDCCF34DB1CE80E481C55382 /* AccessChipStack.swift */,
				EB438FF3647437EBED8BF70D /* AgentCard.swift */,
				ABDF483BEEFBCC0A7099CD93 /* AgentStatusDot.swift */,
				2DD2EE4B2573CBB91DA54293 /* AtmosphericBackground.swift */,
				11E03FB4B757A6F31C52DD66 /* BrandMark.swift */,
				67BFECA0B0AE1E68A7651BB2 /* MenuBarBrandIcon.swift */,
				E7D8A43287820FA5C121164D /* ApprovalResolution.swift */,
				B1B3C61AB4243F58346D1B8E /* CategoryChip.swift */,
				2503627A27A75894E6EF02BF /* CommitLadder.swift */,
				4331F73A42EB2B126226A9EB /* EmptyStateIllustration.swift */,
				CC4E1FB8E42726300FDD5A00 /* FileDropTarget.swift */,
				2EB6201733D6CF2A55D93970 /* FileTypeIcon.swift */,
				664794E534D54BE964BC7CFF /* GradientAvatar.swift */,
				6F762E94653BA267336BB76A /* KbdLabel.swift */,
				72A919EAD58F60A93FA58F48 /* LiquidGlassMaterial.swift */,
				CE8504BD8549930002957BEF /* PathLabel.swift */,
				ACE0BFDF787B5C2CB0D3B87C /* Pill.swift */,
				A2C04D501D14B0B48930B94C /* PresetCard.swift */,
				A30000000000000000000002 /* PrivacyApprovalButtons.swift */,
				07D674EC5D561D8FB5323CE9 /* PrivacyDiffView.swift */,
				1D88BA89EB19AFFFFD84CDF1 /* PrivacySeverityBar.swift */,
				4E50FA851604BE30695DFD21 /* QuickLookPreview.swift */,
				FFFDC8760CA4A77FC8C7A925 /* SegmentedToggle.swift */,
				5813EE1521D4B8443BA33982 /* SessionChip.swift */,
				6CE0A56225C445AF1538A55E /* SparklineBar.swift */,
				6EC96EAAAF71AC585F896D52 /* TriStateCheckbox.swift */,
			);
			path = Primitives;
			sourceTree = "<group>";
		};
		745D681E70055A184477B1F0 /* Packages */ = {
			isa = PBXGroup;
			children = (
				AAF7A39E9DC920D0FFC0413F /* Manifold */,
			);
			name = Packages;
			sourceTree = "<group>";
		};
		7D00B96C193FB29808592FAC /* Setup */ = {
			isa = PBXGroup;
			children = (
				7C7CCA257A2A52565A9E8CD3 /* AddMailAccountSheet.swift */,
				12D2331C5DCB60B7F4F57912 /* ConnectClaudeSheet.swift */,
				79022746F9505B00E5F5CA94 /* ConnectCodexSheet.swift */,
				9B5F1D598AA6E76EC14827F9 /* EmailAccountSetupView.swift */,
			);
			path = Setup;
			sourceTree = "<group>";
		};
		82B9545849A160EB9477A799 /* Mail */ = {
			isa = PBXGroup;
			children = (
				A7683F22760142789E9E2424 /* EmptyMailView.swift */,
				A10000000000000000000006 /* MailNavigator.swift */,
				A33E84418860828518EEECB5 /* MailWindowView.swift */,
				98E2A236B1CF9FD5685429A9 /* ThreadsView.swift */,
			);
			path = Mail;
			sourceTree = "<group>";
		};
		8318F9009B9A6F86C2A68433 /* Views */ = {
			isa = PBXGroup;
			children = (
				4A7C615557944B55EE371C2D /* AboutView.swift */,
				11AF6365CF4386C43F2463FD /* CommandPaletteView.swift */,
				B10B54AE03CE3C69CAF56E27 /* LedgerWindowView.swift */,
				B18AB9C065F0670DC385345A /* RootWindowContent.swift */,
				6887F8452E06D8FB1F5BF979 /* TitleSequence.swift */,
				5F2E222409E724B50390DDF6 /* Access */,
				2782C583B1756983F4F2705C /* Chrome */,
				16ED22755577F60200F60721 /* FirstRun */,
				82B9545849A160EB9477A799 /* Mail */,
				8B232845E0389C7F04293463 /* MenuBar */,
				121B6A6B0B15BDD0F160F2DB /* Rules */,
				4EA9FDA2FA865DF4D5045257 /* Session */,
				6DDA241D65B6581CDD8B4769 /* Settings */,
				7D00B96C193FB29808592FAC /* Setup */,
				W0RKGRP00000000000000001 /* Work */,
			);
			path = Views;
			sourceTree = "<group>";
		};
		8B232845E0389C7F04293463 /* MenuBar */ = {
			isa = PBXGroup;
			children = (
				B357F3F429090B981E7B6892 /* MenuBarPanelView.swift */,
			);
			path = MenuBar;
			sourceTree = "<group>";
		};
		A6F4968BF6A0BCAE922FEE85 /* ManifoldApp */ = {
			isa = PBXGroup;
			children = (
				AD21F463E8A0DD4E7E5B25C8 /* Assets.xcassets */,
				571405EF8AB67DEA07F1F219 /* Manifold.entitlements */,
				76613F3C74A0440934F46E63 /* ManifoldApp.swift */,
				1C90FBF4EC81DE6EDD67C671 /* PrivacyInfo.xcprivacy */,
				F00B9F88805F35215FC8149C /* Components */,
				426CDE5A8424FAF755F23E62 /* Intents */,
				F2EC59648DA1B62188DA4583 /* Models */,
				1DBAED7A59A3F62322CEC599 /* Shaders */,
				8318F9009B9A6F86C2A68433 /* Views */,
			);
			name = ManifoldApp;
			path = ManifoldApp/ManifoldApp;
			sourceTree = "<group>";
		};
		D0531B7D8460165F830D109B /* ManifoldAppUITests */ = {
			isa = PBXGroup;
			children = (
				ACE7ED146F47690C064E79D0 /* ManifoldAppUITests.swift */,
			);
			path = ManifoldAppUITests;
			sourceTree = "<group>";
		};
		D0537F88400B152A5A67AE49 /* ManifoldAppTests */ = {
			isa = PBXGroup;
			children = (
				A14C3445D3AD7B9A899BC836 /* RuntimeStatusSnapshotTests.swift */,
				CE38CC872AE015C1D6A971C7 /* DiagnosticsModelTests.swift */,
				A77A01E8015C708884AEBE6D /* EmailRulesModelTests.swift */,
				21370F952F6C83332969F820 /* InspectorContextProviderTests.swift */,
				D2FF9F7B8DBA9337056A84D8 /* IntegrationHealthModelTests.swift */,
				4D54697975287E64B2E0BE35 /* ManifoldStoreTests.swift */,
				30983BAE0F13BB9B1D6419DA /* RulesModelTests.swift */,
				2CF25DC3B06D1813DDE4F801 /* SessionPrimitivesTests.swift */,
				BF8AE4554F46026596FEBD3F /* SharingStateTests.swift */,
				A83032B9351A37B478098245 /* UpdaterModelClassifyTests.swift */,
			);
			path = ManifoldAppTests;
			sourceTree = "<group>";
		};
		F00B9F88805F35215FC8149C /* Components */ = {
			isa = PBXGroup;
			children = (
				F6E2BE87F3F8D6D82A5C661A /* ActionFormatting.swift */,
				B120B9699C60029951F5A48A /* DesignTokens.swift */,
				D050CA6EEFB11452C92977C1 /* DiffView.swift */,
				D12E49541D0A150EF71C98FA /* LiveCheckRow.swift */,
				ADFE22B107DA01C6DC2C67C7 /* Spacing.swift */,
				83794677BF621BEDB36F8287 /* TimeLabel.swift */,
				721CC8674024D3ECA3951607 /* Primitives */,
			);
			path = Components;
			sourceTree = "<group>";
		};
		F2EC59648DA1B62188DA4583 /* Models */ = {
			isa = PBXGroup;
			children = (
				283FAE8F20E574AC3B7B5D78 /* AgentConnectionState.swift */,
				D9DA60175465C785B7AA4D9F /* AppRuntimeClient.swift */,
				11B9947B6951D0CCEAC92D04 /* AppRuntimeClient+AccessRedesign.swift */,
				8A3B6369A695CC497AC4BFCA /* CommandCenter.swift */,
				C1F0A7830F64DC492FDEA4F8 /* DiagnosticsModel.swift */,
				A20C4114B01F2F0D7E024DD0 /* DomainPreset.swift */,
				18233197B24B119F64466148 /* EmailAccountModel.swift */,
				3F37BF1876CC8B3D18D265A5 /* EmailRulesModel.swift */,
				5DBD8DD896966114B4335863 /* EmailSearchModel.swift */,
				23760AEA487279BB56652F47 /* EmailSelectionModel.swift */,
				A43BA689161AF82B93E21E11 /* FileNode.swift */,
				D16F4BF0F58ACF058AB1474A /* HistoryModel.swift */,
				262241B9FB8C4EC6B26D9918 /* InspectorContext.swift */,
				0283F724FBEDA2995DC661A3 /* InspectorContextProvider.swift */,
				7D7981C30F5FF4898B4C65B0 /* IntegrationHealthModel.swift */,
				F1EABAD0A1EA2475E185D503 /* ManifoldStore.swift */,
				DBE5F2FDDEE571A03B2FA9F3 /* ManifoldStore+Commands.swift */,
				C25000DE1F68784E45812D2B /* ManifoldTypes.swift */,
				A10000000000000000000001 /* LedgerNavigation.swift */,
				4C53DB47E132540D46B662BD /* PolicyModel.swift */,
				B6C5A1B720512851D2686C11 /* PolicyModel+Session.swift */,
				60C7BB3B39D5C42574132D78 /* RulesModel.swift */,
				EEAA3C58A30F803C5586F7A1 /* SessionModel.swift */,
				2D2C3550A7F5EE69EDB1285F /* SessionPrimitives.swift */,
				AD4C6E6F2FBD4CF2A6720001 /* SessionWorkbenchModel.swift */,
				FB68B0854C6DD4AA29058275 /* SetupModel.swift */,
				E5FE8619BDD7794230A00E99 /* SharingState.swift */,
				C1F98624E0F332E367EEC45F /* StorageModel.swift */,
				267E3062C4687EA400B4CA6F /* UpdaterModel.swift */,
				W0RK0D000000000000000001 /* WorkModel.swift */,
			);
			path = Models;
			sourceTree = "<group>";
		};
		W0RKGRP00000000000000001 /* Work */ = {
			isa = PBXGroup;
			children = (
				W0RKAE000000000000000001 /* ActivityEventPresentation.swift */,
				A10000000000000000000004 /* WorkNavigator.swift */,
				W0RKV1000000000000000001 /* WorkView.swift */,
			);
			path = Work;
			sourceTree = "<group>";
		};
/* End PBXGroup section */

/* Begin PBXNativeTarget section */
		9BFDA9E65C644407209A6256 /* ManifoldAppUITests */ = {
			isa = PBXNativeTarget;
			buildConfigurationList = A286828D0D375C8321AE23C7 /* Build configuration list for PBXNativeTarget "ManifoldAppUITests" */;
			buildPhases = (
				C2DBE56AE0FBB1B94525D2F5 /* Sources */,
			);
			buildRules = (
			);
			dependencies = (
				F1D5F1AC701E0F64F14149A9 /* PBXTargetDependency */,
			);
			name = ManifoldAppUITests;
			packageProductDependencies = (
			);
			productName = ManifoldAppUITests;
			productReference = 63E586963394EC09E9DC6259 /* ManifoldAppUITests.xctest */;
			productType = "com.apple.product-type.bundle.ui-testing";
		};
		A227F0E313129DE30F0086F0 /* ManifoldAppTests */ = {
			isa = PBXNativeTarget;
			buildConfigurationList = D3663357FE97036384A591CC /* Build configuration list for PBXNativeTarget "ManifoldAppTests" */;
			buildPhases = (
				88DE5873910235E6B124F58F /* Sources */,
				8EF52F089B7B35734F4E7D6D /* Frameworks */,
			);
			buildRules = (
			);
			dependencies = (
				B9C3F3BB256A90AE0BA56B26 /* PBXTargetDependency */,
			);
			name = ManifoldAppTests;
			packageProductDependencies = (
				C71CE419C7372C8FDF30CD21 /* ManifoldKit */,
			);
			productName = ManifoldAppTests;
			productReference = F0A975D2F645FEB19DF74F76 /* ManifoldAppTests.xctest */;
			productType = "com.apple.product-type.bundle.unit-test";
		};
		A6679FE56DC4150E476E48D5 /* Manifold */ = {
			isa = PBXNativeTarget;
			buildConfigurationList = BA66A054E57B521083135D38 /* Build configuration list for PBXNativeTarget "Manifold" */;
			buildPhases = (
				8263F2E00A2E489F2090951C /* Sources */,
				CB43CC9BCDF2633E75D318C8 /* Resources */,
				380E85CDE3445A5CAE94FE21 /* Frameworks */,
				3C737C8CF544A60588263AE2 /* Bundle Runtime Helpers */,
			);
			buildRules = (
			);
			dependencies = (
			);
			name = Manifold;
			packageProductDependencies = (
				59CA05998C5293BB2C2FB2E7 /* ManifoldKit */,
				C2910946E949A8F592980971 /* ManifoldXPC */,
				5FF27F89470525B8EB5C11D3 /* Sparkle */,
			);
			productName = Manifold;
			productReference = 564B55046AEBA3B1643FE2FE /* Manifold.app */;
			productType = "com.apple.product-type.application";
		};
/* End PBXNativeTarget section */

/* Begin PBXProject section */
		410CD3A96BEA1EBB97FBA054 /* Project object */ = {
			isa = PBXProject;
			attributes = {
				BuildIndependentTargetsInParallel = YES;
				LastUpgradeCheck = 2640;
				TargetAttributes = {
					9BFDA9E65C644407209A6256 = {
						ProvisioningStyle = Automatic;
						TestTargetID = A6679FE56DC4150E476E48D5;
					};
					A227F0E313129DE30F0086F0 = {
						ProvisioningStyle = Automatic;
					};
					A6679FE56DC4150E476E48D5 = {
						DevelopmentTeam = 9FHKB788RP;
						ProvisioningStyle = Automatic;
					};
				};
			};
			buildConfigurationList = 144A63EFAA67611546BCC811 /* Build configuration list for PBXProject "Manifold" */;
			developmentRegion = en;
			hasScannedForEncodings = 0;
			knownRegions = (
				Base,
				en,
			);
			mainGroup = 6B2C0FC6E754ABD88C73F783;
			minimizedProjectReferenceProxies = 1;
			packageReferences = (
				4B2E137E2DA5D0F33C08AC25 /* XCRemoteSwiftPackageReference "Sparkle" */,
				8F0F29D0EA6B307D3CA09E9D /* XCLocalSwiftPackageReference "." */,
			);
			preferredProjectObjectVersion = 77;
			productRefGroup = 38B4BF091B2E419B65C70EA2 /* Products */;
			projectDirPath = "";
			projectRoot = "";
			targets = (
				A6679FE56DC4150E476E48D5 /* Manifold */,
				A227F0E313129DE30F0086F0 /* ManifoldAppTests */,
				9BFDA9E65C644407209A6256 /* ManifoldAppUITests */,
			);
		};
/* End PBXProject section */

/* Begin PBXResourcesBuildPhase section */
		CB43CC9BCDF2633E75D318C8 /* Resources */ = {
			isa = PBXResourcesBuildPhase;
			buildActionMask = 2147483647;
			files = (
				C408814DC73E7C017B61C33E /* Assets.xcassets in Resources */,
				65AFE46C2EA1DF1F8D3147BD /* PrivacyInfo.xcprivacy in Resources */,
			);
			runOnlyForDeploymentPostprocessing = 0;
		};
/* End PBXResourcesBuildPhase section */

/* Begin PBXShellScriptBuildPhase section */
		3C737C8CF544A60588263AE2 /* Bundle Runtime Helpers */ = {
			isa = PBXShellScriptBuildPhase;
			buildActionMask = 2147483647;
			files = (
			);
			inputFileListPaths = (
			);
			inputPaths = (
				"$(SRCROOT)/Resources/com.spatialduality.manifold.runtime.plist",
				"$(SRCROOT)/Package.swift",
				"$(SRCROOT)/Sources/ManifoldAgent/main.swift",
				"$(SRCROOT)/Sources/ManifoldMCP/ManifoldMCPServer.swift",
				"$(SRCROOT)/Sources/ManifoldRuntime/ManifoldRuntime.swift",
				"$(SRCROOT)/Sources/ManifoldXPC/ClientIdentityVerifier.swift",
				"$(SRCROOT)/Sources/ManifoldXPC/ManifoldXPCService.swift",
				"$(SRCROOT)/Sources/ManifoldXPC/ManifoldXPCService+AppCommands.swift",
				"$(SRCROOT)/Sources/ManifoldXPC/SignedProcessVerifier.swift",
			);
			name = "Bundle Runtime Helpers";
			outputFileListPaths = (
			);
			outputPaths = (
				"$(TARGET_BUILD_DIR)/$(CONTENTS_FOLDER_PATH)/Library/LaunchAgents/com.spatialduality.manifold.runtime.plist",
				"$(TARGET_BUILD_DIR)/$(CONTENTS_FOLDER_PATH)/Library/LaunchServices/ManifoldAgent",
				"$(TARGET_BUILD_DIR)/$(CONTENTS_FOLDER_PATH)/Resources/manifold-mcp",
			);
			runOnlyForDeploymentPostprocessing = 0;
			shellPath = /bin/sh;
			shellScript = "set -euo pipefail\ncd \"${SRCROOT}\"\nconfig_name=\"$(printf '%s' \"${CONFIGURATION:-Debug}\" | tr '[:upper:]' '[:lower:]')\"\nswift build --product ManifoldAgent --product manifold-mcp -c \"$config_name\" 2>&1\nlaunch_agents_dir=\"${TARGET_BUILD_DIR}/${CONTENTS_FOLDER_PATH}/Library/LaunchAgents\"\nlaunch_services_dir=\"${TARGET_BUILD_DIR}/${CONTENTS_FOLDER_PATH}/Library/LaunchServices\"\nresources_dir=\"${TARGET_BUILD_DIR}/${CONTENTS_FOLDER_PATH}/Resources\"\nhelper_path=\"$launch_services_dir/ManifoldAgent\"\nmcp_path=\"$resources_dir/manifold-mcp\"\nmkdir -p \"$launch_agents_dir\" \"$launch_services_dir\" \"$resources_dir\"\ncp \"${SRCROOT}/Resources/com.spatialduality.manifold.runtime.plist\" \"$launch_agents_dir/com.spatialduality.manifold.runtime.plist\"\ncp \"${SRCROOT}/.build/$config_name/ManifoldAgent\" \"$helper_path\"\ncp \"${SRCROOT}/.build/$config_name/manifold-mcp\" \"$mcp_path\"\nchmod +x \"$helper_path\" \"$mcp_path\"\nif [ \"${CODE_SIGNING_ALLOWED:-NO}\" = \"YES\" ] && [ -n \"${EXPANDED_CODE_SIGN_IDENTITY:-}\" ]; then\n  /usr/bin/codesign --force --sign \"${EXPANDED_CODE_SIGN_IDENTITY}\" --timestamp=none --options runtime --generate-entitlement-der \"$helper_path\"\n  /usr/bin/codesign --force --sign \"${EXPANDED_CODE_SIGN_IDENTITY}\" --timestamp=none --options runtime --generate-entitlement-der \"$mcp_path\"\nfi\n";
		};
/* End PBXShellScriptBuildPhase section */

/* Begin PBXSourcesBuildPhase section */
		8263F2E00A2E489F2090951C /* Sources */ = {
			isa = PBXSourcesBuildPhase;
			buildActionMask = 2147483647;
			files = (
				7A64D0DAA91C30E1B28468A3 /* AIAppsSettingsPane.swift in Sources */,
				DEA95A050062DE2579A1F77C /* AboutView.swift in Sources */,
				E76D4FA3F9FD8EF99F6F4C62 /* AccessChipStack.swift in Sources */,
				593A44BDA7921F432BE891F6 /* AccessHistoryView.swift in Sources */,
				A20000000000000000000005 /* AccessNavigator.swift in Sources */,
				F48BFA707ED9C7C1A50ED50F /* AccessWindowView.swift in Sources */,
				95AF5CBC574458C2D1C61AEC /* ActionFormatting.swift in Sources */,
				F4125183FEADD113134BF557 /* AddMailAccountSheet.swift in Sources */,
				57B8BBA1ED763E7479DD595F /* AdvancedSettingsPane.swift in Sources */,
				045A18D0B9D5EC53F16E88C0 /* AgentCard.swift in Sources */,
				A24F6381D0BB34D18DFA9376 /* AgentConnectionState.swift in Sources */,
				6E592096E933DF72477EFEE1 /* AgentStatusDot.swift in Sources */,
				A757765C06EE94C3B5A974E5 /* AtmosphericBackground.swift in Sources */,
				7F44FA05F4FB46070DE6ED2F /* Atmosphere.metal in Sources */,
				370B18C78B6C8B97E187172E /* BrandMark.swift in Sources */,
				2998A5AE247FB55DDFC15989 /* MenuBarBrandIcon.swift in Sources */,
				D6372AED072DBA75B29034FE /* ApprovalResolution.swift in Sources */,
				2049BC2D5AA1902B06F61EF5 /* AppRuntimeClient+AccessRedesign.swift in Sources */,
				846308CAB1AA2EEBD7C6DD76 /* AppRuntimeClient.swift in Sources */,
				78C694F935FF22E93BE2F227 /* CategoryChip.swift in Sources */,
				DB83D5D4F1443A77649FD60D /* CommandCenter.swift in Sources */,
				F711EC11A62C0798BB1112B6 /* CommandPaletteView.swift in Sources */,
				C07539145FD00F66E2A60B46 /* CommitLadder.swift in Sources */,
				75BF198A602A21AB8290604B /* ConnectClaudeSheet.swift in Sources */,
				BAD8C5E020409EBE19EA8D79 /* ConnectCodexSheet.swift in Sources */,
				E1F10D141CEB8D20DBD324CE /* DesignTokens.swift in Sources */,
				2D82A68AB952723DD9D6FBCC /* DiagnosticsModel.swift in Sources */,
				69D9C84177C2F38BE473AB6D /* DiffView.swift in Sources */,
				EEC5E06B942FC7FB102B405E /* DomainPreset.swift in Sources */,
				1F4BA2DB9FAB796928BC9A7F /* EmailAccountModel.swift in Sources */,
				EC290D5B1515B1B12F449FF9 /* EmailAccountSetupView.swift in Sources */,
				25538A3AC0A6470895B71889 /* EmailRulesModel.swift in Sources */,
				5ACC76D796DCE087D8D519B2 /* EmailSearchModel.swift in Sources */,
				AB73A856DCC2BE53D2783481 /* EmailSelectionModel.swift in Sources */,
				F106EA06BC7844C1498C2662 /* EmptyFoldersView.swift in Sources */,
				16ACE634A4D5085AFD147076 /* EmptyMailView.swift in Sources */,
				1E8D80EBDAD1320A3DBA030D /* EmptyStateIllustration.swift in Sources */,
				54607D222485209827037042 /* FileDropTarget.swift in Sources */,
				A7FC5B97EF5D8D320241880B /* FileInspectorPane.swift in Sources */,
				DD0E814909A12F268657D2BA /* FileNode.swift in Sources */,
				8F750A171F9E05D8834FD7BB /* FileTreeInspector.swift in Sources */,
				CC21D9FF87A4036B5A9BEC18 /* FileTypeIcon.swift in Sources */,
				D10DDBE51F4AA051C0B52A98 /* FilesFlatView.swift in Sources */,
				CC344FCCF506B5ED7C10554D /* FilterModeSection.swift in Sources */,
				DFDCA6688406932807587BCC /* FirstRunFlow.swift in Sources */,
				BB08EB9B2BE1ED8745795EBA /* FirstRunPanels.swift in Sources */,
				0FBBB43C0AB9648016121C75 /* FoldersMatrixView.swift in Sources */,
				867CA599332272C01BF5D10D /* GeneralSettingsPane.swift in Sources */,
				F729926E60AF336AC6C6F0E2 /* GradientAvatar.swift in Sources */,
				152085B000FDA2B89960DC53 /* HistoryModel.swift in Sources */,
				6B632DF1154B821ECFB35927 /* InspectorContext.swift in Sources */,
				7EA82BC996CD720116AF780C /* InspectorContextProvider.swift in Sources */,
				016A645B83DCA9156959A87D /* InspectorSharingSelector.swift in Sources */,
				85E8CF294C5A22AEABFF1A37 /* IntegratedToolbar.swift in Sources */,
				E73ACFFE5B23740791F71E88 /* IntegrationHealthModel.swift in Sources */,
				2763FEB342221B07FBB4C18E /* KbdLabel.swift in Sources */,
				A20000000000000000000001 /* LedgerNavigation.swift in Sources */,
				85AC80AD512A343002808D4D /* LedgerWindowView.swift in Sources */,
				F496E3C747AACEAA8385D551 /* LiquidGlassMaterial.swift in Sources */,
				AF88EFD4981DFD77F09A9C99 /* LiveCheckRow.swift in Sources */,
				A20000000000000000000006 /* MailNavigator.swift in Sources */,
				EB3874B6B5D6745667AA989A /* MailSettingsPane.swift in Sources */,
				5EEF5F79F25A66B50D2BCFBE /* MailWindowView.swift in Sources */,
				9D0CFFFEBF16A5ABAE21E35B /* ManifoldApp.swift in Sources */,
				81E9362D67F432609416C52C /* ManifoldIntents.swift in Sources */,
				A74EAF479C858C31957B4FD8 /* ManifoldStore+Commands.swift in Sources */,
				15DA67171F7D440A1374799B /* ManifoldStore.swift in Sources */,
				B858CA7D0F09836A2CCC3E46 /* ManifoldTypes.swift in Sources */,
				BA90100002414E7F10873EA2 /* MatchPreview.swift in Sources */,
				196AE094B9F3745ABC23A2C5 /* MenuBarPanelView.swift in Sources */,
				771A9CD50913839945E83A55 /* NewRuleSheet.swift in Sources */,
				58DA505771335E7D8FA3C52B /* PathLabel.swift in Sources */,
				8D67276510234D47B7ED9E1C /* Pill.swift in Sources */,
				0F285860907998D2C33E1E73 /* PolicyModel+Session.swift in Sources */,
				93BC639074A4D9E38F199420 /* PolicyModel.swift in Sources */,
				9620CD880A58DC96145F62E2 /* PresetCard.swift in Sources */,
				A30000000000000000000001 /* PrivacyApprovalButtons.swift in Sources */,
				25C3064D03B212D0B7764FA8 /* PrivacyDiffView.swift in Sources */,
				7C8A31814C0E6ACBF555F24D /* PrivacySettingsPane.swift in Sources */,
				CD8AAC075D816C85DDCA6E58 /* PrivacySeverityBar.swift in Sources */,
				D0F2BBBDD05111A46F81CBCA /* QuickLookPreview.swift in Sources */,
				94D6B0CFC9C104BAC92E8CB9 /* RootWindowContent.swift in Sources */,
				E0677056F0540965F13E602E /* RuleBuilder.swift in Sources */,
				E505F0349C209B2C41EE77E6 /* RuleInspector.swift in Sources */,
				402B9C93576224F1E53A6C74 /* RuleListTable.swift in Sources */,
				A20000000000000000000007 /* RulesNavigator.swift in Sources */,
				8B75D4A6EEA1B3D77DD47E7C /* RulesModel.swift in Sources */,
				06AD192F8FFDDB7368A084C4 /* RulesView.swift in Sources */,
				6D091E5697C9D3A78045EDAB /* SegmentedToggle.swift in Sources */,
				1F69A3306AEE8A8E59FB8E2E /* SessionChip.swift in Sources */,
				C4AB84C693EA1083A102C63B /* SessionDiffView.swift in Sources */,
				841965F5D9E60BE45FD9A022 /* SessionModel.swift in Sources */,
				0260E84BE9451B7342295D1A /* SessionPrimitives.swift in Sources */,
				AD4C6E6F2FBD4CF2A6720006 /* ReloadDriftSheet.swift in Sources */,
				E9E298E427A7AA2F6835D58A /* SessionsSettingsPane.swift in Sources */,
				AD4C6E6F2FBD4CF2A6720002 /* SessionWorkbenchModel.swift in Sources */,
				8B276B4DB9AE3C9EA9F0FFCA /* SettingsView.swift in Sources */,
				B68F43799D17150AE093B5CC /* SetupModel.swift in Sources */,
				ED09CFB966DA76055A8DE450 /* SharingControl.swift in Sources */,
				81BF7B5E4D3BE68C54385120 /* SharingState.swift in Sources */,
				A20000000000000000000002 /* SpaceSwitcher.swift in Sources */,
				7CE4BAD9EE7A986871DDC8C5 /* Spacing.swift in Sources */,
				C003D4F566EDA57C6C54F484 /* SparklineBar.swift in Sources */,
				E5E0C0630A050CEA7BED8AB8 /* StatusBar.swift in Sources */,
				124B765B5A4FCF6DAA85FF70 /* StorageModel.swift in Sources */,
				518EF078E6F82F743E959890 /* StorageSettingsPane.swift in Sources */,
				7FDF600CA3FF07C78A1D794E /* ThreadsView.swift in Sources */,
				17F701EEBA3AA625259D7306 /* TimeLabel.swift in Sources */,
				B5B5755EC34FBB0286432FC9 /* TitleSequence.swift in Sources */,
				A902EB021766D2774379F029 /* TriStateCheckbox.swift in Sources */,
				A20000000000000000000003 /* UnifiedLedgerSidebar.swift in Sources */,
				A7FFB3506438D4768C1DD841 /* UpdaterModel.swift in Sources */,
				W0RK0D000000000000000002 /* WorkModel.swift in Sources */,
				W0RKAE000000000000000002 /* ActivityEventPresentation.swift in Sources */,
				A20000000000000000000004 /* WorkNavigator.swift in Sources */,
				W0RKV1000000000000000002 /* WorkView.swift in Sources */,
			);
			runOnlyForDeploymentPostprocessing = 0;
		};
		88DE5873910235E6B124F58F /* Sources */ = {
			isa = PBXSourcesBuildPhase;
			buildActionMask = 2147483647;
			files = (
				ED57E9D47B08A4D24604D431 /* RuntimeStatusSnapshotTests.swift in Sources */,
				D1514CCB2805D63F412B32CB /* DiagnosticsModelTests.swift in Sources */,
				46040B11E204F2D8966FA96B /* EmailRulesModelTests.swift in Sources */,
				D6914168C731E755087000C6 /* InspectorContextProviderTests.swift in Sources */,
				527808D9447CEA98E82AEB55 /* IntegrationHealthModelTests.swift in Sources */,
				44A5C067DED843768F7CAEB6 /* ManifoldStoreTests.swift in Sources */,
				83E40122DD048E80F8A6D2B6 /* RulesModelTests.swift in Sources */,
				6FB8176527DA56476B2B26E9 /* SessionPrimitivesTests.swift in Sources */,
				D50B8BD6E3332DFD3F25D1CF /* SharingStateTests.swift in Sources */,
				DF5134EC649FC1DF0D53845F /* UpdaterModelClassifyTests.swift in Sources */,
			);
			runOnlyForDeploymentPostprocessing = 0;
		};
		C2DBE56AE0FBB1B94525D2F5 /* Sources */ = {
			isa = PBXSourcesBuildPhase;
			buildActionMask = 2147483647;
			files = (
				B577D153ED08F7D8012E8642 /* ManifoldAppUITests.swift in Sources */,
			);
			runOnlyForDeploymentPostprocessing = 0;
		};
/* End PBXSourcesBuildPhase section */

/* Begin PBXTargetDependency section */
		B9C3F3BB256A90AE0BA56B26 /* PBXTargetDependency */ = {
			isa = PBXTargetDependency;
			target = A6679FE56DC4150E476E48D5 /* Manifold */;
			targetProxy = B944E34971E7D9E987B025C7 /* PBXContainerItemProxy */;
		};
		F1D5F1AC701E0F64F14149A9 /* PBXTargetDependency */ = {
			isa = PBXTargetDependency;
			target = A6679FE56DC4150E476E48D5 /* Manifold */;
			targetProxy = E2A9AFC5A7D12D90575C4165 /* PBXContainerItemProxy */;
		};
/* End PBXTargetDependency section */

/* Begin XCBuildConfiguration section */
		1CDE67986754134AA2695C18 /* Debug */ = {
			isa = XCBuildConfiguration;
			buildSettings = {
				BUNDLE_LOADER = "$(TEST_HOST)";
				CODE_SIGN_STYLE = Automatic;
				COMBINE_HIDPI_IMAGES = YES;
				GENERATE_INFOPLIST_FILE = YES;
				LD_RUNPATH_SEARCH_PATHS = (
					"$(inherited)",
					"@executable_path/../Frameworks",
					"@loader_path/../Frameworks",
				);
				PRODUCT_BUNDLE_IDENTIFIER = com.spatialduality.manifold.tests;
				PRODUCT_NAME = ManifoldAppTests;
				SDKROOT = macosx;
				SWIFT_STRICT_CONCURRENCY = complete;
				SWIFT_VERSION = 6.0;
				TEST_HOST = "$(BUILT_PRODUCTS_DIR)/Manifold.app/Contents/MacOS/Manifold";
			};
			name = Debug;
		};
		4C287460DC10AA3FF563DE63 /* Release */ = {
			isa = XCBuildConfiguration;
			buildSettings = {
				ALWAYS_SEARCH_USER_PATHS = NO;
				CLANG_ANALYZER_NONNULL = YES;
				CLANG_ANALYZER_NUMBER_OBJECT_CONVERSION = YES_AGGRESSIVE;
				CLANG_CXX_LANGUAGE_STANDARD = "gnu++14";
				CLANG_CXX_LIBRARY = "libc++";
				CLANG_ENABLE_MODULES = YES;
				CLANG_ENABLE_OBJC_ARC = YES;
				CLANG_ENABLE_OBJC_WEAK = YES;
				CLANG_WARN_BLOCK_CAPTURE_AUTORELEASING = YES;
				CLANG_WARN_BOOL_CONVERSION = YES;
				CLANG_WARN_COMMA = YES;
				CLANG_WARN_CONSTANT_CONVERSION = YES;
				CLANG_WARN_DEPRECATED_OBJC_IMPLEMENTATIONS = YES;
				CLANG_WARN_DIRECT_OBJC_ISA_USAGE = YES_ERROR;
				CLANG_WARN_DOCUMENTATION_COMMENTS = YES;
				CLANG_WARN_EMPTY_BODY = YES;
				CLANG_WARN_ENUM_CONVERSION = YES;
				CLANG_WARN_INFINITE_RECURSION = YES;
				CLANG_WARN_INT_CONVERSION = YES;
				CLANG_WARN_NON_LITERAL_NULL_CONVERSION = YES;
				CLANG_WARN_OBJC_IMPLICIT_RETAIN_SELF = YES;
				CLANG_WARN_OBJC_LITERAL_CONVERSION = YES;
				CLANG_WARN_OBJC_ROOT_CLASS = YES_ERROR;
				CLANG_WARN_QUOTED_INCLUDE_IN_FRAMEWORK_HEADER = YES;
				CLANG_WARN_RANGE_LOOP_ANALYSIS = YES;
				CLANG_WARN_STRICT_PROTOTYPES = YES;
				CLANG_WARN_SUSPICIOUS_MOVE = YES;
				CLANG_WARN_UNGUARDED_AVAILABILITY = YES_AGGRESSIVE;
				CLANG_WARN_UNREACHABLE_CODE = YES;
				CLANG_WARN__DUPLICATE_METHOD_MATCH = YES;
				COPY_PHASE_STRIP = NO;
				DEBUG_INFORMATION_FORMAT = "dwarf-with-dsym";
				ENABLE_NS_ASSERTIONS = NO;
				ENABLE_STRICT_OBJC_MSGSEND = YES;
				GCC_C_LANGUAGE_STANDARD = gnu11;
				GCC_NO_COMMON_BLOCKS = YES;
				GCC_WARN_64_TO_32_BIT_CONVERSION = YES;
				GCC_WARN_ABOUT_RETURN_TYPE = YES_ERROR;
				GCC_WARN_UNDECLARED_SELECTOR = YES;
				GCC_WARN_UNINITIALIZED_AUTOS = YES_AGGRESSIVE;
				GCC_WARN_UNUSED_FUNCTION = YES;
				GCC_WARN_UNUSED_VARIABLE = YES;
				MACOSX_DEPLOYMENT_TARGET = 26.0;
				MTL_ENABLE_DEBUG_INFO = NO;
				MTL_FAST_MATH = YES;
				PRODUCT_NAME = "$(TARGET_NAME)";
				SDKROOT = macosx;
				SWIFT_COMPILATION_MODE = wholemodule;
				SWIFT_OPTIMIZATION_LEVEL = "-O";
				SWIFT_VERSION = 5.0;
			};
			name = Release;
		};
		5D394182223B3858A31EDF7B /* Debug */ = {
			isa = XCBuildConfiguration;
			buildSettings = {
				ALWAYS_SEARCH_USER_PATHS = NO;
				CLANG_ANALYZER_NONNULL = YES;
				CLANG_ANALYZER_NUMBER_OBJECT_CONVERSION = YES_AGGRESSIVE;
				CLANG_CXX_LANGUAGE_STANDARD = "gnu++14";
				CLANG_CXX_LIBRARY = "libc++";
				CLANG_ENABLE_MODULES = YES;
				CLANG_ENABLE_OBJC_ARC = YES;
				CLANG_ENABLE_OBJC_WEAK = YES;
				CLANG_WARN_BLOCK_CAPTURE_AUTORELEASING = YES;
				CLANG_WARN_BOOL_CONVERSION = YES;
				CLANG_WARN_COMMA = YES;
				CLANG_WARN_CONSTANT_CONVERSION = YES;
				CLANG_WARN_DEPRECATED_OBJC_IMPLEMENTATIONS = YES;
				CLANG_WARN_DIRECT_OBJC_ISA_USAGE = YES_ERROR;
				CLANG_WARN_DOCUMENTATION_COMMENTS = YES;
				CLANG_WARN_EMPTY_BODY = YES;
				CLANG_WARN_ENUM_CONVERSION = YES;
				CLANG_WARN_INFINITE_RECURSION = YES;
				CLANG_WARN_INT_CONVERSION = YES;
				CLANG_WARN_NON_LITERAL_NULL_CONVERSION = YES;
				CLANG_WARN_OBJC_IMPLICIT_RETAIN_SELF = YES;
				CLANG_WARN_OBJC_LITERAL_CONVERSION = YES;
				CLANG_WARN_OBJC_ROOT_CLASS = YES_ERROR;
				CLANG_WARN_QUOTED_INCLUDE_IN_FRAMEWORK_HEADER = YES;
				CLANG_WARN_RANGE_LOOP_ANALYSIS = YES;
				CLANG_WARN_STRICT_PROTOTYPES = YES;
				CLANG_WARN_SUSPICIOUS_MOVE = YES;
				CLANG_WARN_UNGUARDED_AVAILABILITY = YES_AGGRESSIVE;
				CLANG_WARN_UNREACHABLE_CODE = YES;
				CLANG_WARN__DUPLICATE_METHOD_MATCH = YES;
				COPY_PHASE_STRIP = NO;
				DEBUG_INFORMATION_FORMAT = dwarf;
				ENABLE_STRICT_OBJC_MSGSEND = YES;
				ENABLE_TESTABILITY = YES;
				GCC_C_LANGUAGE_STANDARD = gnu11;
				GCC_DYNAMIC_NO_PIC = NO;
				GCC_NO_COMMON_BLOCKS = YES;
				GCC_OPTIMIZATION_LEVEL = 0;
				GCC_PREPROCESSOR_DEFINITIONS = (
					"$(inherited)",
					"DEBUG=1",
				);
				GCC_WARN_64_TO_32_BIT_CONVERSION = YES;
				GCC_WARN_ABOUT_RETURN_TYPE = YES_ERROR;
				GCC_WARN_UNDECLARED_SELECTOR = YES;
				GCC_WARN_UNINITIALIZED_AUTOS = YES_AGGRESSIVE;
				GCC_WARN_UNUSED_FUNCTION = YES;
				GCC_WARN_UNUSED_VARIABLE = YES;
				MACOSX_DEPLOYMENT_TARGET = 26.0;
				MTL_ENABLE_DEBUG_INFO = INCLUDE_SOURCE;
				MTL_FAST_MATH = YES;
				ONLY_ACTIVE_ARCH = YES;
				PRODUCT_NAME = "$(TARGET_NAME)";
				SDKROOT = macosx;
				SWIFT_ACTIVE_COMPILATION_CONDITIONS = DEBUG;
				SWIFT_OPTIMIZATION_LEVEL = "-Onone";
				SWIFT_VERSION = 5.0;
			};
			name = Debug;
		};
		663F1C39F53A8DC0A39BE9D2 /* Release */ = {
			isa = XCBuildConfiguration;
			buildSettings = {
				BUNDLE_LOADER = "$(TEST_HOST)";
				CODE_SIGN_STYLE = Automatic;
				COMBINE_HIDPI_IMAGES = YES;
				GENERATE_INFOPLIST_FILE = YES;
				LD_RUNPATH_SEARCH_PATHS = (
					"$(inherited)",
					"@executable_path/Frameworks",
					"@loader_path/Frameworks",
				);
				PRODUCT_BUNDLE_IDENTIFIER = com.spatialduality.manifold.uitests;
				PRODUCT_NAME = ManifoldAppUITests;
				SDKROOT = macosx;
				SWIFT_STRICT_CONCURRENCY = complete;
				SWIFT_VERSION = 6.0;
				TEST_TARGET_NAME = Manifold;
			};
			name = Release;
		};
		67148C50DFB08F7892ED7479 /* Debug */ = {
			isa = XCBuildConfiguration;
			buildSettings = {
				ASSETCATALOG_COMPILER_APPICON_NAME = AppIcon;
				ASSETCATALOG_COMPILER_INCLUDE_ALL_APPICON_ASSETS = YES;
				CODE_SIGN_ENTITLEMENTS = ManifoldApp/ManifoldApp/Manifold.entitlements;
				CODE_SIGN_STYLE = Automatic;
				COMBINE_HIDPI_IMAGES = YES;
				CURRENT_PROJECT_VERSION = 1;
				DEVELOPMENT_TEAM = 9FHKB788RP;
				ENABLE_DEBUG_DYLIB = YES;
				GENERATE_INFOPLIST_FILE = YES;
				INFOPLIST_KEY_LSApplicationCategoryType = "public.app-category.utilities";
				INFOPLIST_KEY_NSHumanReadableCopyright = "Copyright 2026 Spatial Duality. All rights reserved.";
				LD_RUNPATH_SEARCH_PATHS = (
					"$(inherited)",
					"@executable_path/../Frameworks",
				);
				MARKETING_VERSION = 0.4.0;
				PRODUCT_BUNDLE_IDENTIFIER = com.spatialduality.manifold;
				PRODUCT_NAME = Manifold;
				SDKROOT = macosx;
				SWIFT_STRICT_CONCURRENCY = complete;
				SWIFT_VERSION = 6.0;
			};
			name = Debug;
		};
		6BA1FD6C54A4AF7D01037F34 /* Debug */ = {
			isa = XCBuildConfiguration;
			buildSettings = {
				BUNDLE_LOADER = "$(TEST_HOST)";
				CODE_SIGN_STYLE = Automatic;
				COMBINE_HIDPI_IMAGES = YES;
				GENERATE_INFOPLIST_FILE = YES;
				LD_RUNPATH_SEARCH_PATHS = (
					"$(inherited)",
					"@executable_path/Frameworks",
					"@loader_path/Frameworks",
				);
				PRODUCT_BUNDLE_IDENTIFIER = com.spatialduality.manifold.uitests;
				PRODUCT_NAME = ManifoldAppUITests;
				SDKROOT = macosx;
				SWIFT_STRICT_CONCURRENCY = complete;
				SWIFT_VERSION = 6.0;
				TEST_TARGET_NAME = Manifold;
			};
			name = Debug;
		};
		7FF0B2C13E01DFCD12C0B3E1 /* Release */ = {
			isa = XCBuildConfiguration;
			buildSettings = {
				BUNDLE_LOADER = "$(TEST_HOST)";
				CODE_SIGN_STYLE = Automatic;
				COMBINE_HIDPI_IMAGES = YES;
				GENERATE_INFOPLIST_FILE = YES;
				LD_RUNPATH_SEARCH_PATHS = (
					"$(inherited)",
					"@executable_path/../Frameworks",
					"@loader_path/../Frameworks",
				);
				PRODUCT_BUNDLE_IDENTIFIER = com.spatialduality.manifold.tests;
				PRODUCT_NAME = ManifoldAppTests;
				SDKROOT = macosx;
				SWIFT_STRICT_CONCURRENCY = complete;
				SWIFT_VERSION = 6.0;
				TEST_HOST = "$(BUILT_PRODUCTS_DIR)/Manifold.app/Contents/MacOS/Manifold";
			};
			name = Release;
		};
		A14C6E46C7A7D06E0DC68CCD /* Release */ = {
			isa = XCBuildConfiguration;
			buildSettings = {
				ASSETCATALOG_COMPILER_APPICON_NAME = AppIcon;
				ASSETCATALOG_COMPILER_INCLUDE_ALL_APPICON_ASSETS = YES;
				CODE_SIGN_ENTITLEMENTS = ManifoldApp/ManifoldApp/Manifold.entitlements;
				CODE_SIGN_STYLE = Automatic;
				COMBINE_HIDPI_IMAGES = YES;
				CURRENT_PROJECT_VERSION = 1;
				DEVELOPMENT_TEAM = 9FHKB788RP;
				ENABLE_DEBUG_DYLIB = YES;
				GENERATE_INFOPLIST_FILE = YES;
				INFOPLIST_KEY_LSApplicationCategoryType = "public.app-category.utilities";
				INFOPLIST_KEY_NSHumanReadableCopyright = "Copyright 2026 Spatial Duality. All rights reserved.";
				LD_RUNPATH_SEARCH_PATHS = (
					"$(inherited)",
					"@executable_path/../Frameworks",
				);
				MARKETING_VERSION = 0.4.0;
				PRODUCT_BUNDLE_IDENTIFIER = com.spatialduality.manifold;
				PRODUCT_NAME = Manifold;
				SDKROOT = macosx;
				SWIFT_STRICT_CONCURRENCY = complete;
				SWIFT_VERSION = 6.0;
			};
			name = Release;
		};
/* End XCBuildConfiguration section */

/* Begin XCConfigurationList section */
		144A63EFAA67611546BCC811 /* Build configuration list for PBXProject "Manifold" */ = {
			isa = XCConfigurationList;
			buildConfigurations = (
				5D394182223B3858A31EDF7B /* Debug */,
				4C287460DC10AA3FF563DE63 /* Release */,
			);
			defaultConfigurationIsVisible = 0;
			defaultConfigurationName = Debug;
		};
		A286828D0D375C8321AE23C7 /* Build configuration list for PBXNativeTarget "ManifoldAppUITests" */ = {
			isa = XCConfigurationList;
			buildConfigurations = (
				6BA1FD6C54A4AF7D01037F34 /* Debug */,
				663F1C39F53A8DC0A39BE9D2 /* Release */,
			);
			defaultConfigurationIsVisible = 0;
			defaultConfigurationName = Debug;
		};
		BA66A054E57B521083135D38 /* Build configuration list for PBXNativeTarget "Manifold" */ = {
			isa = XCConfigurationList;
			buildConfigurations = (
				67148C50DFB08F7892ED7479 /* Debug */,
				A14C6E46C7A7D06E0DC68CCD /* Release */,
			);
			defaultConfigurationIsVisible = 0;
			defaultConfigurationName = Debug;
		};
		D3663357FE97036384A591CC /* Build configuration list for PBXNativeTarget "ManifoldAppTests" */ = {
			isa = XCConfigurationList;
			buildConfigurations = (
				1CDE67986754134AA2695C18 /* Debug */,
				7FF0B2C13E01DFCD12C0B3E1 /* Release */,
			);
			defaultConfigurationIsVisible = 0;
			defaultConfigurationName = Debug;
		};
/* End XCConfigurationList section */

/* Begin XCLocalSwiftPackageReference section */
		8F0F29D0EA6B307D3CA09E9D /* XCLocalSwiftPackageReference "." */ = {
			isa = XCLocalSwiftPackageReference;
			relativePath = .;
		};
/* End XCLocalSwiftPackageReference section */

/* Begin XCRemoteSwiftPackageReference section */
		4B2E137E2DA5D0F33C08AC25 /* XCRemoteSwiftPackageReference "Sparkle" */ = {
			isa = XCRemoteSwiftPackageReference;
			repositoryURL = "https://github.com/sparkle-project/Sparkle";
			requirement = {
				kind = upToNextMajorVersion;
				minimumVersion = 2.6.0;
			};
		};
/* End XCRemoteSwiftPackageReference section */

/* Begin XCSwiftPackageProductDependency section */
		59CA05998C5293BB2C2FB2E7 /* ManifoldKit */ = {
			isa = XCSwiftPackageProductDependency;
			productName = ManifoldKit;
		};
		5FF27F89470525B8EB5C11D3 /* Sparkle */ = {
			isa = XCSwiftPackageProductDependency;
			package = 4B2E137E2DA5D0F33C08AC25 /* XCRemoteSwiftPackageReference "Sparkle" */;
			productName = Sparkle;
		};
		C2910946E949A8F592980971 /* ManifoldXPC */ = {
			isa = XCSwiftPackageProductDependency;
			productName = ManifoldXPC;
		};
		C71CE419C7372C8FDF30CD21 /* ManifoldKit */ = {
			isa = XCSwiftPackageProductDependency;
			productName = ManifoldKit;
		};
/* End XCSwiftPackageProductDependency section */
	};
	rootObject = 410CD3A96BEA1EBB97FBA054 /* Project object */;
}
