// !$*UTF8*$!
{
	archiveVersion = 1;
	classes = {
	};
	objectVersion = 77;
	objects = {

/* Begin PBXBuildFile section */
		0433F6EA3D44F2D01BDFF76B /* RecentActivitySection.swift in Sources */ = {isa = PBXBuildFile; fileRef = C8AC98022AC1DD6150384EC3 /* RecentActivitySection.swift */; };
		15DA67171F7D440A1374799B /* ManifoldStore.swift in Sources */ = {isa = PBXBuildFile; fileRef = F1EABAD0A1EA2475E185D503 /* ManifoldStore.swift */; };
		17F701EEBA3AA625259D7306 /* TimeLabel.swift in Sources */ = {isa = PBXBuildFile; fileRef = 83794677BF621BEDB36F8287 /* TimeLabel.swift */; };
		299780E7A90848E928A18544 /* VersionDetailView.swift in Sources */ = {isa = PBXBuildFile; fileRef = F390D9C39C8B2FD13E621218 /* VersionDetailView.swift */; };
		3B4B2E8B5E9825755091AB46 /* EmailView.swift in Sources */ = {isa = PBXBuildFile; fileRef = D2C94ECFDA92AE8037195D88 /* EmailView.swift */; };
		44285AF252D046288C4E3ECD /* ActivityView.swift in Sources */ = {isa = PBXBuildFile; fileRef = 82E9A816D1C0EB330E125C1D /* ActivityView.swift */; };
		6108614237351F25329A33EA /* StatusBadge.swift in Sources */ = {isa = PBXBuildFile; fileRef = B254DE85A21F139AF88969F6 /* StatusBadge.swift */; };
		614FCE773F1241E5128C417B /* ActivityRow.swift in Sources */ = {isa = PBXBuildFile; fileRef = 460CFB782E1CF189B7E18034 /* ActivityRow.swift */; };
		69D9C84177C2F38BE473AB6D /* DiffView.swift in Sources */ = {isa = PBXBuildFile; fileRef = D050CA6EEFB11452C92977C1 /* DiffView.swift */; };
		7CE4BAD9EE7A986871DDC8C5 /* Spacing.swift in Sources */ = {isa = PBXBuildFile; fileRef = ADFE22B107DA01C6DC2C67C7 /* Spacing.swift */; };
		95AF5CBC574458C2D1C61AEC /* ActionFormatting.swift in Sources */ = {isa = PBXBuildFile; fileRef = F6E2BE87F3F8D6D82A5C661A /* ActionFormatting.swift */; };
		9D0CFFFEBF16A5ABAE21E35B /* ManifoldApp.swift in Sources */ = {isa = PBXBuildFile; fileRef = 76613F3C74A0440934F46E63 /* ManifoldApp.swift */; };
		A6B72DBA85C74956C9AA2BAC /* FileTreeView.swift in Sources */ = {isa = PBXBuildFile; fileRef = 3B55EDAEB83054EF20C6BC36 /* FileTreeView.swift */; };
		A88C1FD90DFC98F36CD04618 /* AgentBadge.swift in Sources */ = {isa = PBXBuildFile; fileRef = 4258FA31C049A293D658A3CE /* AgentBadge.swift */; };
		AC3AB7A5BEB5FA34CF954282 /* SetupView.swift in Sources */ = {isa = PBXBuildFile; fileRef = 4B8A46BFF05C848EC77C2AF5 /* SetupView.swift */; };
		B05D60784FEA286E3EBF26B4 /* ConnectionSection.swift in Sources */ = {isa = PBXBuildFile; fileRef = C6F86D4A030EC04CB01F8292 /* ConnectionSection.swift */; };
		B10000000000000000000001 /* AppleMailConnector.swift in Sources */ = {isa = PBXBuildFile; fileRef = A10000000000000000000001 /* AppleMailConnector.swift */; };
		B10000000000000000000002 /* AuditStore.swift in Sources */ = {isa = PBXBuildFile; fileRef = A10000000000000000000002 /* AuditStore.swift */; };
		B10000000000000000000003 /* ConfigWriter.swift in Sources */ = {isa = PBXBuildFile; fileRef = A10000000000000000000003 /* ConfigWriter.swift */; };
		B10000000000000000000004 /* ContentStore.swift in Sources */ = {isa = PBXBuildFile; fileRef = A10000000000000000000004 /* ContentStore.swift */; };
		B10000000000000000000005 /* DatabaseConnection.swift in Sources */ = {isa = PBXBuildFile; fileRef = A10000000000000000000005 /* DatabaseConnection.swift */; };
		B10000000000000000000006 /* DatabaseMigrator.swift in Sources */ = {isa = PBXBuildFile; fileRef = A10000000000000000000006 /* DatabaseMigrator.swift */; };
		B10000000000000000000007 /* DiffEngine.swift in Sources */ = {isa = PBXBuildFile; fileRef = A10000000000000000000007 /* DiffEngine.swift */; };
		B10000000000000000000008 /* EmailFilter.swift in Sources */ = {isa = PBXBuildFile; fileRef = A10000000000000000000008 /* EmailFilter.swift */; };
		B10000000000000000000009 /* Extensions.swift in Sources */ = {isa = PBXBuildFile; fileRef = A10000000000000000000009 /* Extensions.swift */; };
		B1000000000000000000000A /* GrantStore.swift in Sources */ = {isa = PBXBuildFile; fileRef = A1000000000000000000000A /* GrantStore.swift */; };
		B1000000000000000000000B /* GrantTypes.swift in Sources */ = {isa = PBXBuildFile; fileRef = A1000000000000000000000B /* GrantTypes.swift */; };
		B1000000000000000000000C /* ManifoldError.swift in Sources */ = {isa = PBXBuildFile; fileRef = A1000000000000000000000C /* ManifoldError.swift */; };
		B1000000000000000000000D /* ManifoldNotifications.swift in Sources */ = {isa = PBXBuildFile; fileRef = A1000000000000000000000D /* ManifoldNotifications.swift */; };
		B1000000000000000000000E /* MaterializationEngine.swift in Sources */ = {isa = PBXBuildFile; fileRef = A1000000000000000000000E /* MaterializationEngine.swift */; };
		B1000000000000000000000F /* ProfileManager.swift in Sources */ = {isa = PBXBuildFile; fileRef = A1000000000000000000000F /* ProfileManager.swift */; };
		B10000000000000000000010 /* PromoteEngine.swift in Sources */ = {isa = PBXBuildFile; fileRef = A10000000000000000000010 /* PromoteEngine.swift */; };
		B10000000000000000000011 /* SnapshotStore.swift in Sources */ = {isa = PBXBuildFile; fileRef = A10000000000000000000011 /* SnapshotStore.swift */; };
		B10000000000000000000012 /* WorkspaceLeaseManager.swift in Sources */ = {isa = PBXBuildFile; fileRef = A10000000000000000000012 /* WorkspaceLeaseManager.swift */; };
		C48242D545D19CB08CF42BE6 /* FilesView.swift in Sources */ = {isa = PBXBuildFile; fileRef = B738574D02F4348365D2BFFC /* FilesView.swift */; };
		C9DCF0A71D6A2F3D1CC0AFCF /* SourcesSection.swift in Sources */ = {isa = PBXBuildFile; fileRef = 7849BEE394C75515741502DC /* SourcesSection.swift */; };
		CC89E3C4C9FC8FCFA49C18E3 /* VersionsView.swift in Sources */ = {isa = PBXBuildFile; fileRef = BEFBC8B14873A0392D956D2F /* VersionsView.swift */; };
		DB8825ACA21E3A43121950B3 /* DashboardView.swift in Sources */ = {isa = PBXBuildFile; fileRef = 0483B82E6CDE9387D3709012 /* DashboardView.swift */; };
		DD01CA11BF4BF45C25C706C5 /* EmailSection.swift in Sources */ = {isa = PBXBuildFile; fileRef = A5891AF55D42479540ED151B /* EmailSection.swift */; };
		DD0E814909A12F268657D2BA /* FileNode.swift in Sources */ = {isa = PBXBuildFile; fileRef = A43BA689161AF82B93E21E11 /* FileNode.swift */; };
		DD5F55F6D884CA024691F250 /* ColorIndicator.swift in Sources */ = {isa = PBXBuildFile; fileRef = DBA45B76E3E59D23B922D860 /* ColorIndicator.swift */; };
		E0126357B2851010FAC78928 /* OnboardingView.swift in Sources */ = {isa = PBXBuildFile; fileRef = C3D6299210FB9ECDE43D0CEB /* OnboardingView.swift */; };
		E94569E6FA08EDA616D3BAD5 /* SidebarView.swift in Sources */ = {isa = PBXBuildFile; fileRef = 72B9B6990C768F509B885738 /* SidebarView.swift */; };
		F1E6236E38A106FEDE8B666A /* MainView.swift in Sources */ = {isa = PBXBuildFile; fileRef = 9FC9F995A8250393B7018353 /* MainView.swift */; };
		FA1B2C3D4E5F6A7B8C9D0E1F /* EmailRow.swift in Sources */ = {isa = PBXBuildFile; fileRef = EA1B2C3D4E5F6A7B8C9D0E1F /* EmailRow.swift */; };
		FA2B3C4D5E6F7A8B9C0D1E2F /* SnapshotRow.swift in Sources */ = {isa = PBXBuildFile; fileRef = EA2B3C4D5E6F7A8B9C0D1E2F /* SnapshotRow.swift */; };
		E10000000000000000000004 /* CommandCenter.swift in Sources */ = {isa = PBXBuildFile; fileRef = D10000000000000000000004 /* CommandCenter.swift */; };
		E10000000000000000000005 /* CommandPaletteView.swift in Sources */ = {isa = PBXBuildFile; fileRef = D10000000000000000000005 /* CommandPaletteView.swift */; };
		E10000000000000000000006 /* HomeView.swift in Sources */ = {isa = PBXBuildFile; fileRef = D10000000000000000000006 /* HomeView.swift */; };
		E10000000000000000000007 /* SessionView.swift in Sources */ = {isa = PBXBuildFile; fileRef = D10000000000000000000007 /* SessionView.swift */; };
		E1000000000000000000000B /* HistoryView.swift in Sources */ = {isa = PBXBuildFile; fileRef = D1000000000000000000000B /* HistoryView.swift */; };
		E1000000000000000000000C /* ManifoldTypes.swift in Sources */ = {isa = PBXBuildFile; fileRef = D1000000000000000000000C /* ManifoldTypes.swift */; };
		E1000000000000000000000D /* DomainPreset.swift in Sources */ = {isa = PBXBuildFile; fileRef = D1000000000000000000000D /* DomainPreset.swift */; };
		E1000000000000000000000E /* PresetPickerView.swift in Sources */ = {isa = PBXBuildFile; fileRef = D1000000000000000000000E /* PresetPickerView.swift */; };
		E10000000000000000000010 /* SourcesView.swift in Sources */ = {isa = PBXBuildFile; fileRef = D10000000000000000000010 /* SourcesView.swift */; };
		E10000000000000000000020 /* SetupModel.swift in Sources */ = {isa = PBXBuildFile; fileRef = D10000000000000000000020 /* SetupModel.swift */; };
		E10000000000000000000021 /* StorageModel.swift in Sources */ = {isa = PBXBuildFile; fileRef = D10000000000000000000021 /* StorageModel.swift */; };
		E10000000000000000000022 /* EmailModel.swift in Sources */ = {isa = PBXBuildFile; fileRef = D10000000000000000000022 /* EmailModel.swift */; };
		E10000000000000000000023 /* HistoryModel.swift in Sources */ = {isa = PBXBuildFile; fileRef = D10000000000000000000023 /* HistoryModel.swift */; };
		E10000000000000000000024 /* SessionModel.swift in Sources */ = {isa = PBXBuildFile; fileRef = D10000000000000000000024 /* SessionModel.swift */; };
/* End PBXBuildFile section */

/* Begin PBXFileReference section */
		0483B82E6CDE9387D3709012 /* DashboardView.swift */ = {isa = PBXFileReference; lastKnownFileType = sourcecode.swift; path = DashboardView.swift; sourceTree = "<group>"; };
		3B55EDAEB83054EF20C6BC36 /* FileTreeView.swift */ = {isa = PBXFileReference; lastKnownFileType = sourcecode.swift; path = FileTreeView.swift; sourceTree = "<group>"; };
		4258FA31C049A293D658A3CE /* AgentBadge.swift */ = {isa = PBXFileReference; lastKnownFileType = sourcecode.swift; path = AgentBadge.swift; sourceTree = "<group>"; };
		460CFB782E1CF189B7E18034 /* ActivityRow.swift */ = {isa = PBXFileReference; lastKnownFileType = sourcecode.swift; path = ActivityRow.swift; sourceTree = "<group>"; };
		4B8A46BFF05C848EC77C2AF5 /* SetupView.swift */ = {isa = PBXFileReference; lastKnownFileType = sourcecode.swift; path = SetupView.swift; sourceTree = "<group>"; };
		564B55046AEBA3B1643FE2FE /* Manifold.app */ = {isa = PBXFileReference; explicitFileType = wrapper.application; includeInIndex = 0; path = Manifold.app; sourceTree = BUILT_PRODUCTS_DIR; };
		72B9B6990C768F509B885738 /* SidebarView.swift */ = {isa = PBXFileReference; lastKnownFileType = sourcecode.swift; path = SidebarView.swift; sourceTree = "<group>"; };
		76613F3C74A0440934F46E63 /* ManifoldApp.swift */ = {isa = PBXFileReference; lastKnownFileType = sourcecode.swift; path = ManifoldApp.swift; sourceTree = "<group>"; };
		7849BEE394C75515741502DC /* SourcesSection.swift */ = {isa = PBXFileReference; lastKnownFileType = sourcecode.swift; path = SourcesSection.swift; sourceTree = "<group>"; };
		82E9A816D1C0EB330E125C1D /* ActivityView.swift */ = {isa = PBXFileReference; lastKnownFileType = sourcecode.swift; path = ActivityView.swift; sourceTree = "<group>"; };
		83794677BF621BEDB36F8287 /* TimeLabel.swift */ = {isa = PBXFileReference; lastKnownFileType = sourcecode.swift; path = TimeLabel.swift; sourceTree = "<group>"; };
		9FC9F995A8250393B7018353 /* MainView.swift */ = {isa = PBXFileReference; lastKnownFileType = sourcecode.swift; path = MainView.swift; sourceTree = "<group>"; };
		A10000000000000000000001 /* AppleMailConnector.swift */ = {isa = PBXFileReference; lastKnownFileType = sourcecode.swift; path = AppleMailConnector.swift; sourceTree = "<group>"; };
		A10000000000000000000002 /* AuditStore.swift */ = {isa = PBXFileReference; lastKnownFileType = sourcecode.swift; path = AuditStore.swift; sourceTree = "<group>"; };
		A10000000000000000000003 /* ConfigWriter.swift */ = {isa = PBXFileReference; lastKnownFileType = sourcecode.swift; path = ConfigWriter.swift; sourceTree = "<group>"; };
		A10000000000000000000004 /* ContentStore.swift */ = {isa = PBXFileReference; lastKnownFileType = sourcecode.swift; path = ContentStore.swift; sourceTree = "<group>"; };
		A10000000000000000000005 /* DatabaseConnection.swift */ = {isa = PBXFileReference; lastKnownFileType = sourcecode.swift; path = DatabaseConnection.swift; sourceTree = "<group>"; };
		A10000000000000000000006 /* DatabaseMigrator.swift */ = {isa = PBXFileReference; lastKnownFileType = sourcecode.swift; path = DatabaseMigrator.swift; sourceTree = "<group>"; };
		A10000000000000000000007 /* DiffEngine.swift */ = {isa = PBXFileReference; lastKnownFileType = sourcecode.swift; path = DiffEngine.swift; sourceTree = "<group>"; };
		A10000000000000000000008 /* EmailFilter.swift */ = {isa = PBXFileReference; lastKnownFileType = sourcecode.swift; path = EmailFilter.swift; sourceTree = "<group>"; };
		A10000000000000000000009 /* Extensions.swift */ = {isa = PBXFileReference; lastKnownFileType = sourcecode.swift; path = Extensions.swift; sourceTree = "<group>"; };
		A1000000000000000000000A /* GrantStore.swift */ = {isa = PBXFileReference; lastKnownFileType = sourcecode.swift; path = GrantStore.swift; sourceTree = "<group>"; };
		A1000000000000000000000B /* GrantTypes.swift */ = {isa = PBXFileReference; lastKnownFileType = sourcecode.swift; path = GrantTypes.swift; sourceTree = "<group>"; };
		A1000000000000000000000C /* ManifoldError.swift */ = {isa = PBXFileReference; lastKnownFileType = sourcecode.swift; path = ManifoldError.swift; sourceTree = "<group>"; };
		A1000000000000000000000D /* ManifoldNotifications.swift */ = {isa = PBXFileReference; lastKnownFileType = sourcecode.swift; path = ManifoldNotifications.swift; sourceTree = "<group>"; };
		A1000000000000000000000E /* MaterializationEngine.swift */ = {isa = PBXFileReference; lastKnownFileType = sourcecode.swift; path = MaterializationEngine.swift; sourceTree = "<group>"; };
		A1000000000000000000000F /* ProfileManager.swift */ = {isa = PBXFileReference; lastKnownFileType = sourcecode.swift; path = ProfileManager.swift; sourceTree = "<group>"; };
		A10000000000000000000010 /* PromoteEngine.swift */ = {isa = PBXFileReference; lastKnownFileType = sourcecode.swift; path = PromoteEngine.swift; sourceTree = "<group>"; };
		A10000000000000000000011 /* SnapshotStore.swift */ = {isa = PBXFileReference; lastKnownFileType = sourcecode.swift; path = SnapshotStore.swift; sourceTree = "<group>"; };
		A10000000000000000000012 /* WorkspaceLeaseManager.swift */ = {isa = PBXFileReference; lastKnownFileType = sourcecode.swift; path = WorkspaceLeaseManager.swift; sourceTree = "<group>"; };
		A43BA689161AF82B93E21E11 /* FileNode.swift */ = {isa = PBXFileReference; lastKnownFileType = sourcecode.swift; path = FileNode.swift; sourceTree = "<group>"; };
		A5891AF55D42479540ED151B /* EmailSection.swift */ = {isa = PBXFileReference; lastKnownFileType = sourcecode.swift; path = EmailSection.swift; sourceTree = "<group>"; };
		ADFE22B107DA01C6DC2C67C7 /* Spacing.swift */ = {isa = PBXFileReference; lastKnownFileType = sourcecode.swift; path = Spacing.swift; sourceTree = "<group>"; };
		B254DE85A21F139AF88969F6 /* StatusBadge.swift */ = {isa = PBXFileReference; lastKnownFileType = sourcecode.swift; path = StatusBadge.swift; sourceTree = "<group>"; };
		B738574D02F4348365D2BFFC /* FilesView.swift */ = {isa = PBXFileReference; lastKnownFileType = sourcecode.swift; path = FilesView.swift; sourceTree = "<group>"; };
		BEFBC8B14873A0392D956D2F /* VersionsView.swift */ = {isa = PBXFileReference; lastKnownFileType = sourcecode.swift; path = VersionsView.swift; sourceTree = "<group>"; };
		C3D6299210FB9ECDE43D0CEB /* OnboardingView.swift */ = {isa = PBXFileReference; lastKnownFileType = sourcecode.swift; path = OnboardingView.swift; sourceTree = "<group>"; };
		C6F86D4A030EC04CB01F8292 /* ConnectionSection.swift */ = {isa = PBXFileReference; lastKnownFileType = sourcecode.swift; path = ConnectionSection.swift; sourceTree = "<group>"; };
		C8AC98022AC1DD6150384EC3 /* RecentActivitySection.swift */ = {isa = PBXFileReference; lastKnownFileType = sourcecode.swift; path = RecentActivitySection.swift; sourceTree = "<group>"; };
		D050CA6EEFB11452C92977C1 /* DiffView.swift */ = {isa = PBXFileReference; lastKnownFileType = sourcecode.swift; path = DiffView.swift; sourceTree = "<group>"; };
		D2C94ECFDA92AE8037195D88 /* EmailView.swift */ = {isa = PBXFileReference; lastKnownFileType = sourcecode.swift; path = EmailView.swift; sourceTree = "<group>"; };
		DBA45B76E3E59D23B922D860 /* ColorIndicator.swift */ = {isa = PBXFileReference; lastKnownFileType = sourcecode.swift; path = ColorIndicator.swift; sourceTree = "<group>"; };
		EA1B2C3D4E5F6A7B8C9D0E1F /* EmailRow.swift */ = {isa = PBXFileReference; lastKnownFileType = sourcecode.swift; path = EmailRow.swift; sourceTree = "<group>"; };
		EA2B3C4D5E6F7A8B9C0D1E2F /* SnapshotRow.swift */ = {isa = PBXFileReference; lastKnownFileType = sourcecode.swift; path = SnapshotRow.swift; sourceTree = "<group>"; };
		F1EABAD0A1EA2475E185D503 /* ManifoldStore.swift */ = {isa = PBXFileReference; lastKnownFileType = sourcecode.swift; path = ManifoldStore.swift; sourceTree = "<group>"; };
		F390D9C39C8B2FD13E621218 /* VersionDetailView.swift */ = {isa = PBXFileReference; lastKnownFileType = sourcecode.swift; path = VersionDetailView.swift; sourceTree = "<group>"; };
		F6E2BE87F3F8D6D82A5C661A /* ActionFormatting.swift */ = {isa = PBXFileReference; lastKnownFileType = sourcecode.swift; path = ActionFormatting.swift; sourceTree = "<group>"; };
		D10000000000000000000004 /* CommandCenter.swift */ = {isa = PBXFileReference; lastKnownFileType = sourcecode.swift; path = CommandCenter.swift; sourceTree = "<group>"; };
		D10000000000000000000005 /* CommandPaletteView.swift */ = {isa = PBXFileReference; lastKnownFileType = sourcecode.swift; path = CommandPaletteView.swift; sourceTree = "<group>"; };
		D10000000000000000000006 /* HomeView.swift */ = {isa = PBXFileReference; lastKnownFileType = sourcecode.swift; path = HomeView.swift; sourceTree = "<group>"; };
		D10000000000000000000007 /* SessionView.swift */ = {isa = PBXFileReference; lastKnownFileType = sourcecode.swift; path = SessionView.swift; sourceTree = "<group>"; };
		D1000000000000000000000B /* HistoryView.swift */ = {isa = PBXFileReference; lastKnownFileType = sourcecode.swift; path = HistoryView.swift; sourceTree = "<group>"; };
		D1000000000000000000000C /* ManifoldTypes.swift */ = {isa = PBXFileReference; lastKnownFileType = sourcecode.swift; path = ManifoldTypes.swift; sourceTree = "<group>"; };
		D1000000000000000000000D /* DomainPreset.swift */ = {isa = PBXFileReference; lastKnownFileType = sourcecode.swift; path = DomainPreset.swift; sourceTree = "<group>"; };
		D1000000000000000000000E /* PresetPickerView.swift */ = {isa = PBXFileReference; lastKnownFileType = sourcecode.swift; path = PresetPickerView.swift; sourceTree = "<group>"; };
		D10000000000000000000010 /* SourcesView.swift */ = {isa = PBXFileReference; lastKnownFileType = sourcecode.swift; path = SourcesView.swift; sourceTree = "<group>"; };
		D10000000000000000000020 /* SetupModel.swift */ = {isa = PBXFileReference; lastKnownFileType = sourcecode.swift; path = SetupModel.swift; sourceTree = "<group>"; };
		D10000000000000000000021 /* StorageModel.swift */ = {isa = PBXFileReference; lastKnownFileType = sourcecode.swift; path = StorageModel.swift; sourceTree = "<group>"; };
		D10000000000000000000022 /* EmailModel.swift */ = {isa = PBXFileReference; lastKnownFileType = sourcecode.swift; path = EmailModel.swift; sourceTree = "<group>"; };
		D10000000000000000000023 /* HistoryModel.swift */ = {isa = PBXFileReference; lastKnownFileType = sourcecode.swift; path = HistoryModel.swift; sourceTree = "<group>"; };
		D10000000000000000000024 /* SessionModel.swift */ = {isa = PBXFileReference; lastKnownFileType = sourcecode.swift; path = SessionModel.swift; sourceTree = "<group>"; };
/* End PBXFileReference section */

/* Begin PBXFrameworksBuildPhase section */
		380E85CDE3445A5CAE94FE21 /* Frameworks */ = {
			isa = PBXFrameworksBuildPhase;
			buildActionMask = 2147483647;
			files = (
			);
			runOnlyForDeploymentPostprocessing = 0;
		};
/* End PBXFrameworksBuildPhase section */

/* Begin PBXGroup section */
		38B4BF091B2E419B65C70EA2 /* Products */ = {
			isa = PBXGroup;
			children = (
				564B55046AEBA3B1643FE2FE /* Manifold.app */,
			);
			name = Products;
			sourceTree = "<group>";
		};
		6B2C0FC6E754ABD88C73F783 = {
			isa = PBXGroup;
			children = (
				A6F4968BF6A0BCAE922FEE85 /* ManifoldApp */,
				C10000000000000000000001 /* ManifoldKit */,
				38B4BF091B2E419B65C70EA2 /* Products */,
			);
			sourceTree = "<group>";
		};
		8318F9009B9A6F86C2A68433 /* Views */ = {
			isa = PBXGroup;
			children = (
				460CFB782E1CF189B7E18034 /* ActivityRow.swift */,
				82E9A816D1C0EB330E125C1D /* ActivityView.swift */,
				EA1B2C3D4E5F6A7B8C9D0E1F /* EmailRow.swift */,
				D10000000000000000000005 /* CommandPaletteView.swift */,
				D2C94ECFDA92AE8037195D88 /* EmailView.swift */,
				B738574D02F4348365D2BFFC /* FilesView.swift */,
				D1000000000000000000000B /* HistoryView.swift */,
				D10000000000000000000006 /* HomeView.swift */,
				9FC9F995A8250393B7018353 /* MainView.swift */,
				C3D6299210FB9ECDE43D0CEB /* OnboardingView.swift */,
				D1000000000000000000000E /* PresetPickerView.swift */,
				D10000000000000000000007 /* SessionView.swift */,
				4B8A46BFF05C848EC77C2AF5 /* SetupView.swift */,
				D10000000000000000000010 /* SourcesView.swift */,
				72B9B6990C768F509B885738 /* SidebarView.swift */,
				CF0D69129BD1DE859E10C604 /* Dashboard */,
				A613F12D37285340CBD46099 /* Versions */,
			);
			path = Views;
			sourceTree = "<group>";
		};
		A613F12D37285340CBD46099 /* Versions */ = {
			isa = PBXGroup;
			children = (
				EA2B3C4D5E6F7A8B9C0D1E2F /* SnapshotRow.swift */,
				F390D9C39C8B2FD13E621218 /* VersionDetailView.swift */,
				BEFBC8B14873A0392D956D2F /* VersionsView.swift */,
			);
			path = Versions;
			sourceTree = "<group>";
		};
		A6F4968BF6A0BCAE922FEE85 /* ManifoldApp */ = {
			isa = PBXGroup;
			children = (
				76613F3C74A0440934F46E63 /* ManifoldApp.swift */,
				F00B9F88805F35215FC8149C /* Components */,
				F2EC59648DA1B62188DA4583 /* Models */,
				8318F9009B9A6F86C2A68433 /* Views */,
			);
			name = ManifoldApp;
			path = ManifoldApp/ManifoldApp;
			sourceTree = "<group>";
		};
		C10000000000000000000001 /* ManifoldKit */ = {
			isa = PBXGroup;
			children = (
				A10000000000000000000001 /* AppleMailConnector.swift */,
				A10000000000000000000002 /* AuditStore.swift */,
				A10000000000000000000003 /* ConfigWriter.swift */,
				A10000000000000000000004 /* ContentStore.swift */,
				A10000000000000000000005 /* DatabaseConnection.swift */,
				A10000000000000000000006 /* DatabaseMigrator.swift */,
				A10000000000000000000007 /* DiffEngine.swift */,
				A10000000000000000000008 /* EmailFilter.swift */,
				A10000000000000000000009 /* Extensions.swift */,
				A1000000000000000000000A /* GrantStore.swift */,
				A1000000000000000000000B /* GrantTypes.swift */,
				A1000000000000000000000C /* ManifoldError.swift */,
				A1000000000000000000000D /* ManifoldNotifications.swift */,
				A1000000000000000000000E /* MaterializationEngine.swift */,
				A1000000000000000000000F /* ProfileManager.swift */,
				A10000000000000000000010 /* PromoteEngine.swift */,
				A10000000000000000000011 /* SnapshotStore.swift */,
				A10000000000000000000012 /* WorkspaceLeaseManager.swift */,
			);
			name = ManifoldKit;
			path = Sources/ManifoldKit;
			sourceTree = "<group>";
		};
		CF0D69129BD1DE859E10C604 /* Dashboard */ = {
			isa = PBXGroup;
			children = (
				C6F86D4A030EC04CB01F8292 /* ConnectionSection.swift */,
				0483B82E6CDE9387D3709012 /* DashboardView.swift */,
				A5891AF55D42479540ED151B /* EmailSection.swift */,
				3B55EDAEB83054EF20C6BC36 /* FileTreeView.swift */,
				C8AC98022AC1DD6150384EC3 /* RecentActivitySection.swift */,
				7849BEE394C75515741502DC /* SourcesSection.swift */,
			);
			path = Dashboard;
			sourceTree = "<group>";
		};
		F00B9F88805F35215FC8149C /* Components */ = {
			isa = PBXGroup;
			children = (
				F6E2BE87F3F8D6D82A5C661A /* ActionFormatting.swift */,
				4258FA31C049A293D658A3CE /* AgentBadge.swift */,
				DBA45B76E3E59D23B922D860 /* ColorIndicator.swift */,
				D050CA6EEFB11452C92977C1 /* DiffView.swift */,
				ADFE22B107DA01C6DC2C67C7 /* Spacing.swift */,
				B254DE85A21F139AF88969F6 /* StatusBadge.swift */,
				83794677BF621BEDB36F8287 /* TimeLabel.swift */,
			);
			path = Components;
			sourceTree = "<group>";
		};
		F2EC59648DA1B62188DA4583 /* Models */ = {
			isa = PBXGroup;
			children = (
				D10000000000000000000004 /* CommandCenter.swift */,
				D1000000000000000000000D /* DomainPreset.swift */,
				D10000000000000000000022 /* EmailModel.swift */,
				A43BA689161AF82B93E21E11 /* FileNode.swift */,
				D10000000000000000000023 /* HistoryModel.swift */,
				F1EABAD0A1EA2475E185D503 /* ManifoldStore.swift */,
				D1000000000000000000000C /* ManifoldTypes.swift */,
				D10000000000000000000024 /* SessionModel.swift */,
				D10000000000000000000020 /* SetupModel.swift */,
				D10000000000000000000021 /* StorageModel.swift */,
			);
			path = Models;
			sourceTree = "<group>";
		};
/* End PBXGroup section */

/* Begin PBXNativeTarget section */
		A6679FE56DC4150E476E48D5 /* Manifold */ = {
			isa = PBXNativeTarget;
			buildConfigurationList = BA66A054E57B521083135D38 /* Build configuration list for PBXNativeTarget "Manifold" */;
			buildPhases = (
				8263F2E00A2E489F2090951C /* Sources */,
				380E85CDE3445A5CAE94FE21 /* Frameworks */,
			);
			buildRules = (
			);
			dependencies = (
			);
			name = Manifold;
			productName = Manifold;
			productReference = 564B55046AEBA3B1643FE2FE /* Manifold.app */;
			productType = "com.apple.product-type.application";
		};
/* End PBXNativeTarget section */

/* Begin PBXProject section */
		410CD3A96BEA1EBB97FBA054 /* Project object */ = {
			isa = PBXProject;
			attributes = {
				BuildIndependentTargetsInParallel = YES;
				LastUpgradeCheck = 2640;
				TargetAttributes = {
					A6679FE56DC4150E476E48D5 = {
						ProvisioningStyle = Automatic;
					};
				};
			};
			buildConfigurationList = 144A63EFAA67611546BCC811 /* Build configuration list for PBXProject "Manifold" */;
			developmentRegion = en;
			hasScannedForEncodings = 0;
			knownRegions = (
				Base,
				en,
			);
			mainGroup = 6B2C0FC6E754ABD88C73F783;
			minimizedProjectReferenceProxies = 1;
			preferredProjectObjectVersion = 77;
			productRefGroup = 38B4BF091B2E419B65C70EA2 /* Products */;
			projectDirPath = "";
			projectRoot = "";
			targets = (
				A6679FE56DC4150E476E48D5 /* Manifold */,
			);
		};
/* End PBXProject section */

/* Begin PBXSourcesBuildPhase section */
		8263F2E00A2E489F2090951C /* Sources */ = {
			isa = PBXSourcesBuildPhase;
			buildActionMask = 2147483647;
			files = (
				95AF5CBC574458C2D1C61AEC /* ActionFormatting.swift in Sources */,
				614FCE773F1241E5128C417B /* ActivityRow.swift in Sources */,
				44285AF252D046288C4E3ECD /* ActivityView.swift in Sources */,
				A88C1FD90DFC98F36CD04618 /* AgentBadge.swift in Sources */,
				B10000000000000000000001 /* AppleMailConnector.swift in Sources */,
				B10000000000000000000002 /* AuditStore.swift in Sources */,
				DD5F55F6D884CA024691F250 /* ColorIndicator.swift in Sources */,
				B10000000000000000000003 /* ConfigWriter.swift in Sources */,
				B05D60784FEA286E3EBF26B4 /* ConnectionSection.swift in Sources */,
				B10000000000000000000004 /* ContentStore.swift in Sources */,
				DB8825ACA21E3A43121950B3 /* DashboardView.swift in Sources */,
				B10000000000000000000005 /* DatabaseConnection.swift in Sources */,
				B10000000000000000000006 /* DatabaseMigrator.swift in Sources */,
				69D9C84177C2F38BE473AB6D /* DiffView.swift in Sources */,
				B10000000000000000000007 /* DiffEngine.swift in Sources */,
				B10000000000000000000008 /* EmailFilter.swift in Sources */,
				FA1B2C3D4E5F6A7B8C9D0E1F /* EmailRow.swift in Sources */,
				DD01CA11BF4BF45C25C706C5 /* EmailSection.swift in Sources */,
				3B4B2E8B5E9825755091AB46 /* EmailView.swift in Sources */,
				B10000000000000000000009 /* Extensions.swift in Sources */,
				DD0E814909A12F268657D2BA /* FileNode.swift in Sources */,
				A6B72DBA85C74956C9AA2BAC /* FileTreeView.swift in Sources */,
				C48242D545D19CB08CF42BE6 /* FilesView.swift in Sources */,
				B1000000000000000000000A /* GrantStore.swift in Sources */,
				B1000000000000000000000B /* GrantTypes.swift in Sources */,
				F1E6236E38A106FEDE8B666A /* MainView.swift in Sources */,
				9D0CFFFEBF16A5ABAE21E35B /* ManifoldApp.swift in Sources */,
				B1000000000000000000000C /* ManifoldError.swift in Sources */,
				B1000000000000000000000D /* ManifoldNotifications.swift in Sources */,
				15DA67171F7D440A1374799B /* ManifoldStore.swift in Sources */,
				B1000000000000000000000E /* MaterializationEngine.swift in Sources */,
				E0126357B2851010FAC78928 /* OnboardingView.swift in Sources */,
				B1000000000000000000000F /* ProfileManager.swift in Sources */,
				B10000000000000000000010 /* PromoteEngine.swift in Sources */,
				0433F6EA3D44F2D01BDFF76B /* RecentActivitySection.swift in Sources */,
				AC3AB7A5BEB5FA34CF954282 /* SetupView.swift in Sources */,
				E94569E6FA08EDA616D3BAD5 /* SidebarView.swift in Sources */,
				FA2B3C4D5E6F7A8B9C0D1E2F /* SnapshotRow.swift in Sources */,
				B10000000000000000000011 /* SnapshotStore.swift in Sources */,
				C9DCF0A71D6A2F3D1CC0AFCF /* SourcesSection.swift in Sources */,
				7CE4BAD9EE7A986871DDC8C5 /* Spacing.swift in Sources */,
				6108614237351F25329A33EA /* StatusBadge.swift in Sources */,
				17F701EEBA3AA625259D7306 /* TimeLabel.swift in Sources */,
				299780E7A90848E928A18544 /* VersionDetailView.swift in Sources */,
				CC89E3C4C9FC8FCFA49C18E3 /* VersionsView.swift in Sources */,
				B10000000000000000000012 /* WorkspaceLeaseManager.swift in Sources */,
				E10000000000000000000004 /* CommandCenter.swift in Sources */,
				E10000000000000000000005 /* CommandPaletteView.swift in Sources */,
				E10000000000000000000006 /* HomeView.swift in Sources */,
				E10000000000000000000007 /* SessionView.swift in Sources */,
				E1000000000000000000000B /* HistoryView.swift in Sources */,
				E1000000000000000000000C /* ManifoldTypes.swift in Sources */,
				E1000000000000000000000D /* DomainPreset.swift in Sources */,
				E1000000000000000000000E /* PresetPickerView.swift in Sources */,
				E10000000000000000000010 /* SourcesView.swift in Sources */,
				E10000000000000000000020 /* SetupModel.swift in Sources */,
				E10000000000000000000021 /* StorageModel.swift in Sources */,
				E10000000000000000000022 /* EmailModel.swift in Sources */,
				E10000000000000000000023 /* HistoryModel.swift in Sources */,
				E10000000000000000000024 /* SessionModel.swift in Sources */,
			);
			runOnlyForDeploymentPostprocessing = 0;
		};
/* End PBXSourcesBuildPhase section */

/* Begin XCBuildConfiguration section */
		4C287460DC10AA3FF563DE63 /* Release */ = {
			isa = XCBuildConfiguration;
			buildSettings = {
				ALWAYS_SEARCH_USER_PATHS = NO;
				CLANG_ANALYZER_NONNULL = YES;
				CLANG_ANALYZER_NUMBER_OBJECT_CONVERSION = YES_AGGRESSIVE;
				CLANG_CXX_LANGUAGE_STANDARD = "gnu++14";
				CLANG_CXX_LIBRARY = "libc++";
				CLANG_ENABLE_MODULES = YES;
				CLANG_ENABLE_OBJC_ARC = YES;
				CLANG_ENABLE_OBJC_WEAK = YES;
				CLANG_WARN_BLOCK_CAPTURE_AUTORELEASING = YES;
				CLANG_WARN_BOOL_CONVERSION = YES;
				CLANG_WARN_COMMA = YES;
				CLANG_WARN_CONSTANT_CONVERSION = YES;
				CLANG_WARN_DEPRECATED_OBJC_IMPLEMENTATIONS = YES;
				CLANG_WARN_DIRECT_OBJC_ISA_USAGE = YES_ERROR;
				CLANG_WARN_DOCUMENTATION_COMMENTS = YES;
				CLANG_WARN_EMPTY_BODY = YES;
				CLANG_WARN_ENUM_CONVERSION = YES;
				CLANG_WARN_INFINITE_RECURSION = YES;
				CLANG_WARN_INT_CONVERSION = YES;
				CLANG_WARN_NON_LITERAL_NULL_CONVERSION = YES;
				CLANG_WARN_OBJC_IMPLICIT_RETAIN_SELF = YES;
				CLANG_WARN_OBJC_LITERAL_CONVERSION = YES;
				CLANG_WARN_OBJC_ROOT_CLASS = YES_ERROR;
				CLANG_WARN_QUOTED_INCLUDE_IN_FRAMEWORK_HEADER = YES;
				CLANG_WARN_RANGE_LOOP_ANALYSIS = YES;
				CLANG_WARN_STRICT_PROTOTYPES = YES;
				CLANG_WARN_SUSPICIOUS_MOVE = YES;
				CLANG_WARN_UNGUARDED_AVAILABILITY = YES_AGGRESSIVE;
				CLANG_WARN_UNREACHABLE_CODE = YES;
				CLANG_WARN__DUPLICATE_METHOD_MATCH = YES;
				COPY_PHASE_STRIP = NO;
				DEBUG_INFORMATION_FORMAT = "dwarf-with-dsym";
				ENABLE_NS_ASSERTIONS = NO;
				ENABLE_STRICT_OBJC_MSGSEND = YES;
				GCC_C_LANGUAGE_STANDARD = gnu11;
				GCC_NO_COMMON_BLOCKS = YES;
				GCC_WARN_64_TO_32_BIT_CONVERSION = YES;
				GCC_WARN_ABOUT_RETURN_TYPE = YES_ERROR;
				GCC_WARN_UNDECLARED_SELECTOR = YES;
				GCC_WARN_UNINITIALIZED_AUTOS = YES_AGGRESSIVE;
				GCC_WARN_UNUSED_FUNCTION = YES;
				GCC_WARN_UNUSED_VARIABLE = YES;
				MACOSX_DEPLOYMENT_TARGET = 26.0;
				MTL_ENABLE_DEBUG_INFO = NO;
				MTL_FAST_MATH = YES;
				PRODUCT_NAME = "$(TARGET_NAME)";
				SDKROOT = macosx;
				SWIFT_COMPILATION_MODE = wholemodule;
				SWIFT_OPTIMIZATION_LEVEL = "-O";
				SWIFT_VERSION = 5.0;
			};
			name = Release;
		};
		5D394182223B3858A31EDF7B /* Debug */ = {
			isa = XCBuildConfiguration;
			buildSettings = {
				ALWAYS_SEARCH_USER_PATHS = NO;
				CLANG_ANALYZER_NONNULL = YES;
				CLANG_ANALYZER_NUMBER_OBJECT_CONVERSION = YES_AGGRESSIVE;
				CLANG_CXX_LANGUAGE_STANDARD = "gnu++14";
				CLANG_CXX_LIBRARY = "libc++";
				CLANG_ENABLE_MODULES = YES;
				CLANG_ENABLE_OBJC_ARC = YES;
				CLANG_ENABLE_OBJC_WEAK = YES;
				CLANG_WARN_BLOCK_CAPTURE_AUTORELEASING = YES;
				CLANG_WARN_BOOL_CONVERSION = YES;
				CLANG_WARN_COMMA = YES;
				CLANG_WARN_CONSTANT_CONVERSION = YES;
				CLANG_WARN_DEPRECATED_OBJC_IMPLEMENTATIONS = YES;
				CLANG_WARN_DIRECT_OBJC_ISA_USAGE = YES_ERROR;
				CLANG_WARN_DOCUMENTATION_COMMENTS = YES;
				CLANG_WARN_EMPTY_BODY = YES;
				CLANG_WARN_ENUM_CONVERSION = YES;
				CLANG_WARN_INFINITE_RECURSION = YES;
				CLANG_WARN_INT_CONVERSION = YES;
				CLANG_WARN_NON_LITERAL_NULL_CONVERSION = YES;
				CLANG_WARN_OBJC_IMPLICIT_RETAIN_SELF = YES;
				CLANG_WARN_OBJC_LITERAL_CONVERSION = YES;
				CLANG_WARN_OBJC_ROOT_CLASS = YES_ERROR;
				CLANG_WARN_QUOTED_INCLUDE_IN_FRAMEWORK_HEADER = YES;
				CLANG_WARN_RANGE_LOOP_ANALYSIS = YES;
				CLANG_WARN_STRICT_PROTOTYPES = YES;
				CLANG_WARN_SUSPICIOUS_MOVE = YES;
				CLANG_WARN_UNGUARDED_AVAILABILITY = YES_AGGRESSIVE;
				CLANG_WARN_UNREACHABLE_CODE = YES;
				CLANG_WARN__DUPLICATE_METHOD_MATCH = YES;
				COPY_PHASE_STRIP = NO;
				DEBUG_INFORMATION_FORMAT = dwarf;
				ENABLE_STRICT_OBJC_MSGSEND = YES;
				ENABLE_TESTABILITY = YES;
				GCC_C_LANGUAGE_STANDARD = gnu11;
				GCC_DYNAMIC_NO_PIC = NO;
				GCC_NO_COMMON_BLOCKS = YES;
				GCC_OPTIMIZATION_LEVEL = 0;
				GCC_PREPROCESSOR_DEFINITIONS = (
					"$(inherited)",
					"DEBUG=1",
				);
				GCC_WARN_64_TO_32_BIT_CONVERSION = YES;
				GCC_WARN_ABOUT_RETURN_TYPE = YES_ERROR;
				GCC_WARN_UNDECLARED_SELECTOR = YES;
				GCC_WARN_UNINITIALIZED_AUTOS = YES_AGGRESSIVE;
				GCC_WARN_UNUSED_FUNCTION = YES;
				GCC_WARN_UNUSED_VARIABLE = YES;
				MACOSX_DEPLOYMENT_TARGET = 26.0;
				MTL_ENABLE_DEBUG_INFO = INCLUDE_SOURCE;
				MTL_FAST_MATH = YES;
				ONLY_ACTIVE_ARCH = YES;
				PRODUCT_NAME = "$(TARGET_NAME)";
				SDKROOT = macosx;
				SWIFT_ACTIVE_COMPILATION_CONDITIONS = DEBUG;
				SWIFT_OPTIMIZATION_LEVEL = "-Onone";
				SWIFT_VERSION = 5.0;
			};
			name = Debug;
		};
		67148C50DFB08F7892ED7479 /* Debug */ = {
			isa = XCBuildConfiguration;
			buildSettings = {
				ASSETCATALOG_COMPILER_APPICON_NAME = AppIcon;
				CODE_SIGN_STYLE = Automatic;
				COMBINE_HIDPI_IMAGES = YES;
				CURRENT_PROJECT_VERSION = 1;
				ENABLE_DEBUG_DYLIB = YES;
				GENERATE_INFOPLIST_FILE = YES;
				INFOPLIST_KEY_LSApplicationCategoryType = "public.app-category.utilities";
				INFOPLIST_KEY_NSHumanReadableCopyright = "Copyright 2026 Spatial Duality. All rights reserved.";
				LD_RUNPATH_SEARCH_PATHS = (
					"$(inherited)",
					"@executable_path/../Frameworks",
				);
				MARKETING_VERSION = 0.3.0;
				PRODUCT_BUNDLE_IDENTIFIER = com.spatialduality.manifold;
				PRODUCT_NAME = Manifold;
				SDKROOT = macosx;
				SWIFT_STRICT_CONCURRENCY = complete;
				SWIFT_VERSION = 6.0;
			};
			name = Debug;
		};
		A14C6E46C7A7D06E0DC68CCD /* Release */ = {
			isa = XCBuildConfiguration;
			buildSettings = {
				ASSETCATALOG_COMPILER_APPICON_NAME = AppIcon;
				CODE_SIGN_STYLE = Automatic;
				COMBINE_HIDPI_IMAGES = YES;
				CURRENT_PROJECT_VERSION = 1;
				ENABLE_DEBUG_DYLIB = YES;
				GENERATE_INFOPLIST_FILE = YES;
				INFOPLIST_KEY_LSApplicationCategoryType = "public.app-category.utilities";
				INFOPLIST_KEY_NSHumanReadableCopyright = "Copyright 2026 Spatial Duality. All rights reserved.";
				LD_RUNPATH_SEARCH_PATHS = (
					"$(inherited)",
					"@executable_path/../Frameworks",
				);
				MARKETING_VERSION = 0.3.0;
				PRODUCT_BUNDLE_IDENTIFIER = com.spatialduality.manifold;
				PRODUCT_NAME = Manifold;
				SDKROOT = macosx;
				SWIFT_STRICT_CONCURRENCY = complete;
				SWIFT_VERSION = 6.0;
			};
			name = Release;
		};
/* End XCBuildConfiguration section */

/* Begin XCConfigurationList section */
		144A63EFAA67611546BCC811 /* Build configuration list for PBXProject "Manifold" */ = {
			isa = XCConfigurationList;
			buildConfigurations = (
				5D394182223B3858A31EDF7B /* Debug */,
				4C287460DC10AA3FF563DE63 /* Release */,
			);
			defaultConfigurationIsVisible = 0;
			defaultConfigurationName = Debug;
		};
		BA66A054E57B521083135D38 /* Build configuration list for PBXNativeTarget "Manifold" */ = {
			isa = XCConfigurationList;
			buildConfigurations = (
				67148C50DFB08F7892ED7479 /* Debug */,
				A14C6E46C7A7D06E0DC68CCD /* Release */,
			);
			defaultConfigurationIsVisible = 0;
			defaultConfigurationName = Debug;
		};
/* End XCConfigurationList section */
	};
	rootObject = 410CD3A96BEA1EBB97FBA054 /* Project object */;
}
